// !$*UTF8*$!
{
	archiveVersion = 1;
	classes = {
	};
	objectVersion = 54;
	objects = {

/* Begin PBXBuildFile section */
		019EC7B02E1646B8AC174A74 /* Inter_18pt-Black.ttf in Resources */ = {isa = PBXBuildFile; fileRef = F9861DE70C944FEDABD0D1ED /* Inter_18pt-Black.ttf */; };
		02320CCD0EA84E5AB698ADEB /* Inter_28pt-MediumItalic.ttf in Resources */ = {isa = PBXBuildFile; fileRef = 30A8B4500EA74AADBECBFB37 /* Inter_28pt-MediumItalic.ttf */; };
		0F2EBC7B3EAF4FA19B3B4F26 /* Inter_18pt-Regular.ttf in Resources */ = {isa = PBXBuildFile; fileRef = AA2A83E3D9514D4BB56205D8 /* Inter_18pt-Regular.ttf */; };
		124A7FCBEDBE47D8A6E6DE39 /* Inter_28pt-Italic.ttf in Resources */ = {isa = PBXBuildFile; fileRef = F924F4CC6C3B40A0AB5EB503 /* Inter_28pt-Italic.ttf */; };
		13B07FBF1A68108700A75B9A /* Images.xcassets in Resources */ = {isa = PBXBuildFile; fileRef = 13B07FB51A68108700A75B9A /* Images.xcassets */; };
		13B07FC01A68108700A75B9A /* GoogleService-Info.plist in Resources */ = {isa = PBXBuildFile; fileRef = 13B07FBA1A68108700A75B9A /* GoogleService-Info.plist */; };
		159FC6AD88F443B0A141CAC5 /* Inter_18pt-Bold.ttf in Resources */ = {isa = PBXBuildFile; fileRef = 3B4C8856F2254A5EBB7391C1 /* Inter_18pt-Bold.ttf */; };
		1758F53D2DAF448B8B60AFA6 /* Inter_18pt-BlackItalic.ttf in Resources */ = {isa = PBXBuildFile; fileRef = 0CA4A8AF3BD14C94A67E8080 /* Inter_18pt-BlackItalic.ttf */; };
		1F0F1662AFCE44B19CBEFCD6 /* Inter_18pt-Thin.ttf in Resources */ = {isa = PBXBuildFile; fileRef = 9A3957FB4D3D4CF0ACD44D9F /* Inter_18pt-Thin.ttf */; };
		246AC8FDE5764EEBB858EEED /* Inter_18pt-Italic.ttf in Resources */ = {isa = PBXBuildFile; fileRef = 6017E972684A40499B19D41C /* Inter_18pt-Italic.ttf */; };
		246F516824F94BA4A0EAECE7 /* Inter_28pt-ExtraBoldItalic.ttf in Resources */ = {isa = PBXBuildFile; fileRef = 47195098E8414CA59DC8D053 /* Inter_28pt-ExtraBoldItalic.ttf */; };
		2C511D390CA14CC79DEC3929 /* Inter_24pt-Thin.ttf in Resources */ = {isa = PBXBuildFile; fileRef = 088FD467FD3E45FA90A4C99C /* Inter_24pt-Thin.ttf */; };
		324FB38B3EB04A3B8E3AB236 /* Inter_24pt-SemiBoldItalic.ttf in Resources */ = {isa = PBXBuildFile; fileRef = 8232A0B45B494929BB469655 /* Inter_24pt-SemiBoldItalic.ttf */; };
		3259F9A570D8466DBC6CA9E4 /* Inter_28pt-Regular.ttf in Resources */ = {isa = PBXBuildFile; fileRef = 821F050255DB4439B8580ABC /* Inter_28pt-Regular.ttf */; };
		349958BAB75A4190985A0777 /* Inter_28pt-Thin.ttf in Resources */ = {isa = PBXBuildFile; fileRef = D6D78BBA0BA74FAB9477EB41 /* Inter_28pt-Thin.ttf */; };
		47C39EEED5E4425A914BC197 /* Inter_24pt-LightItalic.ttf in Resources */ = {isa = PBXBuildFile; fileRef = C101B56E32CC444B8915CFD2 /* Inter_24pt-LightItalic.ttf */; };
		4BE52E8D3A364D1087FD9889 /* Inter_28pt-ThinItalic.ttf in Resources */ = {isa = PBXBuildFile; fileRef = 611E4FDDC21845CE8D29F57A /* Inter_28pt-ThinItalic.ttf */; };
		4C69C6B9CF3F4A4598279C37 /* Inter_24pt-ThinItalic.ttf in Resources */ = {isa = PBXBuildFile; fileRef = 65A4DF7825C848FCB278BB72 /* Inter_24pt-ThinItalic.ttf */; };
		4E53C77EAC3647ECAC570F65 /* Colors.xcassets in Resources */ = {isa = PBXBuildFile; fileRef = E49BE9F5394F44F8B1EE26C7 /* Colors.xcassets */; };
		4F0B667BC68A43D8AD49FD91 /* Inter_24pt-Bold.ttf in Resources */ = {isa = PBXBuildFile; fileRef = 689AB066ED214728A591953C /* Inter_24pt-Bold.ttf */; };
		5F700389BEFB4DF5A23D7C97 /* Inter_28pt-Medium.ttf in Resources */ = {isa = PBXBuildFile; fileRef = 5F21197341DE4DB8A92A5CED /* Inter_28pt-Medium.ttf */; };
		5FEF967BF9C24F259A70B7B5 /* Inter_18pt-ExtraLightItalic.ttf in Resources */ = {isa = PBXBuildFile; fileRef = F9946238C0E3478881A07B18 /* Inter_18pt-ExtraLightItalic.ttf */; };
		608DC31177744B0F96BE6648 /* Inter_28pt-ExtraBold.ttf in Resources */ = {isa = PBXBuildFile; fileRef = 43BB06CC757D4B8382BABDBD /* Inter_28pt-ExtraBold.ttf */; };
		68EE4C5FC267491F8755170C /* Inter_18pt-SemiBold.ttf in Resources */ = {isa = PBXBuildFile; fileRef = 6DC8454F135743F9875B839C /* Inter_18pt-SemiBold.ttf */; };
		6D8A922A0615491E93853AC6 /* Inter_24pt-Medium.ttf in Resources */ = {isa = PBXBuildFile; fileRef = 07D97185CAA6476890EF3FED /* Inter_24pt-Medium.ttf */; };
		71FB3F4F7FF14D55AE9843BB /* Inter_28pt-BoldItalic.ttf in Resources */ = {isa = PBXBuildFile; fileRef = 2B72C451FA774DF98BAD49AC /* Inter_28pt-BoldItalic.ttf */; };
		74FBBE8FDF9E436590E5233A /* Inter_18pt-ExtraBoldItalic.ttf in Resources */ = {isa = PBXBuildFile; fileRef = 7AC6EBC8915D476D907E92D2 /* Inter_18pt-ExtraBoldItalic.ttf */; };
		761780ED2CA45674006654EE /* AppDelegate.swift in Sources */ = {isa = PBXBuildFile; fileRef = 761780EC2CA45674006654EE /* AppDelegate.swift */; };
		781F1C59BE2D4892B9AAF3A4 /* Inter_24pt-BlackItalic.ttf in Resources */ = {isa = PBXBuildFile; fileRef = CEF7F8CC30F540D38A4BA955 /* Inter_24pt-BlackItalic.ttf */; };
		7D63FB5C61AC4615A4CD0396 /* Inter_24pt-Light.ttf in Resources */ = {isa = PBXBuildFile; fileRef = 9F1F70C7EB144D24B8095CFC /* Inter_24pt-Light.ttf */; };
		80C2784E43C74A039BE41E45 /* Inter_28pt-ExtraLightItalic.ttf in Resources */ = {isa = PBXBuildFile; fileRef = 81855D4DE2DE414FB48A1FEF /* Inter_28pt-ExtraLightItalic.ttf */; };
		8116FC8BDF5540599779B8D3 /* Inter_18pt-ExtraLight.ttf in Resources */ = {isa = PBXBuildFile; fileRef = E185A7B694A34013B0BD6C4C /* Inter_18pt-ExtraLight.ttf */; };
		81AB9BB82411601600AC10FF /* LaunchScreen.storyboard in Resources */ = {isa = PBXBuildFile; fileRef = 81AB9BB72411601600AC10FF /* LaunchScreen.storyboard */; };
		85B0B51B5C0D4BD0973761CD /* Inter_24pt-ExtraBold.ttf in Resources */ = {isa = PBXBuildFile; fileRef = D26C598C02CA4EDFB5D230E9 /* Inter_24pt-ExtraBold.ttf */; };
		8787E3115275406DA1984D09 /* Inter_28pt-ExtraLight.ttf in Resources */ = {isa = PBXBuildFile; fileRef = 17F9D04EB58E4D9FB245605F /* Inter_28pt-ExtraLight.ttf */; };
		8AC13F4D978740E9ADE3255B /* Inter_18pt-LightItalic.ttf in Resources */ = {isa = PBXBuildFile; fileRef = 9E7E7D90DB84445C8259E9E2 /* Inter_18pt-LightItalic.ttf */; };
		8D0BCD8C412E471E80AC6430 /* Inter_28pt-SemiBoldItalic.ttf in Resources */ = {isa = PBXBuildFile; fileRef = 0A0C62A1D00E4E1FACB5ED31 /* Inter_28pt-SemiBoldItalic.ttf */; };
		8D3CE1BAE12C87FD46EC07D1 /* PrivacyInfo.xcprivacy in Resources */ = {isa = PBXBuildFile; fileRef = 13B07FB81A68108700A75B9A /* PrivacyInfo.xcprivacy */; };
		8DC9A1A6B02A423CB83BC0B4 /* Inter_18pt-MediumItalic.ttf in Resources */ = {isa = PBXBuildFile; fileRef = AD489A44B64A4E4FAFC00C36 /* Inter_18pt-MediumItalic.ttf */; };
		954094456AE7489483C9F6F4 /* Inter_18pt-Light.ttf in Resources */ = {isa = PBXBuildFile; fileRef = 32A666619C5E4488B27C666E /* Inter_18pt-Light.ttf */; };
		9739B744CFC3426BA28566D9 /* Inter_28pt-LightItalic.ttf in Resources */ = {isa = PBXBuildFile; fileRef = EC0EFD63FB99497780E9DEFE /* Inter_28pt-LightItalic.ttf */; };
		97DCF48F19BE4B0EB7DD72E5 /* Inter_24pt-Italic.ttf in Resources */ = {isa = PBXBuildFile; fileRef = 959CF0FD174D45F78D5C1FAC /* Inter_24pt-Italic.ttf */; };
		A1D9C8E41B2F4C7D9E011A01 /* RNBootSplashBridge.mm in Sources */ = {isa = PBXBuildFile; fileRef = A1D9C8E41B2F4C7D9E011A03 /* RNBootSplashBridge.mm */; };
		A7483AE20CB74784A0FCE0D5 /* Inter_28pt-Light.ttf in Resources */ = {isa = PBXBuildFile; fileRef = 259E775EE55947ACB3A8D587 /* Inter_28pt-Light.ttf */; };
		AAA07EDFBD5641FD82DC6DE4 /* Inter_24pt-ExtraLight.ttf in Resources */ = {isa = PBXBuildFile; fileRef = 4F1993A9A0924739A4837D9C /* Inter_24pt-ExtraLight.ttf */; };
		AAC5245A078D4BC58728B817 /* Inter_24pt-BoldItalic.ttf in Resources */ = {isa = PBXBuildFile; fileRef = 96A94DA9C6394F5787AC3F76 /* Inter_24pt-BoldItalic.ttf */; };
		BF49E841FFA6497ABB6A8FD6 /* Inter_24pt-ExtraBoldItalic.ttf in Resources */ = {isa = PBXBuildFile; fileRef = 658F109FCBB34271B6F56DD8 /* Inter_24pt-ExtraBoldItalic.ttf */; };
		C3E05FCD1924441887F839C7 /* Sunlight Dreams 2.otf in Resources */ = {isa = PBXBuildFile; fileRef = F39125C31A8D4BAC952D2748 /* Sunlight Dreams 2.otf */; };
		C64DDFC8753942E797C399FE /* Inter_18pt-Medium.ttf in Resources */ = {isa = PBXBuildFile; fileRef = 66F569A9D676415B9E39BF2A /* Inter_18pt-Medium.ttf */; };
		C8700315D58744A39CF59486 /* Inter_18pt-ExtraBold.ttf in Resources */ = {isa = PBXBuildFile; fileRef = 39B1F198C82342B9A4E7C0C2 /* Inter_18pt-ExtraBold.ttf */; };
		C9CB6CCE268A43658BD2136F /* Inter_24pt-MediumItalic.ttf in Resources */ = {isa = PBXBuildFile; fileRef = 32473F60743B40C7BADE9DD1 /* Inter_24pt-MediumItalic.ttf */; };
		CE8010731AD1426C85FE8D47 /* Inter_18pt-ThinItalic.ttf in Resources */ = {isa = PBXBuildFile; fileRef = B7AFD929726D450C944317C0 /* Inter_18pt-ThinItalic.ttf */; };
		D1B0153AFB8A4FA6B7943AFD /* Inter_24pt-Regular.ttf in Resources */ = {isa = PBXBuildFile; fileRef = 04A33A1265304A66988A0BDE /* Inter_24pt-Regular.ttf */; };
		D4CABE408A470EBA7F90C0A4 /* Pods_Cosmiq.framework in Frameworks */ = {isa = PBXBuildFile; fileRef = 85FA9A00DE068B756CADE492 /* Pods_Cosmiq.framework */; };
		D9134D2BFA804C12B4B747C3 /* Sunlight Dreams.otf in Resources */ = {isa = PBXBuildFile; fileRef = 38B333D4CF4F419F9A8AB2A1 /* Sunlight Dreams.otf */; };
		E4D70AEE78DB47039B8E2EE1 /* Inter_24pt-Black.ttf in Resources */ = {isa = PBXBuildFile; fileRef = 02E256CE590646CDA2714504 /* Inter_24pt-Black.ttf */; };
		E99E159576DE435297E5E718 /* Inter_28pt-Bold.ttf in Resources */ = {isa = PBXBuildFile; fileRef = 21356216820E40C7B65038D3 /* Inter_28pt-Bold.ttf */; };
		ED7232DA4B604EBC81A53899 /* Inter_28pt-Black.ttf in Resources */ = {isa = PBXBuildFile; fileRef = 736DEC3246CF4D6CBCA18ECE /* Inter_28pt-Black.ttf */; };
		EE7853ACD07346A69AE664DE /* Inter_28pt-SemiBold.ttf in Resources */ = {isa = PBXBuildFile; fileRef = 25F6ECAA841444039A58C3E2 /* Inter_28pt-SemiBold.ttf */; };
		F718D4AFDF984645B8D8525B /* BootSplash.storyboard in Resources */ = {isa = PBXBuildFile; fileRef = 6C0D26CD3D0943EFB7ECD4E8 /* BootSplash.storyboard */; };
		F71ECB6972DA4B45ADEEB060 /* Inter_24pt-ExtraLightItalic.ttf in Resources */ = {isa = PBXBuildFile; fileRef = A62C167E9281474B88C32666 /* Inter_24pt-ExtraLightItalic.ttf */; };
		F87EBB3B84B241BBB3C19C62 /* Inter_28pt-BlackItalic.ttf in Resources */ = {isa = PBXBuildFile; fileRef = 322BB01E9B0A4F3C8613B4D7 /* Inter_28pt-BlackItalic.ttf */; };
		F8AC9290226F4D8F9D7D2A65 /* Inter_18pt-SemiBoldItalic.ttf in Resources */ = {isa = PBXBuildFile; fileRef = 3A98CE0B8C314C56A71C12C3 /* Inter_18pt-SemiBoldItalic.ttf */; };
		F9B27DD07C2245888C82E63D /* Inter_24pt-SemiBold.ttf in Resources */ = {isa = PBXBuildFile; fileRef = BF98B30B372B4B80B0176A20 /* Inter_24pt-SemiBold.ttf */; };
		FFB01EFF01484529BE73CF11 /* Inter_18pt-BoldItalic.ttf in Resources */ = {isa = PBXBuildFile; fileRef = 93138B80C9164EDCB8C5CF0F /* Inter_18pt-BoldItalic.ttf */; };
/* End PBXBuildFile section */

/* Begin PBXFileReference section */
		02E256CE590646CDA2714504 /* Inter_24pt-Black.ttf */ = {isa = PBXFileReference; explicitFileType = undefined; fileEncoding = 9; includeInIndex = 0; lastKnownFileType = unknown; name = "Inter_24pt-Black.ttf"; path = "../src/assets/fonts/inter/Inter_24pt-Black.ttf"; sourceTree = "<group>"; };
		04A33A1265304A66988A0BDE /* Inter_24pt-Regular.ttf */ = {isa = PBXFileReference; explicitFileType = undefined; fileEncoding = 9; includeInIndex = 0; lastKnownFileType = unknown; name = "Inter_24pt-Regular.ttf"; path = "../src/assets/fonts/inter/Inter_24pt-Regular.ttf"; sourceTree = "<group>"; };
		07D97185CAA6476890EF3FED /* Inter_24pt-Medium.ttf */ = {isa = PBXFileReference; explicitFileType = undefined; fileEncoding = 9; includeInIndex = 0; lastKnownFileType = unknown; name = "Inter_24pt-Medium.ttf"; path = "../src/assets/fonts/inter/Inter_24pt-Medium.ttf"; sourceTree = "<group>"; };
		088FD467FD3E45FA90A4C99C /* Inter_24pt-Thin.ttf */ = {isa = PBXFileReference; explicitFileType = undefined; fileEncoding = 9; includeInIndex = 0; lastKnownFileType = unknown; name = "Inter_24pt-Thin.ttf"; path = "../src/assets/fonts/inter/Inter_24pt-Thin.ttf"; sourceTree = "<group>"; };
		0A0C62A1D00E4E1FACB5ED31 /* Inter_28pt-SemiBoldItalic.ttf */ = {isa = PBXFileReference; explicitFileType = undefined; fileEncoding = 9; includeInIndex = 0; lastKnownFileType = unknown; name = "Inter_28pt-SemiBoldItalic.ttf"; path = "../src/assets/fonts/inter/Inter_28pt-SemiBoldItalic.ttf"; sourceTree = "<group>"; };
		0AADD64CC0C4E8DA36F8DBB9 /* Pods-Cosmiq.debug.xcconfig */ = {isa = PBXFileReference; includeInIndex = 1; lastKnownFileType = text.xcconfig; name = "Pods-Cosmiq.debug.xcconfig"; path = "Target Support Files/Pods-Cosmiq/Pods-Cosmiq.debug.xcconfig"; sourceTree = "<group>"; };
		0CA4A8AF3BD14C94A67E8080 /* Inter_18pt-BlackItalic.ttf */ = {isa = PBXFileReference; explicitFileType = undefined; fileEncoding = 9; includeInIndex = 0; lastKnownFileType = unknown; name = "Inter_18pt-BlackItalic.ttf"; path = "../src/assets/fonts/inter/Inter_18pt-BlackItalic.ttf"; sourceTree = "<group>"; };
		13B07F961A680F5B00A75B9A /* Cosmiq.app */ = {isa = PBXFileReference; explicitFileType = wrapper.application; includeInIndex = 0; path = Cosmiq.app; sourceTree = BUILT_PRODUCTS_DIR; };
		13B07FB51A68108700A75B9A /* Images.xcassets */ = {isa = PBXFileReference; lastKnownFileType = folder.assetcatalog; name = Images.xcassets; path = Cosmiq/Images.xcassets; sourceTree = "<group>"; };
		13B07FB61A68108700A75B9A /* Info.plist */ = {isa = PBXFileReference; fileEncoding = 4; lastKnownFileType = text.plist.xml; name = Info.plist; path = Cosmiq/Info.plist; sourceTree = "<group>"; };
		13B07FB81A68108700A75B9A /* PrivacyInfo.xcprivacy */ = {isa = PBXFileReference; fileEncoding = 4; lastKnownFileType = text.plist.xml; name = PrivacyInfo.xcprivacy; path = Cosmiq/PrivacyInfo.xcprivacy; sourceTree = "<group>"; };
		13B07FBA1A68108700A75B9A /* GoogleService-Info.plist */ = {isa = PBXFileReference; fileEncoding = 4; lastKnownFileType = text.plist.xml; name = "GoogleService-Info.plist"; path = "Cosmiq/GoogleService-Info.plist"; sourceTree = "<group>"; };
		17F9D04EB58E4D9FB245605F /* Inter_28pt-ExtraLight.ttf */ = {isa = PBXFileReference; explicitFileType = undefined; fileEncoding = 9; includeInIndex = 0; lastKnownFileType = unknown; name = "Inter_28pt-ExtraLight.ttf"; path = "../src/assets/fonts/inter/Inter_28pt-ExtraLight.ttf"; sourceTree = "<group>"; };
		21356216820E40C7B65038D3 /* Inter_28pt-Bold.ttf */ = {isa = PBXFileReference; explicitFileType = undefined; fileEncoding = 9; includeInIndex = 0; lastKnownFileType = unknown; name = "Inter_28pt-Bold.ttf"; path = "../src/assets/fonts/inter/Inter_28pt-Bold.ttf"; sourceTree = "<group>"; };
		259E775EE55947ACB3A8D587 /* Inter_28pt-Light.ttf */ = {isa = PBXFileReference; explicitFileType = undefined; fileEncoding = 9; includeInIndex = 0; lastKnownFileType = unknown; name = "Inter_28pt-Light.ttf"; path = "../src/assets/fonts/inter/Inter_28pt-Light.ttf"; sourceTree = "<group>"; };
		25F6ECAA841444039A58C3E2 /* Inter_28pt-SemiBold.ttf */ = {isa = PBXFileReference; explicitFileType = undefined; fileEncoding = 9; includeInIndex = 0; lastKnownFileType = unknown; name = "Inter_28pt-SemiBold.ttf"; path = "../src/assets/fonts/inter/Inter_28pt-SemiBold.ttf"; sourceTree = "<group>"; };
		2B72C451FA774DF98BAD49AC /* Inter_28pt-BoldItalic.ttf */ = {isa = PBXFileReference; explicitFileType = undefined; fileEncoding = 9; includeInIndex = 0; lastKnownFileType = unknown; name = "Inter_28pt-BoldItalic.ttf"; path = "../src/assets/fonts/inter/Inter_28pt-BoldItalic.ttf"; sourceTree = "<group>"; };
		30A8B4500EA74AADBECBFB37 /* Inter_28pt-MediumItalic.ttf */ = {isa = PBXFileReference; explicitFileType = undefined; fileEncoding = 9; includeInIndex = 0; lastKnownFileType = unknown; name = "Inter_28pt-MediumItalic.ttf"; path = "../src/assets/fonts/inter/Inter_28pt-MediumItalic.ttf"; sourceTree = "<group>"; };
		322BB01E9B0A4F3C8613B4D7 /* Inter_28pt-BlackItalic.ttf */ = {isa = PBXFileReference; explicitFileType = undefined; fileEncoding = 9; includeInIndex = 0; lastKnownFileType = unknown; name = "Inter_28pt-BlackItalic.ttf"; path = "../src/assets/fonts/inter/Inter_28pt-BlackItalic.ttf"; sourceTree = "<group>"; };
		32473F60743B40C7BADE9DD1 /* Inter_24pt-MediumItalic.ttf */ = {isa = PBXFileReference; explicitFileType = undefined; fileEncoding = 9; includeInIndex = 0; lastKnownFileType = unknown; name = "Inter_24pt-MediumItalic.ttf"; path = "../src/assets/fonts/inter/Inter_24pt-MediumItalic.ttf"; sourceTree = "<group>"; };
		32A666619C5E4488B27C666E /* Inter_18pt-Light.ttf */ = {isa = PBXFileReference; explicitFileType = undefined; fileEncoding = 9; includeInIndex = 0; lastKnownFileType = unknown; name = "Inter_18pt-Light.ttf"; path = "../src/assets/fonts/inter/Inter_18pt-Light.ttf"; sourceTree = "<group>"; };
		38B333D4CF4F419F9A8AB2A1 /* Sunlight Dreams.otf */ = {isa = PBXFileReference; explicitFileType = undefined; fileEncoding = 9; includeInIndex = 0; lastKnownFileType = unknown; name = "Sunlight Dreams.otf"; path = "../src/assets/fonts/Sunlight Dreams.otf"; sourceTree = "<group>"; };
		39B1F198C82342B9A4E7C0C2 /* Inter_18pt-ExtraBold.ttf */ = {isa = PBXFileReference; explicitFileType = undefined; fileEncoding = 9; includeInIndex = 0; lastKnownFileType = unknown; name = "Inter_18pt-ExtraBold.ttf"; path = "../src/assets/fonts/inter/Inter_18pt-ExtraBold.ttf"; sourceTree = "<group>"; };
		3A98CE0B8C314C56A71C12C3 /* Inter_18pt-SemiBoldItalic.ttf */ = {isa = PBXFileReference; explicitFileType = undefined; fileEncoding = 9; includeInIndex = 0; lastKnownFileType = unknown; name = "Inter_18pt-SemiBoldItalic.ttf"; path = "../src/assets/fonts/inter/Inter_18pt-SemiBoldItalic.ttf"; sourceTree = "<group>"; };
		3B4C8856F2254A5EBB7391C1 /* Inter_18pt-Bold.ttf */ = {isa = PBXFileReference; explicitFileType = undefined; fileEncoding = 9; includeInIndex = 0; lastKnownFileType = unknown; name = "Inter_18pt-Bold.ttf"; path = "../src/assets/fonts/inter/Inter_18pt-Bold.ttf"; sourceTree = "<group>"; };
		43BB06CC757D4B8382BABDBD /* Inter_28pt-ExtraBold.ttf */ = {isa = PBXFileReference; explicitFileType = undefined; fileEncoding = 9; includeInIndex = 0; lastKnownFileType = unknown; name = "Inter_28pt-ExtraBold.ttf"; path = "../src/assets/fonts/inter/Inter_28pt-ExtraBold.ttf"; sourceTree = "<group>"; };
		47195098E8414CA59DC8D053 /* Inter_28pt-ExtraBoldItalic.ttf */ = {isa = PBXFileReference; explicitFileType = undefined; fileEncoding = 9; includeInIndex = 0; lastKnownFileType = unknown; name = "Inter_28pt-ExtraBoldItalic.ttf"; path = "../src/assets/fonts/inter/Inter_28pt-ExtraBoldItalic.ttf"; sourceTree = "<group>"; };
		4F1993A9A0924739A4837D9C /* Inter_24pt-ExtraLight.ttf */ = {isa = PBXFileReference; explicitFileType = undefined; fileEncoding = 9; includeInIndex = 0; lastKnownFileType = unknown; name = "Inter_24pt-ExtraLight.ttf"; path = "../src/assets/fonts/inter/Inter_24pt-ExtraLight.ttf"; sourceTree = "<group>"; };
		5F21197341DE4DB8A92A5CED /* Inter_28pt-Medium.ttf */ = {isa = PBXFileReference; explicitFileType = undefined; fileEncoding = 9; includeInIndex = 0; lastKnownFileType = unknown; name = "Inter_28pt-Medium.ttf"; path = "../src/assets/fonts/inter/Inter_28pt-Medium.ttf"; sourceTree = "<group>"; };
		6017E972684A40499B19D41C /* Inter_18pt-Italic.ttf */ = {isa = PBXFileReference; explicitFileType = undefined; fileEncoding = 9; includeInIndex = 0; lastKnownFileType = unknown; name = "Inter_18pt-Italic.ttf"; path = "../src/assets/fonts/inter/Inter_18pt-Italic.ttf"; sourceTree = "<group>"; };
		611E4FDDC21845CE8D29F57A /* Inter_28pt-ThinItalic.ttf */ = {isa = PBXFileReference; explicitFileType = undefined; fileEncoding = 9; includeInIndex = 0; lastKnownFileType = unknown; name = "Inter_28pt-ThinItalic.ttf"; path = "../src/assets/fonts/inter/Inter_28pt-ThinItalic.ttf"; sourceTree = "<group>"; };
		658F109FCBB34271B6F56DD8 /* Inter_24pt-ExtraBoldItalic.ttf */ = {isa = PBXFileReference; explicitFileType = undefined; fileEncoding = 9; includeInIndex = 0; lastKnownFileType = unknown; name = "Inter_24pt-ExtraBoldItalic.ttf"; path = "../src/assets/fonts/inter/Inter_24pt-ExtraBoldItalic.ttf"; sourceTree = "<group>"; };
		65A4DF7825C848FCB278BB72 /* Inter_24pt-ThinItalic.ttf */ = {isa = PBXFileReference; explicitFileType = undefined; fileEncoding = 9; includeInIndex = 0; lastKnownFileType = unknown; name = "Inter_24pt-ThinItalic.ttf"; path = "../src/assets/fonts/inter/Inter_24pt-ThinItalic.ttf"; sourceTree = "<group>"; };
		66F569A9D676415B9E39BF2A /* Inter_18pt-Medium.ttf */ = {isa = PBXFileReference; explicitFileType = undefined; fileEncoding = 9; includeInIndex = 0; lastKnownFileType = unknown; name = "Inter_18pt-Medium.ttf"; path = "../src/assets/fonts/inter/Inter_18pt-Medium.ttf"; sourceTree = "<group>"; };
		689AB066ED214728A591953C /* Inter_24pt-Bold.ttf */ = {isa = PBXFileReference; explicitFileType = undefined; fileEncoding = 9; includeInIndex = 0; lastKnownFileType = unknown; name = "Inter_24pt-Bold.ttf"; path = "../src/assets/fonts/inter/Inter_24pt-Bold.ttf"; sourceTree = "<group>"; };
		6C0D26CD3D0943EFB7ECD4E8 /* BootSplash.storyboard */ = {isa = PBXFileReference; explicitFileType = undefined; fileEncoding = 9; includeInIndex = 0; lastKnownFileType = unknown; name = BootSplash.storyboard; path = Cosmiq/BootSplash.storyboard; sourceTree = "<group>"; };
		6DC8454F135743F9875B839C /* Inter_18pt-SemiBold.ttf */ = {isa = PBXFileReference; explicitFileType = undefined; fileEncoding = 9; includeInIndex = 0; lastKnownFileType = unknown; name = "Inter_18pt-SemiBold.ttf"; path = "../src/assets/fonts/inter/Inter_18pt-SemiBold.ttf"; sourceTree = "<group>"; };
		736DEC3246CF4D6CBCA18ECE /* Inter_28pt-Black.ttf */ = {isa = PBXFileReference; explicitFileType = undefined; fileEncoding = 9; includeInIndex = 0; lastKnownFileType = unknown; name = "Inter_28pt-Black.ttf"; path = "../src/assets/fonts/inter/Inter_28pt-Black.ttf"; sourceTree = "<group>"; };
		761780EC2CA45674006654EE /* AppDelegate.swift */ = {isa = PBXFileReference; lastKnownFileType = sourcecode.swift; name = AppDelegate.swift; path = Cosmiq/AppDelegate.swift; sourceTree = "<group>"; };
		7AC6EBC8915D476D907E92D2 /* Inter_18pt-ExtraBoldItalic.ttf */ = {isa = PBXFileReference; explicitFileType = undefined; fileEncoding = 9; includeInIndex = 0; lastKnownFileType = unknown; name = "Inter_18pt-ExtraBoldItalic.ttf"; path = "../src/assets/fonts/inter/Inter_18pt-ExtraBoldItalic.ttf"; sourceTree = "<group>"; };
		81855D4DE2DE414FB48A1FEF /* Inter_28pt-ExtraLightItalic.ttf */ = {isa = PBXFileReference; explicitFileType = undefined; fileEncoding = 9; includeInIndex = 0; lastKnownFileType = unknown; name = "Inter_28pt-ExtraLightItalic.ttf"; path = "../src/assets/fonts/inter/Inter_28pt-ExtraLightItalic.ttf"; sourceTree = "<group>"; };
		81AB9BB72411601600AC10FF /* LaunchScreen.storyboard */ = {isa = PBXFileReference; fileEncoding = 4; lastKnownFileType = file.storyboard; name = LaunchScreen.storyboard; path = Cosmiq/LaunchScreen.storyboard; sourceTree = "<group>"; };
		821F050255DB4439B8580ABC /* Inter_28pt-Regular.ttf */ = {isa = PBXFileReference; explicitFileType = undefined; fileEncoding = 9; includeInIndex = 0; lastKnownFileType = unknown; name = "Inter_28pt-Regular.ttf"; path = "../src/assets/fonts/inter/Inter_28pt-Regular.ttf"; sourceTree = "<group>"; };
		8232A0B45B494929BB469655 /* Inter_24pt-SemiBoldItalic.ttf */ = {isa = PBXFileReference; explicitFileType = undefined; fileEncoding = 9; includeInIndex = 0; lastKnownFileType = unknown; name = "Inter_24pt-SemiBoldItalic.ttf"; path = "../src/assets/fonts/inter/Inter_24pt-SemiBoldItalic.ttf"; sourceTree = "<group>"; };
		85FA9A00DE068B756CADE492 /* Pods_Cosmiq.framework */ = {isa = PBXFileReference; explicitFileType = wrapper.framework; includeInIndex = 0; path = Pods_Cosmiq.framework; sourceTree = BUILT_PRODUCTS_DIR; };
		865999FD6A3D398DAF8436CB /* Pods-Cosmiq.release.xcconfig */ = {isa = PBXFileReference; includeInIndex = 1; lastKnownFileType = text.xcconfig; name = "Pods-Cosmiq.release.xcconfig"; path = "Target Support Files/Pods-Cosmiq/Pods-Cosmiq.release.xcconfig"; sourceTree = "<group>"; };
		93138B80C9164EDCB8C5CF0F /* Inter_18pt-BoldItalic.ttf */ = {isa = PBXFileReference; explicitFileType = undefined; fileEncoding = 9; includeInIndex = 0; lastKnownFileType = unknown; name = "Inter_18pt-BoldItalic.ttf"; path = "../src/assets/fonts/inter/Inter_18pt-BoldItalic.ttf"; sourceTree = "<group>"; };
		959CF0FD174D45F78D5C1FAC /* Inter_24pt-Italic.ttf */ = {isa = PBXFileReference; explicitFileType = undefined; fileEncoding = 9; includeInIndex = 0; lastKnownFileType = unknown; name = "Inter_24pt-Italic.ttf"; path = "../src/assets/fonts/inter/Inter_24pt-Italic.ttf"; sourceTree = "<group>"; };
		96A94DA9C6394F5787AC3F76 /* Inter_24pt-BoldItalic.ttf */ = {isa = PBXFileReference; explicitFileType = undefined; fileEncoding = 9; includeInIndex = 0; lastKnownFileType = unknown; name = "Inter_24pt-BoldItalic.ttf"; path = "../src/assets/fonts/inter/Inter_24pt-BoldItalic.ttf"; sourceTree = "<group>"; };
		9A3957FB4D3D4CF0ACD44D9F /* Inter_18pt-Thin.ttf */ = {isa = PBXFileReference; explicitFileType = undefined; fileEncoding = 9; includeInIndex = 0; lastKnownFileType = unknown; name = "Inter_18pt-Thin.ttf"; path = "../src/assets/fonts/inter/Inter_18pt-Thin.ttf"; sourceTree = "<group>"; };
		9AF22A602FA3408800046745 /* Cosmiq.entitlements */ = {isa = PBXFileReference; lastKnownFileType = text.plist.entitlements; name = Cosmiq.entitlements; path = Cosmiq/Cosmiq.entitlements; sourceTree = "<group>"; };
		9E7E7D90DB84445C8259E9E2 /* Inter_18pt-LightItalic.ttf */ = {isa = PBXFileReference; explicitFileType = undefined; fileEncoding = 9; includeInIndex = 0; lastKnownFileType = unknown; name = "Inter_18pt-LightItalic.ttf"; path = "../src/assets/fonts/inter/Inter_18pt-LightItalic.ttf"; sourceTree = "<group>"; };
		9F1F70C7EB144D24B8095CFC /* Inter_24pt-Light.ttf */ = {isa = PBXFileReference; explicitFileType = undefined; fileEncoding = 9; includeInIndex = 0; lastKnownFileType = unknown; name = "Inter_24pt-Light.ttf"; path = "../src/assets/fonts/inter/Inter_24pt-Light.ttf"; sourceTree = "<group>"; };
		A1D9C8E41B2F4C7D9E011A02 /* RNBootSplashBridge.h */ = {isa = PBXFileReference; lastKnownFileType = sourcecode.c.h; name = RNBootSplashBridge.h; path = Cosmiq/RNBootSplashBridge.h; sourceTree = "<group>"; };
		A1D9C8E41B2F4C7D9E011A03 /* RNBootSplashBridge.mm */ = {isa = PBXFileReference; lastKnownFileType = sourcecode.cpp.objcpp; name = RNBootSplashBridge.mm; path = Cosmiq/RNBootSplashBridge.mm; sourceTree = "<group>"; };
		A1D9C8E41B2F4C7D9E011A04 /* Cosmiq-Bridging-Header.h */ = {isa = PBXFileReference; lastKnownFileType = sourcecode.c.h; name = "Cosmiq-Bridging-Header.h"; path = "Cosmiq/Cosmiq-Bridging-Header.h"; sourceTree = "<group>"; };
		A62C167E9281474B88C32666 /* Inter_24pt-ExtraLightItalic.ttf */ = {isa = PBXFileReference; explicitFileType = undefined; fileEncoding = 9; includeInIndex = 0; lastKnownFileType = unknown; name = "Inter_24pt-ExtraLightItalic.ttf"; path = "../src/assets/fonts/inter/Inter_24pt-ExtraLightItalic.ttf"; sourceTree = "<group>"; };
		AA2A83E3D9514D4BB56205D8 /* Inter_18pt-Regular.ttf */ = {isa = PBXFileReference; explicitFileType = undefined; fileEncoding = 9; includeInIndex = 0; lastKnownFileType = unknown; name = "Inter_18pt-Regular.ttf"; path = "../src/assets/fonts/inter/Inter_18pt-Regular.ttf"; sourceTree = "<group>"; };
		AD489A44B64A4E4FAFC00C36 /* Inter_18pt-MediumItalic.ttf */ = {isa = PBXFileReference; explicitFileType = undefined; fileEncoding = 9; includeInIndex = 0; lastKnownFileType = unknown; name = "Inter_18pt-MediumItalic.ttf"; path = "../src/assets/fonts/inter/Inter_18pt-MediumItalic.ttf"; sourceTree = "<group>"; };
		B7AFD929726D450C944317C0 /* Inter_18pt-ThinItalic.ttf */ = {isa = PBXFileReference; explicitFileType = undefined; fileEncoding = 9; includeInIndex = 0; lastKnownFileType = unknown; name = "Inter_18pt-ThinItalic.ttf"; path = "../src/assets/fonts/inter/Inter_18pt-ThinItalic.ttf"; sourceTree = "<group>"; };
		BF98B30B372B4B80B0176A20 /* Inter_24pt-SemiBold.ttf */ = {isa = PBXFileReference; explicitFileType = undefined; fileEncoding = 9; includeInIndex = 0; lastKnownFileType = unknown; name = "Inter_24pt-SemiBold.ttf"; path = "../src/assets/fonts/inter/Inter_24pt-SemiBold.ttf"; sourceTree = "<group>"; };
		C101B56E32CC444B8915CFD2 /* Inter_24pt-LightItalic.ttf */ = {isa = PBXFileReference; explicitFileType = undefined; fileEncoding = 9; includeInIndex = 0; lastKnownFileType = unknown; name = "Inter_24pt-LightItalic.ttf"; path = "../src/assets/fonts/inter/Inter_24pt-LightItalic.ttf"; sourceTree = "<group>"; };
		CEF7F8CC30F540D38A4BA955 /* Inter_24pt-BlackItalic.ttf */ = {isa = PBXFileReference; explicitFileType = undefined; fileEncoding = 9; includeInIndex = 0; lastKnownFileType = unknown; name = "Inter_24pt-BlackItalic.ttf"; path = "../src/assets/fonts/inter/Inter_24pt-BlackItalic.ttf"; sourceTree = "<group>"; };
		D26C598C02CA4EDFB5D230E9 /* Inter_24pt-ExtraBold.ttf */ = {isa = PBXFileReference; explicitFileType = undefined; fileEncoding = 9; includeInIndex = 0; lastKnownFileType = unknown; name = "Inter_24pt-ExtraBold.ttf"; path = "../src/assets/fonts/inter/Inter_24pt-ExtraBold.ttf"; sourceTree = "<group>"; };
		D6D78BBA0BA74FAB9477EB41 /* Inter_28pt-Thin.ttf */ = {isa = PBXFileReference; explicitFileType = undefined; fileEncoding = 9; includeInIndex = 0; lastKnownFileType = unknown; name = "Inter_28pt-Thin.ttf"; path = "../src/assets/fonts/inter/Inter_28pt-Thin.ttf"; sourceTree = "<group>"; };
		E185A7B694A34013B0BD6C4C /* Inter_18pt-ExtraLight.ttf */ = {isa = PBXFileReference; explicitFileType = undefined; fileEncoding = 9; includeInIndex = 0; lastKnownFileType = unknown; name = "Inter_18pt-ExtraLight.ttf"; path = "../src/assets/fonts/inter/Inter_18pt-ExtraLight.ttf"; sourceTree = "<group>"; };
		E49BE9F5394F44F8B1EE26C7 /* Colors.xcassets */ = {isa = PBXFileReference; explicitFileType = undefined; fileEncoding = 9; includeInIndex = 0; lastKnownFileType = folder.assetcatalog; name = Colors.xcassets; path = Cosmiq/Colors.xcassets; sourceTree = "<group>"; };
		EC0EFD63FB99497780E9DEFE /* Inter_28pt-LightItalic.ttf */ = {isa = PBXFileReference; explicitFileType = undefined; fileEncoding = 9; includeInIndex = 0; lastKnownFileType = unknown; name = "Inter_28pt-LightItalic.ttf"; path = "../src/assets/fonts/inter/Inter_28pt-LightItalic.ttf"; sourceTree = "<group>"; };
		ED297162215061F000B7C4FE /* JavaScriptCore.framework */ = {isa = PBXFileReference; lastKnownFileType = wrapper.framework; name = JavaScriptCore.framework; path = System/Library/Frameworks/JavaScriptCore.framework; sourceTree = SDKROOT; };
		F39125C31A8D4BAC952D2748 /* Sunlight Dreams 2.otf */ = {isa = PBXFileReference; explicitFileType = undefined; fileEncoding = 9; includeInIndex = 0; lastKnownFileType = unknown; name = "Sunlight Dreams 2.otf"; path = "../src/assets/fonts/Sunlight Dreams 2.otf"; sourceTree = "<group>"; };
		F924F4CC6C3B40A0AB5EB503 /* Inter_28pt-Italic.ttf */ = {isa = PBXFileReference; explicitFileType = undefined; fileEncoding = 9; includeInIndex = 0; lastKnownFileType = unknown; name = "Inter_28pt-Italic.ttf"; path = "../src/assets/fonts/inter/Inter_28pt-Italic.ttf"; sourceTree = "<group>"; };
		F9861DE70C944FEDABD0D1ED /* Inter_18pt-Black.ttf */ = {isa = PBXFileReference; explicitFileType = undefined; fileEncoding = 9; includeInIndex = 0; lastKnownFileType = unknown; name = "Inter_18pt-Black.ttf"; path = "../src/assets/fonts/inter/Inter_18pt-Black.ttf"; sourceTree = "<group>"; };
		F9946238C0E3478881A07B18 /* Inter_18pt-ExtraLightItalic.ttf */ = {isa = PBXFileReference; explicitFileType = undefined; fileEncoding = 9; includeInIndex = 0; lastKnownFileType = unknown; name = "Inter_18pt-ExtraLightItalic.ttf"; path = "../src/assets/fonts/inter/Inter_18pt-ExtraLightItalic.ttf"; sourceTree = "<group>"; };
/* End PBXFileReference section */

/* Begin PBXFrameworksBuildPhase section */
		13B07F8C1A680F5B00A75B9A /* Frameworks */ = {
			isa = PBXFrameworksBuildPhase;
			buildActionMask = 2147483647;
			files = (
				D4CABE408A470EBA7F90C0A4 /* Pods_Cosmiq.framework in Frameworks */,
			);
			runOnlyForDeploymentPostprocessing = 0;
		};
/* End PBXFrameworksBuildPhase section */

/* Begin PBXGroup section */
		13B07FAE1A68108700A75B9A /* Cosmiq */ = {
			isa = PBXGroup;
			children = (
				9AF22A602FA3408800046745 /* Cosmiq.entitlements */,
				13B07FB51A68108700A75B9A /* Images.xcassets */,
				761780EC2CA45674006654EE /* AppDelegate.swift */,
				A1D9C8E41B2F4C7D9E011A02 /* RNBootSplashBridge.h */,
				A1D9C8E41B2F4C7D9E011A03 /* RNBootSplashBridge.mm */,
				A1D9C8E41B2F4C7D9E011A04 /* Cosmiq-Bridging-Header.h */,
				13B07FB61A68108700A75B9A /* Info.plist */,
				13B07FBA1A68108700A75B9A /* GoogleService-Info.plist */,
				81AB9BB72411601600AC10FF /* LaunchScreen.storyboard */,
				13B07FB81A68108700A75B9A /* PrivacyInfo.xcprivacy */,
				6C0D26CD3D0943EFB7ECD4E8 /* BootSplash.storyboard */,
				E49BE9F5394F44F8B1EE26C7 /* Colors.xcassets */,
			);
			name = Cosmiq;
			sourceTree = "<group>";
		};
		2D16E6871FA4F8E400B85C8A /* Frameworks */ = {
			isa = PBXGroup;
			children = (
				ED297162215061F000B7C4FE /* JavaScriptCore.framework */,
				85FA9A00DE068B756CADE492 /* Pods_Cosmiq.framework */,
			);
			name = Frameworks;
			sourceTree = "<group>";
		};
		31A4E309DCDA49EB9842818C /* Resources */ = {
			isa = PBXGroup;
			children = (
				F39125C31A8D4BAC952D2748 /* Sunlight Dreams 2.otf */,
				38B333D4CF4F419F9A8AB2A1 /* Sunlight Dreams.otf */,
				EC0EFD63FB99497780E9DEFE /* Inter_28pt-LightItalic.ttf */,
				7AC6EBC8915D476D907E92D2 /* Inter_18pt-ExtraBoldItalic.ttf */,
				07D97185CAA6476890EF3FED /* Inter_24pt-Medium.ttf */,
				81855D4DE2DE414FB48A1FEF /* Inter_28pt-ExtraLightItalic.ttf */,
				21356216820E40C7B65038D3 /* Inter_28pt-Bold.ttf */,
				17F9D04EB58E4D9FB245605F /* Inter_28pt-ExtraLight.ttf */,
				D6D78BBA0BA74FAB9477EB41 /* Inter_28pt-Thin.ttf */,
				611E4FDDC21845CE8D29F57A /* Inter_28pt-ThinItalic.ttf */,
				D26C598C02CA4EDFB5D230E9 /* Inter_24pt-ExtraBold.ttf */,
				BF98B30B372B4B80B0176A20 /* Inter_24pt-SemiBold.ttf */,
				2B72C451FA774DF98BAD49AC /* Inter_28pt-BoldItalic.ttf */,
				04A33A1265304A66988A0BDE /* Inter_24pt-Regular.ttf */,
				47195098E8414CA59DC8D053 /* Inter_28pt-ExtraBoldItalic.ttf */,
				9E7E7D90DB84445C8259E9E2 /* Inter_18pt-LightItalic.ttf */,
				E185A7B694A34013B0BD6C4C /* Inter_18pt-ExtraLight.ttf */,
				B7AFD929726D450C944317C0 /* Inter_18pt-ThinItalic.ttf */,
				39B1F198C82342B9A4E7C0C2 /* Inter_18pt-ExtraBold.ttf */,
				93138B80C9164EDCB8C5CF0F /* Inter_18pt-BoldItalic.ttf */,
				259E775EE55947ACB3A8D587 /* Inter_28pt-Light.ttf */,
				9A3957FB4D3D4CF0ACD44D9F /* Inter_18pt-Thin.ttf */,
				5F21197341DE4DB8A92A5CED /* Inter_28pt-Medium.ttf */,
				0CA4A8AF3BD14C94A67E8080 /* Inter_18pt-BlackItalic.ttf */,
				322BB01E9B0A4F3C8613B4D7 /* Inter_28pt-BlackItalic.ttf */,
				3B4C8856F2254A5EBB7391C1 /* Inter_18pt-Bold.ttf */,
				F9946238C0E3478881A07B18 /* Inter_18pt-ExtraLightItalic.ttf */,
				66F569A9D676415B9E39BF2A /* Inter_18pt-Medium.ttf */,
				A62C167E9281474B88C32666 /* Inter_24pt-ExtraLightItalic.ttf */,
				F9861DE70C944FEDABD0D1ED /* Inter_18pt-Black.ttf */,
				9F1F70C7EB144D24B8095CFC /* Inter_24pt-Light.ttf */,
				0A0C62A1D00E4E1FACB5ED31 /* Inter_28pt-SemiBoldItalic.ttf */,
				658F109FCBB34271B6F56DD8 /* Inter_24pt-ExtraBoldItalic.ttf */,
				32473F60743B40C7BADE9DD1 /* Inter_24pt-MediumItalic.ttf */,
				25F6ECAA841444039A58C3E2 /* Inter_28pt-SemiBold.ttf */,
				AD489A44B64A4E4FAFC00C36 /* Inter_18pt-MediumItalic.ttf */,
				CEF7F8CC30F540D38A4BA955 /* Inter_24pt-BlackItalic.ttf */,
				F924F4CC6C3B40A0AB5EB503 /* Inter_28pt-Italic.ttf */,
				088FD467FD3E45FA90A4C99C /* Inter_24pt-Thin.ttf */,
				8232A0B45B494929BB469655 /* Inter_24pt-SemiBoldItalic.ttf */,
				02E256CE590646CDA2714504 /* Inter_24pt-Black.ttf */,
				32A666619C5E4488B27C666E /* Inter_18pt-Light.ttf */,
				821F050255DB4439B8580ABC /* Inter_28pt-Regular.ttf */,
				30A8B4500EA74AADBECBFB37 /* Inter_28pt-MediumItalic.ttf */,
				43BB06CC757D4B8382BABDBD /* Inter_28pt-ExtraBold.ttf */,
				689AB066ED214728A591953C /* Inter_24pt-Bold.ttf */,
				6017E972684A40499B19D41C /* Inter_18pt-Italic.ttf */,
				736DEC3246CF4D6CBCA18ECE /* Inter_28pt-Black.ttf */,
				3A98CE0B8C314C56A71C12C3 /* Inter_18pt-SemiBoldItalic.ttf */,
				96A94DA9C6394F5787AC3F76 /* Inter_24pt-BoldItalic.ttf */,
				6DC8454F135743F9875B839C /* Inter_18pt-SemiBold.ttf */,
				65A4DF7825C848FCB278BB72 /* Inter_24pt-ThinItalic.ttf */,
				AA2A83E3D9514D4BB56205D8 /* Inter_18pt-Regular.ttf */,
				4F1993A9A0924739A4837D9C /* Inter_24pt-ExtraLight.ttf */,
				959CF0FD174D45F78D5C1FAC /* Inter_24pt-Italic.ttf */,
				C101B56E32CC444B8915CFD2 /* Inter_24pt-LightItalic.ttf */,
			);
			name = Resources;
			sourceTree = "<group>";
		};
		832341AE1AAA6A7D00B99B32 /* Libraries */ = {
			isa = PBXGroup;
			children = (
			);
			name = Libraries;
			sourceTree = "<group>";
		};
		83CBB9F61A601CBA00E9B192 = {
			isa = PBXGroup;
			children = (
				13B07FAE1A68108700A75B9A /* Cosmiq */,
				832341AE1AAA6A7D00B99B32 /* Libraries */,
				83CBBA001A601CBA00E9B192 /* Products */,
				2D16E6871FA4F8E400B85C8A /* Frameworks */,
				BBD78D7AC51CEA395F1C20DB /* Pods */,
				31A4E309DCDA49EB9842818C /* Resources */,
			);
			indentWidth = 2;
			sourceTree = "<group>";
			tabWidth = 2;
			usesTabs = 0;
		};
		83CBBA001A601CBA00E9B192 /* Products */ = {
			isa = PBXGroup;
			children = (
				13B07F961A680F5B00A75B9A /* Cosmiq.app */,
			);
			name = Products;
			sourceTree = "<group>";
		};
		BBD78D7AC51CEA395F1C20DB /* Pods */ = {
			isa = PBXGroup;
			children = (
				0AADD64CC0C4E8DA36F8DBB9 /* Pods-Cosmiq.debug.xcconfig */,
				865999FD6A3D398DAF8436CB /* Pods-Cosmiq.release.xcconfig */,
			);
			path = Pods;
			sourceTree = "<group>";
		};
/* End PBXGroup section */

/* Begin PBXNativeTarget section */
		13B07F861A680F5B00A75B9A /* Cosmiq */ = {
			isa = PBXNativeTarget;
			buildConfigurationList = 13B07F931A680F5B00A75B9A /* Build configuration list for PBXNativeTarget "Cosmiq" */;
			buildPhases = (
				CF58004257FD3A9ED539DD79 /* [CP] Check Pods Manifest.lock */,
				13B07F871A680F5B00A75B9A /* Sources */,
				13B07F8C1A680F5B00A75B9A /* Frameworks */,
				13B07F8E1A680F5B00A75B9A /* Resources */,
				00DD1BFF1BD5951E006B06BC /* Bundle React Native code and images */,
				56C4D42C30EA0A9E5602A4C9 /* [CP] Embed Pods Frameworks */,
				DC3A3009B9259C78A4A65D90 /* [CP] Copy Pods Resources */,
				E65ED1561F9C6AE8F614E6DA /* [CP-User] [RNFB] Core Configuration */,
				8C0F852C10BEC2A7966386B5 /* [CP-User] [RNFB] Crashlytics Configuration */,
			);
			buildRules = (
			);
			dependencies = (
			);
			name = Cosmiq;
			productName = Cosmiq;
			productReference = 13B07F961A680F5B00A75B9A /* Cosmiq.app */;
			productType = "com.apple.product-type.application";
		};
/* End PBXNativeTarget section */

/* Begin PBXProject section */
		83CBB9F71A601CBA00E9B192 /* Project object */ = {
			isa = PBXProject;
			attributes = {
				LastUpgradeCheck = 1210;
				TargetAttributes = {
					13B07F861A680F5B00A75B9A = {
						LastSwiftMigration = 1120;
					};
				};
			};
			buildConfigurationList = 83CBB9FA1A601CBA00E9B192 /* Build configuration list for PBXProject "Cosmiq" */;
			compatibilityVersion = "Xcode 12.0";
			developmentRegion = en;
			hasScannedForEncodings = 0;
			knownRegions = (
				en,
				Base,
			);
			mainGroup = 83CBB9F61A601CBA00E9B192;
			productRefGroup = 83CBBA001A601CBA00E9B192 /* Products */;
			projectDirPath = "";
			projectRoot = "";
			targets = (
				13B07F861A680F5B00A75B9A /* Cosmiq */,
			);
		};
/* End PBXProject section */

/* Begin PBXResourcesBuildPhase section */
		13B07F8E1A680F5B00A75B9A /* Resources */ = {
			isa = PBXResourcesBuildPhase;
			buildActionMask = 2147483647;
			files = (
				81AB9BB82411601600AC10FF /* LaunchScreen.storyboard in Resources */,
				13B07FBF1A68108700A75B9A /* Images.xcassets in Resources */,
				13B07FC01A68108700A75B9A /* GoogleService-Info.plist in Resources */,
				8D3CE1BAE12C87FD46EC07D1 /* PrivacyInfo.xcprivacy in Resources */,
				F718D4AFDF984645B8D8525B /* BootSplash.storyboard in Resources */,
				4E53C77EAC3647ECAC570F65 /* Colors.xcassets in Resources */,
				C3E05FCD1924441887F839C7 /* Sunlight Dreams 2.otf in Resources */,
				D9134D2BFA804C12B4B747C3 /* Sunlight Dreams.otf in Resources */,
				9739B744CFC3426BA28566D9 /* Inter_28pt-LightItalic.ttf in Resources */,
				74FBBE8FDF9E436590E5233A /* Inter_18pt-ExtraBoldItalic.ttf in Resources */,
				6D8A922A0615491E93853AC6 /* Inter_24pt-Medium.ttf in Resources */,
				80C2784E43C74A039BE41E45 /* Inter_28pt-ExtraLightItalic.ttf in Resources */,
				E99E159576DE435297E5E718 /* Inter_28pt-Bold.ttf in Resources */,
				8787E3115275406DA1984D09 /* Inter_28pt-ExtraLight.ttf in Resources */,
				349958BAB75A4190985A0777 /* Inter_28pt-Thin.ttf in Resources */,
				4BE52E8D3A364D1087FD9889 /* Inter_28pt-ThinItalic.ttf in Resources */,
				85B0B51B5C0D4BD0973761CD /* Inter_24pt-ExtraBold.ttf in Resources */,
				F9B27DD07C2245888C82E63D /* Inter_24pt-SemiBold.ttf in Resources */,
				71FB3F4F7FF14D55AE9843BB /* Inter_28pt-BoldItalic.ttf in Resources */,
				D1B0153AFB8A4FA6B7943AFD /* Inter_24pt-Regular.ttf in Resources */,
				246F516824F94BA4A0EAECE7 /* Inter_28pt-ExtraBoldItalic.ttf in Resources */,
				8AC13F4D978740E9ADE3255B /* Inter_18pt-LightItalic.ttf in Resources */,
				8116FC8BDF5540599779B8D3 /* Inter_18pt-ExtraLight.ttf in Resources */,
				CE8010731AD1426C85FE8D47 /* Inter_18pt-ThinItalic.ttf in Resources */,
				C8700315D58744A39CF59486 /* Inter_18pt-ExtraBold.ttf in Resources */,
				FFB01EFF01484529BE73CF11 /* Inter_18pt-BoldItalic.ttf in Resources */,
				A7483AE20CB74784A0FCE0D5 /* Inter_28pt-Light.ttf in Resources */,
				1F0F1662AFCE44B19CBEFCD6 /* Inter_18pt-Thin.ttf in Resources */,
				5F700389BEFB4DF5A23D7C97 /* Inter_28pt-Medium.ttf in Resources */,
				1758F53D2DAF448B8B60AFA6 /* Inter_18pt-BlackItalic.ttf in Resources */,
				F87EBB3B84B241BBB3C19C62 /* Inter_28pt-BlackItalic.ttf in Resources */,
				159FC6AD88F443B0A141CAC5 /* Inter_18pt-Bold.ttf in Resources */,
				5FEF967BF9C24F259A70B7B5 /* Inter_18pt-ExtraLightItalic.ttf in Resources */,
				C64DDFC8753942E797C399FE /* Inter_18pt-Medium.ttf in Resources */,
				F71ECB6972DA4B45ADEEB060 /* Inter_24pt-ExtraLightItalic.ttf in Resources */,
				019EC7B02E1646B8AC174A74 /* Inter_18pt-Black.ttf in Resources */,
				7D63FB5C61AC4615A4CD0396 /* Inter_24pt-Light.ttf in Resources */,
				8D0BCD8C412E471E80AC6430 /* Inter_28pt-SemiBoldItalic.ttf in Resources */,
				BF49E841FFA6497ABB6A8FD6 /* Inter_24pt-ExtraBoldItalic.ttf in Resources */,
				C9CB6CCE268A43658BD2136F /* Inter_24pt-MediumItalic.ttf in Resources */,
				EE7853ACD07346A69AE664DE /* Inter_28pt-SemiBold.ttf in Resources */,
				8DC9A1A6B02A423CB83BC0B4 /* Inter_18pt-MediumItalic.ttf in Resources */,
				781F1C59BE2D4892B9AAF3A4 /* Inter_24pt-BlackItalic.ttf in Resources */,
				124A7FCBEDBE47D8A6E6DE39 /* Inter_28pt-Italic.ttf in Resources */,
				2C511D390CA14CC79DEC3929 /* Inter_24pt-Thin.ttf in Resources */,
				324FB38B3EB04A3B8E3AB236 /* Inter_24pt-SemiBoldItalic.ttf in Resources */,
				E4D70AEE78DB47039B8E2EE1 /* Inter_24pt-Black.ttf in Resources */,
				954094456AE7489483C9F6F4 /* Inter_18pt-Light.ttf in Resources */,
				3259F9A570D8466DBC6CA9E4 /* Inter_28pt-Regular.ttf in Resources */,
				02320CCD0EA84E5AB698ADEB /* Inter_28pt-MediumItalic.ttf in Resources */,
				608DC31177744B0F96BE6648 /* Inter_28pt-ExtraBold.ttf in Resources */,
				4F0B667BC68A43D8AD49FD91 /* Inter_24pt-Bold.ttf in Resources */,
				246AC8FDE5764EEBB858EEED /* Inter_18pt-Italic.ttf in Resources */,
				ED7232DA4B604EBC81A53899 /* Inter_28pt-Black.ttf in Resources */,
				F8AC9290226F4D8F9D7D2A65 /* Inter_18pt-SemiBoldItalic.ttf in Resources */,
				AAC5245A078D4BC58728B817 /* Inter_24pt-BoldItalic.ttf in Resources */,
				68EE4C5FC267491F8755170C /* Inter_18pt-SemiBold.ttf in Resources */,
				4C69C6B9CF3F4A4598279C37 /* Inter_24pt-ThinItalic.ttf in Resources */,
				0F2EBC7B3EAF4FA19B3B4F26 /* Inter_18pt-Regular.ttf in Resources */,
				AAA07EDFBD5641FD82DC6DE4 /* Inter_24pt-ExtraLight.ttf in Resources */,
				97DCF48F19BE4B0EB7DD72E5 /* Inter_24pt-Italic.ttf in Resources */,
				47C39EEED5E4425A914BC197 /* Inter_24pt-LightItalic.ttf in Resources */,
			);
			runOnlyForDeploymentPostprocessing = 0;
		};
/* End PBXResourcesBuildPhase section */

/* Begin PBXShellScriptBuildPhase section */
		00DD1BFF1BD5951E006B06BC /* Bundle React Native code and images */ = {
			isa = PBXShellScriptBuildPhase;
			buildActionMask = 2147483647;
			files = (
			);
			inputPaths = (
				"$(SRCROOT)/.xcode.env.local",
				"$(SRCROOT)/.xcode.env",
			);
			name = "Bundle React Native code and images";
			outputPaths = (
			);
			runOnlyForDeploymentPostprocessing = 0;
			shellPath = /bin/sh;
			shellScript = "set -e\n\nWITH_ENVIRONMENT=\"$REACT_NATIVE_PATH/scripts/xcode/with-environment.sh\"\nREACT_NATIVE_XCODE=\"$REACT_NATIVE_PATH/scripts/react-native-xcode.sh\"\n\n/bin/sh -c \"$WITH_ENVIRONMENT $REACT_NATIVE_XCODE\"\n";
		};
		56C4D42C30EA0A9E5602A4C9 /* [CP] Embed Pods Frameworks */ = {
			isa = PBXShellScriptBuildPhase;
			buildActionMask = 2147483647;
			files = (
			);
			inputFileListPaths = (
				"${PODS_ROOT}/Target Support Files/Pods-Cosmiq/Pods-Cosmiq-frameworks-${CONFIGURATION}-input-files.xcfilelist",
			);
			inputPaths = (
			);
			name = "[CP] Embed Pods Frameworks";
			outputFileListPaths = (
				"${PODS_ROOT}/Target Support Files/Pods-Cosmiq/Pods-Cosmiq-frameworks-${CONFIGURATION}-output-files.xcfilelist",
			);
			outputPaths = (
			);
			runOnlyForDeploymentPostprocessing = 0;
			shellPath = /bin/sh;
			shellScript = "\"${PODS_ROOT}/Target Support Files/Pods-Cosmiq/Pods-Cosmiq-frameworks.sh\"\n";
			showEnvVarsInLog = 0;
		};
		8C0F852C10BEC2A7966386B5 /* [CP-User] [RNFB] Crashlytics Configuration */ = {
			isa = PBXShellScriptBuildPhase;
			buildActionMask = 2147483647;
			files = (
			);
			inputPaths = (
				"${DWARF_DSYM_FOLDER_PATH}/${DWARF_DSYM_FILE_NAME}/Contents/Resources/DWARF/${TARGET_NAME}",
				"$(BUILT_PRODUCTS_DIR)/$(INFOPLIST_PATH)",
			);
			name = "[CP-User] [RNFB] Crashlytics Configuration";
			outputPaths = (
			);
			runOnlyForDeploymentPostprocessing = 0;
			shellPath = /bin/sh;
			shellScript = "#!/usr/bin/env bash\n#\n# Copyright (c) 2016-present Invertase Limited & Contributors\n#\n# Licensed under the Apache License, Version 2.0 (the \"License\");\n# you may not use this library except in compliance with the License.\n# You may obtain a copy of the License at\n#\n#   http://www.apache.org/licenses/LICENSE-2.0\n#\n# Unless required by applicable law or agreed to in writing, software\n# distributed under the License is distributed on an \"AS IS\" BASIS,\n# WITHOUT WARRANTIES OR CONDITIONS OF ANY KIND, either express or implied.\n# See the License for the specific language governing permissions and\n# limitations under the License.\n#\nset -e\n\nif [[ ${PODS_ROOT} ]]; then\n  echo \"info: Exec FirebaseCrashlytics Run from Pods\"\n  \"${PODS_ROOT}/FirebaseCrashlytics/run\"\nelse\n  echo \"info: Exec FirebaseCrashlytics Run from framework\"\n  \"${PROJECT_DIR}/FirebaseCrashlytics.framework/run\"\nfi\n";
		};
		CF58004257FD3A9ED539DD79 /* [CP] Check Pods Manifest.lock */ = {
			isa = PBXShellScriptBuildPhase;
			buildActionMask = 2147483647;
			files = (
			);
			inputFileListPaths = (
			);
			inputPaths = (
				"${PODS_PODFILE_DIR_PATH}/Podfile.lock",
				"${PODS_ROOT}/Manifest.lock",
			);
			name = "[CP] Check Pods Manifest.lock";
			outputFileListPaths = (
			);
			outputPaths = (
				"$(DERIVED_FILE_DIR)/Pods-Cosmiq-checkManifestLockResult.txt",
			);
			runOnlyForDeploymentPostprocessing = 0;
			shellPath = /bin/sh;
			shellScript = "diff \"${PODS_PODFILE_DIR_PATH}/Podfile.lock\" \"${PODS_ROOT}/Manifest.lock\" > /dev/null\nif [ $? != 0 ] ; then\n    # print error to STDERR\n    echo \"error: The sandbox is not in sync with the Podfile.lock. Run 'pod install' or update your CocoaPods installation.\" >&2\n    exit 1\nfi\n# This output is used by Xcode 'outputs' to avoid re-running this script phase.\necho \"SUCCESS\" > \"${SCRIPT_OUTPUT_FILE_0}\"\n";
			showEnvVarsInLog = 0;
		};
		DC3A3009B9259C78A4A65D90 /* [CP] Copy Pods Resources */ = {
			isa = PBXShellScriptBuildPhase;
			buildActionMask = 2147483647;
			files = (
			);
			inputFileListPaths = (
				"${PODS_ROOT}/Target Support Files/Pods-Cosmiq/Pods-Cosmiq-resources-${CONFIGURATION}-input-files.xcfilelist",
			);
			inputPaths = (
			);
			name = "[CP] Copy Pods Resources";
			outputFileListPaths = (
				"${PODS_ROOT}/Target Support Files/Pods-Cosmiq/Pods-Cosmiq-resources-${CONFIGURATION}-output-files.xcfilelist",
			);
			outputPaths = (
			);
			runOnlyForDeploymentPostprocessing = 0;
			shellPath = /bin/sh;
			shellScript = "\"${PODS_ROOT}/Target Support Files/Pods-Cosmiq/Pods-Cosmiq-resources.sh\"\n";
			showEnvVarsInLog = 0;
		};
		E65ED1561F9C6AE8F614E6DA /* [CP-User] [RNFB] Core Configuration */ = {
			isa = PBXShellScriptBuildPhase;
			buildActionMask = 2147483647;
			files = (
			);
			inputPaths = (
				"$(BUILT_PRODUCTS_DIR)/$(INFOPLIST_PATH)",
			);
			name = "[CP-User] [RNFB] Core Configuration";
			outputPaths = (
			);
			runOnlyForDeploymentPostprocessing = 0;
			shellPath = /bin/sh;
			shellScript = "#!/usr/bin/env bash\n#\n# Copyright (c) 2016-present Invertase Limited & Contributors\n#\n# Licensed under the Apache License, Version 2.0 (the \"License\");\n# you may not use this library except in compliance with the License.\n# You may obtain a copy of the License at\n#\n#   http://www.apache.org/licenses/LICENSE-2.0\n#\n# Unless required by applicable law or agreed to in writing, software\n# distributed under the License is distributed on an \"AS IS\" BASIS,\n# WITHOUT WARRANTIES OR CONDITIONS OF ANY KIND, either express or implied.\n# See the License for the specific language governing permissions and\n# limitations under the License.\n#\n\n##########################################################################\n##########################################################################\n#\n#  NOTE THAT IF YOU CHANGE THIS FILE YOU MUST RUN pod install AFTERWARDS\n#\n#  This file is installed as an Xcode build script in the project file\n#  by cocoapods, and you will not see your changes until you pod install\n#\n##########################################################################\n##########################################################################\n\nset -e\n\n_MAX_LOOKUPS=2;\n_SEARCH_RESULT=''\n_RN_ROOT_EXISTS=''\n_CURRENT_LOOKUPS=1\n_JSON_ROOT=\"'react-native'\"\n_JSON_FILE_NAME='firebase.json'\n_JSON_OUTPUT_BASE64='e30=' # { }\n_CURRENT_SEARCH_DIR=${PROJECT_DIR}\n_PLIST_BUDDY=/usr/libexec/PlistBuddy\n_TARGET_PLIST=\"${BUILT_PRODUCTS_DIR}/${INFOPLIST_PATH}\"\n_DSYM_PLIST=\"${DWARF_DSYM_FOLDER_PATH}/${DWARF_DSYM_FILE_NAME}/Contents/Info.plist\"\n\n# plist arrays\n_PLIST_ENTRY_KEYS=()\n_PLIST_ENTRY_TYPES=()\n_PLIST_ENTRY_VALUES=()\n\nfunction setPlistValue {\n  echo \"note:      setting plist entry '$1' of type '$2' in file '$4'\"\n  ${_PLIST_BUDDY} -c \"Add :$1 $2 '$3'\" $4 || echo \"note:      '$1' already exists\"\n}\n\nfunction getFirebaseJsonKeyValue () {\n  if [[ ${_RN_ROOT_EXISTS} ]]; then\n    ruby -Ku -e \"require 'rubygems';require 'json'; output=JSON.parse('$1'); puts output[$_JSON_ROOT]['$2']\"\n  else\n    echo \"\"\n  fi;\n}\n\nfunction jsonBoolToYesNo () {\n  if [[ $1 == \"false\" ]]; then\n    echo \"NO\"\n  elif [[ $1 == \"true\" ]]; then\n    echo \"YES\"\n  else echo \"NO\"\n  fi\n}\n\necho \"note: -> RNFB build script started\"\necho \"note: 1) Locating ${_JSON_FILE_NAME} file:\"\n\nif [[ -z ${_CURRENT_SEARCH_DIR} ]]; then\n  _CURRENT_SEARCH_DIR=$(pwd)\nfi;\n\nwhile true; do\n  _CURRENT_SEARCH_DIR=$(dirname \"$_CURRENT_SEARCH_DIR\")\n  if [[ \"$_CURRENT_SEARCH_DIR\" == \"/\" ]] || [[ ${_CURRENT_LOOKUPS} -gt ${_MAX_LOOKUPS} ]]; then break; fi;\n  echo \"note:      ($_CURRENT_LOOKUPS of $_MAX_LOOKUPS) Searching in '$_CURRENT_SEARCH_DIR' for a ${_JSON_FILE_NAME} file.\"\n  _SEARCH_RESULT=$(find \"$_CURRENT_SEARCH_DIR\" -maxdepth 2 -name ${_JSON_FILE_NAME} -print | /usr/bin/head -n 1)\n  if [[ ${_SEARCH_RESULT} ]]; then\n    echo \"note:      ${_JSON_FILE_NAME} found at $_SEARCH_RESULT\"\n    break;\n  fi;\n  _CURRENT_LOOKUPS=$((_CURRENT_LOOKUPS+1))\ndone\n\nif [[ ${_SEARCH_RESULT} ]]; then\n  _JSON_OUTPUT_RAW=$(cat \"${_SEARCH_RESULT}\")\n  if ! _RN_ROOT_EXISTS=$(ruby -Ku -e \"require 'json'; output=JSON.parse('$_JSON_OUTPUT_RAW'); puts output[$_JSON_ROOT]\"); then\n    echo \"error: Failed to parse firebase.json, check for syntax errors.\"\n    exit 1\n  fi\n\n  if [[ ${_RN_ROOT_EXISTS} ]]; then\n    if ! python3 --version >/dev/null 2>&1; then echo \"error: python3 not found, firebase.json file processing error.\" && exit 1; fi\n    _JSON_OUTPUT_BASE64=$(python3 -c 'import json,sys,base64;print(base64.b64encode(bytes(json.dumps(json.loads(open('\"'${_SEARCH_RESULT}'\"', '\"'rb'\"').read())['${_JSON_ROOT}']), '\"'utf-8'\"')).decode())' || echo \"e30=\")\n  fi\n\n  _PLIST_ENTRY_KEYS+=(\"firebase_json_raw\")\n  _PLIST_ENTRY_TYPES+=(\"string\")\n  _PLIST_ENTRY_VALUES+=(\"$_JSON_OUTPUT_BASE64\")\n\n  # config.app_data_collection_default_enabled\n  _APP_DATA_COLLECTION_ENABLED=$(getFirebaseJsonKeyValue \"$_JSON_OUTPUT_RAW\" \"app_data_collection_default_enabled\")\n  if [[ $_APP_DATA_COLLECTION_ENABLED ]]; then\n    _PLIST_ENTRY_KEYS+=(\"FirebaseDataCollectionDefaultEnabled\")\n    _PLIST_ENTRY_TYPES+=(\"bool\")\n    _PLIST_ENTRY_VALUES+=(\"$(jsonBoolToYesNo \"$_APP_DATA_COLLECTION_ENABLED\")\")\n  fi\n\n  # config.analytics_auto_collection_enabled\n  _ANALYTICS_AUTO_COLLECTION=$(getFirebaseJsonKeyValue \"$_JSON_OUTPUT_RAW\" \"analytics_auto_collection_enabled\")\n  if [[ $_ANALYTICS_AUTO_COLLECTION ]]; then\n    _PLIST_ENTRY_KEYS+=(\"FIREBASE_ANALYTICS_COLLECTION_ENABLED\")\n    _PLIST_ENTRY_TYPES+=(\"bool\")\n    _PLIST_ENTRY_VALUES+=(\"$(jsonBoolToYesNo \"$_ANALYTICS_AUTO_COLLECTION\")\")\n  fi\n\n  # config.analytics_collection_deactivated\n  _ANALYTICS_DEACTIVATED=$(getFirebaseJsonKeyValue \"$_JSON_OUTPUT_RAW\" \"analytics_collection_deactivated\")\n  if [[ $_ANALYTICS_DEACTIVATED ]]; then\n    _PLIST_ENTRY_KEYS+=(\"FIREBASE_ANALYTICS_COLLECTION_DEACTIVATED\")\n    _PLIST_ENTRY_TYPES+=(\"bool\")\n    _PLIST_ENTRY_VALUES+=(\"$(jsonBoolToYesNo \"$_ANALYTICS_DEACTIVATED\")\")\n  fi\n\n  # config.analytics_idfv_collection_enabled\n  _ANALYTICS_IDFV_COLLECTION=$(getFirebaseJsonKeyValue \"$_JSON_OUTPUT_RAW\" \"analytics_idfv_collection_enabled\")\n  if [[ $_ANALYTICS_IDFV_COLLECTION ]]; then\n    _PLIST_ENTRY_KEYS+=(\"GOOGLE_ANALYTICS_IDFV_COLLECTION_ENABLED\")\n    _PLIST_ENTRY_TYPES+=(\"bool\")\n    _PLIST_ENTRY_VALUES+=(\"$(jsonBoolToYesNo \"$_ANALYTICS_IDFV_COLLECTION\")\")\n  fi\n\n  # config.analytics_default_allow_analytics_storage\n  _ANALYTICS_STORAGE=$(getFirebaseJsonKeyValue \"$_JSON_OUTPUT_RAW\" \"analytics_default_allow_analytics_storage\")\n  if [[ $_ANALYTICS_STORAGE ]]; then\n    _PLIST_ENTRY_KEYS+=(\"GOOGLE_ANALYTICS_DEFAULT_ALLOW_ANALYTICS_STORAGE\")\n    _PLIST_ENTRY_TYPES+=(\"bool\")\n    _PLIST_ENTRY_VALUES+=(\"$(jsonBoolToYesNo \"$_ANALYTICS_STORAGE\")\")\n  fi\n\n  # config.analytics_default_allow_ad_storage\n  _ANALYTICS_AD_STORAGE=$(getFirebaseJsonKeyValue \"$_JSON_OUTPUT_RAW\" \"analytics_default_allow_ad_storage\")\n  if [[ $_ANALYTICS_AD_STORAGE ]]; then\n    _PLIST_ENTRY_KEYS+=(\"GOOGLE_ANALYTICS_DEFAULT_ALLOW_AD_STORAGE\")\n    _PLIST_ENTRY_TYPES+=(\"bool\")\n    _PLIST_ENTRY_VALUES+=(\"$(jsonBoolToYesNo \"$_ANALYTICS_AD_STORAGE\")\")\n  fi\n\n  # config.analytics_default_allow_ad_user_data\n  _ANALYTICS_AD_USER_DATA=$(getFirebaseJsonKeyValue \"$_JSON_OUTPUT_RAW\" \"analytics_default_allow_ad_user_data\")\n  if [[ $_ANALYTICS_AD_USER_DATA ]]; then\n    _PLIST_ENTRY_KEYS+=(\"GOOGLE_ANALYTICS_DEFAULT_ALLOW_AD_USER_DATA\")\n    _PLIST_ENTRY_TYPES+=(\"bool\")\n    _PLIST_ENTRY_VALUES+=(\"$(jsonBoolToYesNo \"$_ANALYTICS_AD_USER_DATA\")\")\n  fi\n\n  # config.analytics_default_allow_ad_personalization_signals\n  _ANALYTICS_PERSONALIZATION=$(getFirebaseJsonKeyValue \"$_JSON_OUTPUT_RAW\" \"analytics_default_allow_ad_personalization_signals\")\n  if [[ $_ANALYTICS_PERSONALIZATION ]]; then\n    _PLIST_ENTRY_KEYS+=(\"GOOGLE_ANALYTICS_DEFAULT_ALLOW_AD_PERSONALIZATION_SIGNALS\")\n    _PLIST_ENTRY_TYPES+=(\"bool\")\n    _PLIST_ENTRY_VALUES+=(\"$(jsonBoolToYesNo \"$_ANALYTICS_PERSONALIZATION\")\")\n  fi\n\n  # config.analytics_registration_with_ad_network_enabled\n  _ANALYTICS_REGISTRATION_WITH_AD_NETWORK=$(getFirebaseJsonKeyValue \"$_JSON_OUTPUT_RAW\" \"google_analytics_registration_with_ad_network_enabled\")\n  if [[ $_ANALYTICS_REGISTRATION_WITH_AD_NETWORK ]]; then\n    _PLIST_ENTRY_KEYS+=(\"GOOGLE_ANALYTICS_REGISTRATION_WITH_AD_NETWORK_ENABLED\")\n    _PLIST_ENTRY_TYPES+=(\"bool\")\n    _PLIST_ENTRY_VALUES+=(\"$(jsonBoolToYesNo \"$_ANALYTICS_REGISTRATION_WITH_AD_NETWORK\")\")\n  fi\n\n  # config.google_analytics_automatic_screen_reporting_enabled\n  _ANALYTICS_AUTO_SCREEN_REPORTING=$(getFirebaseJsonKeyValue \"$_JSON_OUTPUT_RAW\" \"google_analytics_automatic_screen_reporting_enabled\")\n  if [[ $_ANALYTICS_AUTO_SCREEN_REPORTING ]]; then\n    _PLIST_ENTRY_KEYS+=(\"FirebaseAutomaticScreenReportingEnabled\")\n    _PLIST_ENTRY_TYPES+=(\"bool\")\n    _PLIST_ENTRY_VALUES+=(\"$(jsonBoolToYesNo \"$_ANALYTICS_AUTO_SCREEN_REPORTING\")\")\n  fi\n\n  # config.perf_auto_collection_enabled\n  _PERF_AUTO_COLLECTION=$(getFirebaseJsonKeyValue \"$_JSON_OUTPUT_RAW\" \"perf_auto_collection_enabled\")\n  if [[ $_PERF_AUTO_COLLECTION ]]; then\n    _PLIST_ENTRY_KEYS+=(\"firebase_performance_collection_enabled\")\n    _PLIST_ENTRY_TYPES+=(\"bool\")\n    _PLIST_ENTRY_VALUES+=(\"$(jsonBoolToYesNo \"$_PERF_AUTO_COLLECTION\")\")\n  fi\n\n  # config.perf_collection_deactivated\n  _PERF_DEACTIVATED=$(getFirebaseJsonKeyValue \"$_JSON_OUTPUT_RAW\" \"perf_collection_deactivated\")\n  if [[ $_PERF_DEACTIVATED ]]; then\n    _PLIST_ENTRY_KEYS+=(\"firebase_performance_collection_deactivated\")\n    _PLIST_ENTRY_TYPES+=(\"bool\")\n    _PLIST_ENTRY_VALUES+=(\"$(jsonBoolToYesNo \"$_PERF_DEACTIVATED\")\")\n  fi\n\n  # config.messaging_auto_init_enabled\n  _MESSAGING_AUTO_INIT=$(getFirebaseJsonKeyValue \"$_JSON_OUTPUT_RAW\" \"messaging_auto_init_enabled\")\n  if [[ $_MESSAGING_AUTO_INIT ]]; then\n    _PLIST_ENTRY_KEYS+=(\"FirebaseMessagingAutoInitEnabled\")\n    _PLIST_ENTRY_TYPES+=(\"bool\")\n    _PLIST_ENTRY_VALUES+=(\"$(jsonBoolToYesNo \"$_MESSAGING_AUTO_INIT\")\")\n  fi\n\n  # config.in_app_messaging_auto_colllection_enabled\n  _FIAM_AUTO_INIT=$(getFirebaseJsonKeyValue \"$_JSON_OUTPUT_RAW\" \"in_app_messaging_auto_collection_enabled\")\n  if [[ $_FIAM_AUTO_INIT ]]; then\n    _PLIST_ENTRY_KEYS+=(\"FirebaseInAppMessagingAutomaticDataCollectionEnabled\")\n    _PLIST_ENTRY_TYPES+=(\"bool\")\n    _PLIST_ENTRY_VALUES+=(\"$(jsonBoolToYesNo \"$_FIAM_AUTO_INIT\")\")\n  fi\n\n  # config.app_check_token_auto_refresh\n  _APP_CHECK_TOKEN_AUTO_REFRESH=$(getFirebaseJsonKeyValue \"$_JSON_OUTPUT_RAW\" \"app_check_token_auto_refresh\")\n  if [[ $_APP_CHECK_TOKEN_AUTO_REFRESH ]]; then\n    _PLIST_ENTRY_KEYS+=(\"FirebaseAppCheckTokenAutoRefreshEnabled\")\n    _PLIST_ENTRY_TYPES+=(\"bool\")\n    _PLIST_ENTRY_VALUES+=(\"$(jsonBoolToYesNo \"$_APP_CHECK_TOKEN_AUTO_REFRESH\")\")\n  fi\n\n  # config.crashlytics_disable_auto_disabler - undocumented for now - mainly for debugging, document if becomes useful\n  _CRASHLYTICS_AUTO_DISABLE_ENABLED=$(getFirebaseJsonKeyValue \"$_JSON_OUTPUT_RAW\" \"crashlytics_disable_auto_disabler\")\n  if [[ $_CRASHLYTICS_AUTO_DISABLE_ENABLED == \"true\" ]]; then\n    echo \"Disabled Crashlytics auto disabler.\" # do nothing\n  else\n    _PLIST_ENTRY_KEYS+=(\"FirebaseCrashlyticsCollectionEnabled\")\n    _PLIST_ENTRY_TYPES+=(\"bool\")\n    _PLIST_ENTRY_VALUES+=(\"NO\")\n  fi\nelse\n  _PLIST_ENTRY_KEYS+=(\"firebase_json_raw\")\n  _PLIST_ENTRY_TYPES+=(\"string\")\n  _PLIST_ENTRY_VALUES+=(\"$_JSON_OUTPUT_BASE64\")\n  echo \"warning:   A firebase.json file was not found, whilst this file is optional it is recommended to include it to configure firebase services in React Native Firebase.\"\nfi;\n\necho \"note: 2) Injecting Info.plist entries: \"\n\n# Log out the keys we're adding\nfor i in \"${!_PLIST_ENTRY_KEYS[@]}\"; do\n  echo \"    ->  $i) ${_PLIST_ENTRY_KEYS[$i]}\" \"${_PLIST_ENTRY_TYPES[$i]}\" \"${_PLIST_ENTRY_VALUES[$i]}\"\ndone\n\nfor plist in \"${_TARGET_PLIST}\" \"${_DSYM_PLIST}\" ; do\n  if [[ -f \"${plist}\" ]]; then\n\n    # paths with spaces break the call to setPlistValue. temporarily modify\n    # the shell internal field separator variable (IFS), which normally\n    # includes spaces, to consist only of line breaks\n    oldifs=$IFS\n    IFS=\"\n\"\n\n    for i in \"${!_PLIST_ENTRY_KEYS[@]}\"; do\n      setPlistValue \"${_PLIST_ENTRY_KEYS[$i]}\" \"${_PLIST_ENTRY_TYPES[$i]}\" \"${_PLIST_ENTRY_VALUES[$i]}\" \"${plist}\"\n    done\n\n    # restore the original internal field separator value\n    IFS=$oldifs\n  else\n    echo \"warning:   A Info.plist build output file was not found (${plist})\"\n  fi\ndone\n\necho \"note: <- RNFB build script finished\"\n";
		};
/* End PBXShellScriptBuildPhase section */

/* Begin PBXSourcesBuildPhase section */
		13B07F871A680F5B00A75B9A /* Sources */ = {
			isa = PBXSourcesBuildPhase;
			buildActionMask = 2147483647;
			files = (
				761780ED2CA45674006654EE /* AppDelegate.swift in Sources */,
				A1D9C8E41B2F4C7D9E011A01 /* RNBootSplashBridge.mm in Sources */,
			);
			runOnlyForDeploymentPostprocessing = 0;
		};
/* End PBXSourcesBuildPhase section */

/* Begin XCBuildConfiguration section */
		13B07F941A680F5B00A75B9A /* Debug */ = {
			isa = XCBuildConfiguration;
			baseConfigurationReference = 0AADD64CC0C4E8DA36F8DBB9 /* Pods-Cosmiq.debug.xcconfig */;
			buildSettings = {
				ASSETCATALOG_COMPILER_APPICON_NAME = AppIcon;
				CLANG_ENABLE_MODULES = YES;
				CODE_SIGN_ENTITLEMENTS = Cosmiq/Cosmiq.entitlements;
				CODE_SIGN_IDENTITY = "Apple Development";
				CODE_SIGN_STYLE = Automatic;
				CURRENT_PROJECT_VERSION = 4;
				DEVELOPMENT_TEAM = T2RW4YJTUF;
				ENABLE_BITCODE = NO;
				INFOPLIST_FILE = Cosmiq/Info.plist;
				IPHONEOS_DEPLOYMENT_TARGET = 15.1;
				LD_RUNPATH_SEARCH_PATHS = (
					"$(inherited)",
					"@executable_path/Frameworks",
				);
				MARKETING_VERSION = 1.0.0;
				OTHER_LDFLAGS = (
					"$(inherited)",
					"-ObjC",
					"-lc++",
				);
				PRODUCT_BUNDLE_IDENTIFIER = com.cosmic.markcon;
				PRODUCT_NAME = Cosmiq;
				SWIFT_OBJC_BRIDGING_HEADER = "$(SRCROOT)/$(TARGET_NAME)/$(TARGET_NAME)-Bridging-Header.h";
				SWIFT_OPTIMIZATION_LEVEL = "-Onone";
				SWIFT_VERSION = 5.0;
				VERSIONING_SYSTEM = "apple-generic";
			};
			name = Debug;
		};
		13B07F951A680F5B00A75B9A /* Release */ = {
			isa = XCBuildConfiguration;
			baseConfigurationReference = 865999FD6A3D398DAF8436CB /* Pods-Cosmiq.release.xcconfig */;
			buildSettings = {
				ASSETCATALOG_COMPILER_APPICON_NAME = AppIcon;
				CLANG_ENABLE_MODULES = YES;
				CODE_SIGN_ENTITLEMENTS = Cosmiq/Cosmiq.entitlements;
				CODE_SIGN_IDENTITY = "Apple Development";
				CODE_SIGN_STYLE = Automatic;
				CURRENT_PROJECT_VERSION = 4;
				DEVELOPMENT_TEAM = T2RW4YJTUF;
				INFOPLIST_FILE = Cosmiq/Info.plist;
				IPHONEOS_DEPLOYMENT_TARGET = 15.1;
				LD_RUNPATH_SEARCH_PATHS = (
					"$(inherited)",
					"@executable_path/Frameworks",
				);
				MARKETING_VERSION = 1.0.0;
				OTHER_LDFLAGS = (
					"$(inherited)",
					"-ObjC",
					"-lc++",
				);
				PRODUCT_BUNDLE_IDENTIFIER = com.cosmic.markcon;
				PRODUCT_NAME = Cosmiq;
				SWIFT_OBJC_BRIDGING_HEADER = "$(SRCROOT)/$(TARGET_NAME)/$(TARGET_NAME)-Bridging-Header.h";
				SWIFT_VERSION = 5.0;
				VERSIONING_SYSTEM = "apple-generic";
			};
			name = Release;
		};
		83CBBA201A601CBA00E9B192 /* Debug */ = {
			isa = XCBuildConfiguration;
			buildSettings = {
				ALWAYS_SEARCH_USER_PATHS = NO;
				CLANG_ANALYZER_LOCALIZABILITY_NONLOCALIZED = YES;
				CLANG_CXX_LANGUAGE_STANDARD = "c++20";
				CLANG_CXX_LIBRARY = "libc++";
				CLANG_ENABLE_MODULES = YES;
				CLANG_ENABLE_OBJC_ARC = YES;
				CLANG_WARN_BLOCK_CAPTURE_AUTORELEASING = YES;
				CLANG_WARN_BOOL_CONVERSION = YES;
				CLANG_WARN_COMMA = YES;
				CLANG_WARN_CONSTANT_CONVERSION = YES;
				CLANG_WARN_DEPRECATED_OBJC_IMPLEMENTATIONS = YES;
				CLANG_WARN_DIRECT_OBJC_ISA_USAGE = YES_ERROR;
				CLANG_WARN_EMPTY_BODY = YES;
				CLANG_WARN_ENUM_CONVERSION = YES;
				CLANG_WARN_INFINITE_RECURSION = YES;
				CLANG_WARN_INT_CONVERSION = YES;
				CLANG_WARN_NON_LITERAL_NULL_CONVERSION = YES;
				CLANG_WARN_OBJC_IMPLICIT_RETAIN_SELF = YES;
				CLANG_WARN_OBJC_LITERAL_CONVERSION = YES;
				CLANG_WARN_OBJC_ROOT_CLASS = YES_ERROR;
				CLANG_WARN_QUOTED_INCLUDE_IN_FRAMEWORK_HEADER = YES;
				CLANG_WARN_RANGE_LOOP_ANALYSIS = YES;
				CLANG_WARN_STRICT_PROTOTYPES = YES;
				CLANG_WARN_SUSPICIOUS_MOVE = YES;
				CLANG_WARN_UNREACHABLE_CODE = YES;
				CLANG_WARN__DUPLICATE_METHOD_MATCH = YES;
				"CODE_SIGN_IDENTITY[sdk=iphoneos*]" = "iPhone Developer";
				COPY_PHASE_STRIP = NO;
				ENABLE_STRICT_OBJC_MSGSEND = YES;
				ENABLE_TESTABILITY = YES;
				"EXCLUDED_ARCHS[sdk=iphonesimulator*]" = "";
				GCC_C_LANGUAGE_STANDARD = gnu99;
				GCC_DYNAMIC_NO_PIC = NO;
				GCC_NO_COMMON_BLOCKS = YES;
				GCC_OPTIMIZATION_LEVEL = 0;
				GCC_PREPROCESSOR_DEFINITIONS = (
					"DEBUG=1",
					"$(inherited)",
				);
				GCC_SYMBOLS_PRIVATE_EXTERN = NO;
				GCC_WARN_64_TO_32_BIT_CONVERSION = YES;
				GCC_WARN_ABOUT_RETURN_TYPE = YES_ERROR;
				GCC_WARN_UNDECLARED_SELECTOR = YES;
				GCC_WARN_UNINITIALIZED_AUTOS = YES_AGGRESSIVE;
				GCC_WARN_UNUSED_FUNCTION = YES;
				GCC_WARN_UNUSED_VARIABLE = YES;
				HEADER_SEARCH_PATHS = (
					"$(inherited)",
					"${PODS_CONFIGURATION_BUILD_DIR}/ReactCommon/ReactCommon.framework/Headers",
					"${PODS_CONFIGURATION_BUILD_DIR}/ReactCommon/ReactCommon.framework/Headers/react/nativemodule/core",
					"${PODS_CONFIGURATION_BUILD_DIR}/React-runtimeexecutor/React_runtimeexecutor.framework/Headers",
					"${PODS_CONFIGURATION_BUILD_DIR}/React-runtimeexecutor/React_runtimeexecutor.framework/Headers/platform/ios",
					"${PODS_CONFIGURATION_BUILD_DIR}/ReactCommon-Samples/ReactCommon_Samples.framework/Headers",
					"${PODS_CONFIGURATION_BUILD_DIR}/ReactCommon-Samples/ReactCommon_Samples.framework/Headers/platform/ios",
					"${PODS_CONFIGURATION_BUILD_DIR}/React-Fabric/React_Fabric.framework/Headers/react/renderer/components/view/platform/cxx",
					"${PODS_CONFIGURATION_BUILD_DIR}/React-NativeModulesApple/React_NativeModulesApple.framework/Headers",
					"${PODS_CONFIGURATION_BUILD_DIR}/React-graphics/React_graphics.framework/Headers",
					"${PODS_CONFIGURATION_BUILD_DIR}/React-graphics/React_graphics.framework/Headers/react/renderer/graphics/platform/ios",
				);
				IPHONEOS_DEPLOYMENT_TARGET = 15.1;
				LD_RUNPATH_SEARCH_PATHS = (
					/usr/lib/swift,
					"$(inherited)",
				);
				LIBRARY_SEARCH_PATHS = (
					"\"$(SDKROOT)/usr/lib/swift\"",
					"\"$(TOOLCHAIN_DIR)/usr/lib/swift/$(PLATFORM_NAME)\"",
					"\"$(inherited)\"",
				);
				MTL_ENABLE_DEBUG_INFO = YES;
				ONLY_ACTIVE_ARCH = YES;
				OTHER_CPLUSPLUSFLAGS = (
					"$(OTHER_CFLAGS)",
					"-DFOLLY_NO_CONFIG",
					"-DFOLLY_MOBILE=1",
					"-DFOLLY_USE_LIBCPP=1",
					"-DFOLLY_CFG_NO_COROUTINES=1",
					"-DFOLLY_HAVE_CLOCK_GETTIME=1",
				);
				REACT_NATIVE_PATH = "${PODS_ROOT}/../../node_modules/react-native";
				SDKROOT = iphoneos;
				SWIFT_ACTIVE_COMPILATION_CONDITIONS = "$(inherited) DEBUG";
				USE_HERMES = true;
			};
			name = Debug;
		};
		83CBBA211A601CBA00E9B192 /* Release */ = {
			isa = XCBuildConfiguration;
			buildSettings = {
				ALWAYS_SEARCH_USER_PATHS = NO;
				CLANG_ANALYZER_LOCALIZABILITY_NONLOCALIZED = YES;
				CLANG_CXX_LANGUAGE_STANDARD = "c++20";
				CLANG_CXX_LIBRARY = "libc++";
				CLANG_ENABLE_MODULES = YES;
				CLANG_ENABLE_OBJC_ARC = YES;
				CLANG_WARN_BLOCK_CAPTURE_AUTORELEASING = YES;
				CLANG_WARN_BOOL_CONVERSION = YES;
				CLANG_WARN_COMMA = YES;
				CLANG_WARN_CONSTANT_CONVERSION = YES;
				CLANG_WARN_DEPRECATED_OBJC_IMPLEMENTATIONS = YES;
				CLANG_WARN_DIRECT_OBJC_ISA_USAGE = YES_ERROR;
				CLANG_WARN_EMPTY_BODY = YES;
				CLANG_WARN_ENUM_CONVERSION = YES;
				CLANG_WARN_INFINITE_RECURSION = YES;
				CLANG_WARN_INT_CONVERSION = YES;
				CLANG_WARN_NON_LITERAL_NULL_CONVERSION = YES;
				CLANG_WARN_OBJC_IMPLICIT_RETAIN_SELF = YES;
				CLANG_WARN_OBJC_LITERAL_CONVERSION = YES;
				CLANG_WARN_OBJC_ROOT_CLASS = YES_ERROR;
				CLANG_WARN_QUOTED_INCLUDE_IN_FRAMEWORK_HEADER = YES;
				CLANG_WARN_RANGE_LOOP_ANALYSIS = YES;
				CLANG_WARN_STRICT_PROTOTYPES = YES;
				CLANG_WARN_SUSPICIOUS_MOVE = YES;
				CLANG_WARN_UNREACHABLE_CODE = YES;
				CLANG_WARN__DUPLICATE_METHOD_MATCH = YES;
				"CODE_SIGN_IDENTITY[sdk=iphoneos*]" = "iPhone Developer";
				COPY_PHASE_STRIP = YES;
				ENABLE_NS_ASSERTIONS = NO;
				ENABLE_STRICT_OBJC_MSGSEND = YES;
				"EXCLUDED_ARCHS[sdk=iphonesimulator*]" = "";
				GCC_C_LANGUAGE_STANDARD = gnu99;
				GCC_NO_COMMON_BLOCKS = YES;
				GCC_WARN_64_TO_32_BIT_CONVERSION = YES;
				GCC_WARN_ABOUT_RETURN_TYPE = YES_ERROR;
				GCC_WARN_UNDECLARED_SELECTOR = YES;
				GCC_WARN_UNINITIALIZED_AUTOS = YES_AGGRESSIVE;
				GCC_WARN_UNUSED_FUNCTION = YES;
				GCC_WARN_UNUSED_VARIABLE = YES;
				HEADER_SEARCH_PATHS = (
					"$(inherited)",
					"${PODS_CONFIGURATION_BUILD_DIR}/ReactCommon/ReactCommon.framework/Headers",
					"${PODS_CONFIGURATION_BUILD_DIR}/ReactCommon/ReactCommon.framework/Headers/react/nativemodule/core",
					"${PODS_CONFIGURATION_BUILD_DIR}/React-runtimeexecutor/React_runtimeexecutor.framework/Headers",
					"${PODS_CONFIGURATION_BUILD_DIR}/React-runtimeexecutor/React_runtimeexecutor.framework/Headers/platform/ios",
					"${PODS_CONFIGURATION_BUILD_DIR}/ReactCommon-Samples/ReactCommon_Samples.framework/Headers",
					"${PODS_CONFIGURATION_BUILD_DIR}/ReactCommon-Samples/ReactCommon_Samples.framework/Headers/platform/ios",
					"${PODS_CONFIGURATION_BUILD_DIR}/React-Fabric/React_Fabric.framework/Headers/react/renderer/components/view/platform/cxx",
					"${PODS_CONFIGURATION_BUILD_DIR}/React-NativeModulesApple/React_NativeModulesApple.framework/Headers",
					"${PODS_CONFIGURATION_BUILD_DIR}/React-graphics/React_graphics.framework/Headers",
					"${PODS_CONFIGURATION_BUILD_DIR}/React-graphics/React_graphics.framework/Headers/react/renderer/graphics/platform/ios",
				);
				IPHONEOS_DEPLOYMENT_TARGET = 15.1;
				LD_RUNPATH_SEARCH_PATHS = (
					/usr/lib/swift,
					"$(inherited)",
				);
				LIBRARY_SEARCH_PATHS = (
					"\"$(SDKROOT)/usr/lib/swift\"",
					"\"$(TOOLCHAIN_DIR)/usr/lib/swift/$(PLATFORM_NAME)\"",
					"\"$(inherited)\"",
				);
				MTL_ENABLE_DEBUG_INFO = NO;
				OTHER_CPLUSPLUSFLAGS = (
					"$(OTHER_CFLAGS)",
					"-DFOLLY_NO_CONFIG",
					"-DFOLLY_MOBILE=1",
					"-DFOLLY_USE_LIBCPP=1",
					"-DFOLLY_CFG_NO_COROUTINES=1",
					"-DFOLLY_HAVE_CLOCK_GETTIME=1",
				);
				REACT_NATIVE_PATH = "${PODS_ROOT}/../../node_modules/react-native";
				SDKROOT = iphoneos;
				USE_HERMES = true;
				VALIDATE_PRODUCT = YES;
			};
			name = Release;
		};
/* End XCBuildConfiguration section */

/* Begin XCConfigurationList section */
		13B07F931A680F5B00A75B9A /* Build configuration list for PBXNativeTarget "Cosmiq" */ = {
			isa = XCConfigurationList;
			buildConfigurations = (
				13B07F941A680F5B00A75B9A /* Debug */,
				13B07F951A680F5B00A75B9A /* Release */,
			);
			defaultConfigurationIsVisible = 0;
			defaultConfigurationName = Release;
		};
		83CBB9FA1A601CBA00E9B192 /* Build configuration list for PBXProject "Cosmiq" */ = {
			isa = XCConfigurationList;
			buildConfigurations = (
				83CBBA201A601CBA00E9B192 /* Debug */,
				83CBBA211A601CBA00E9B192 /* Release */,
			);
			defaultConfigurationIsVisible = 0;
			defaultConfigurationName = Release;
		};
/* End XCConfigurationList section */
	};
	rootObject = 83CBB9F71A601CBA00E9B192 /* Project object */;
}
