// !$*UTF8*$!
{
	archiveVersion = 1;
	classes = {
	};
	objectVersion = 54;
	objects = {

/* Begin PBXBuildFile section */
		0644E725694E40E8A255AEFF /* Sunlight Dreams 2.otf in Resources */ = {isa = PBXBuildFile; fileRef = 02F3F81015F34467AFE4BEBB /* Sunlight Dreams 2.otf */; };
		0F974BA3A8A7416DB6135EAC /* Inter_24pt-Light.ttf in Resources */ = {isa = PBXBuildFile; fileRef = 40DDA7506EF84B079CC5AAED /* Inter_24pt-Light.ttf */; };
		13B07FBF1A68108700A75B9A /* Images.xcassets in Resources */ = {isa = PBXBuildFile; fileRef = 13B07FB51A68108700A75B9A /* Images.xcassets */; };
		13B07FC01A68108700A75B9A /* GoogleService-Info.plist in Resources */ = {isa = PBXBuildFile; fileRef = 13B07FBA1A68108700A75B9A /* GoogleService-Info.plist */; };
		14A1E3430A1A48D5B7ACB282 /* Inter_24pt-Thin.ttf in Resources */ = {isa = PBXBuildFile; fileRef = 7BCE9A96A79D46B187508DED /* Inter_24pt-Thin.ttf */; };
		16B64C74D86E4870B9F7BD04 /* Inter_18pt-Medium.ttf in Resources */ = {isa = PBXBuildFile; fileRef = 575E43ADBF304428BCCCB44F /* Inter_18pt-Medium.ttf */; };
		1C4613BBD67B42B4BD0F2BC5 /* Inter_24pt-Medium.ttf in Resources */ = {isa = PBXBuildFile; fileRef = F95E5817C9314EE798221F8B /* Inter_24pt-Medium.ttf */; };
		1DD745EFF06A4FD9A1DA0D80 /* Inter_24pt-Regular.ttf in Resources */ = {isa = PBXBuildFile; fileRef = 1F2742E3225B474CA7077430 /* Inter_24pt-Regular.ttf */; };
		1E17639A10D94E6980B1C34A /* Inter_18pt-BlackItalic.ttf in Resources */ = {isa = PBXBuildFile; fileRef = D2A1579135C34EA9BA206473 /* Inter_18pt-BlackItalic.ttf */; };
		269AC99A81624F2BAD6D06DD /* Inter_18pt-Regular.ttf in Resources */ = {isa = PBXBuildFile; fileRef = B15111929D1E4BA2B1181CBF /* Inter_18pt-Regular.ttf */; };
		3183315760EE01A4334DECD2 /* Pods_CosmicMarkcon.framework in Frameworks */ = {isa = PBXBuildFile; fileRef = D220CF4813ED17D9FDC5F2FC /* Pods_CosmicMarkcon.framework */; };
		3201252703484FCFA4CF1955 /* Inter_18pt-ExtraLight.ttf in Resources */ = {isa = PBXBuildFile; fileRef = 39C2230C0BEC4A859D4F3587 /* Inter_18pt-ExtraLight.ttf */; };
		34F8F2550F1C43B0A6E22887 /* Inter_18pt-SemiBoldItalic.ttf in Resources */ = {isa = PBXBuildFile; fileRef = CFCD529D3A01402EB9F87328 /* Inter_18pt-SemiBoldItalic.ttf */; };
		35C82AE98DBF47F2B792A538 /* Sunlight Dreams.otf in Resources */ = {isa = PBXBuildFile; fileRef = 30F1057D6F0A435BB6E5971F /* Sunlight Dreams.otf */; };
		3F3B58A0C908474EA942F860 /* Inter_28pt-Black.ttf in Resources */ = {isa = PBXBuildFile; fileRef = CD8400F52C3B429BA87803B5 /* Inter_28pt-Black.ttf */; };
		401705656C0A4394A223D40D /* Inter_24pt-ThinItalic.ttf in Resources */ = {isa = PBXBuildFile; fileRef = A465DA7BAB554578978E72D9 /* Inter_24pt-ThinItalic.ttf */; };
		48372E1D8F6549049103D6DE /* Inter_28pt-Regular.ttf in Resources */ = {isa = PBXBuildFile; fileRef = 83E3F255D1E4401EA1FA1B19 /* Inter_28pt-Regular.ttf */; };
		4D78426ACCB14A119721307B /* Inter_24pt-SemiBoldItalic.ttf in Resources */ = {isa = PBXBuildFile; fileRef = 49A34B637C344282820098DB /* Inter_24pt-SemiBoldItalic.ttf */; };
		4E53C77EAC3647ECAC570F65 /* Colors.xcassets in Resources */ = {isa = PBXBuildFile; fileRef = E49BE9F5394F44F8B1EE26C7 /* Colors.xcassets */; };
		4F0D3E44256C47EB9713FDE4 /* Inter_28pt-ExtraLight.ttf in Resources */ = {isa = PBXBuildFile; fileRef = 0E7D6C125FF0402CA9DE8133 /* Inter_28pt-ExtraLight.ttf */; };
		552AAE61A6484871BEB6BE54 /* Inter_28pt-ExtraBold.ttf in Resources */ = {isa = PBXBuildFile; fileRef = 52185458051A421682179F52 /* Inter_28pt-ExtraBold.ttf */; };
		58619019ABB14C449FDEF2A0 /* Inter_18pt-ExtraBoldItalic.ttf in Resources */ = {isa = PBXBuildFile; fileRef = E96EDD981FFB419E94977553 /* Inter_18pt-ExtraBoldItalic.ttf */; };
		5E98B0C70EA24F3EB6D5BADD /* Inter_28pt-ExtraBoldItalic.ttf in Resources */ = {isa = PBXBuildFile; fileRef = 2EAF680B8E204C74860ADB4C /* Inter_28pt-ExtraBoldItalic.ttf */; };
		62EC35AF0257497494C4C9E5 /* Inter_18pt-SemiBold.ttf in Resources */ = {isa = PBXBuildFile; fileRef = D4AE951BC03640D3BFDADD28 /* Inter_18pt-SemiBold.ttf */; };
		6453D1A92B124E4FA2C12FBE /* Inter_24pt-BoldItalic.ttf in Resources */ = {isa = PBXBuildFile; fileRef = 11DA53C250404F69ABC9586E /* Inter_24pt-BoldItalic.ttf */; };
		64C207860E244D4BB3BE1E39 /* Inter_28pt-SemiBoldItalic.ttf in Resources */ = {isa = PBXBuildFile; fileRef = DBDFA7EC753D412ABF649D57 /* Inter_28pt-SemiBoldItalic.ttf */; };
		6539DE0E829B4D61A053F569 /* Inter_24pt-MediumItalic.ttf in Resources */ = {isa = PBXBuildFile; fileRef = 7C1F9006547B4675A39AC52C /* Inter_24pt-MediumItalic.ttf */; };
		6914FB61B2D04492B4357A45 /* Inter_28pt-Medium.ttf in Resources */ = {isa = PBXBuildFile; fileRef = 7257941FAEF64CABAE8ED200 /* Inter_28pt-Medium.ttf */; };
		6CDCE97EB2C14C23AC46E7ED /* Inter_24pt-LightItalic.ttf in Resources */ = {isa = PBXBuildFile; fileRef = 38E4E9273AF14F888F008A34 /* Inter_24pt-LightItalic.ttf */; };
		718723D63DE743188754343C /* Inter_24pt-ExtraLight.ttf in Resources */ = {isa = PBXBuildFile; fileRef = C4CC8FE031F342C1A462CC22 /* Inter_24pt-ExtraLight.ttf */; };
		761780ED2CA45674006654EE /* AppDelegate.swift in Sources */ = {isa = PBXBuildFile; fileRef = 761780EC2CA45674006654EE /* AppDelegate.swift */; };
		773E553A91CC48D29C548AB9 /* Inter_28pt-ThinItalic.ttf in Resources */ = {isa = PBXBuildFile; fileRef = BC9C7966F16A410BA6F3F590 /* Inter_28pt-ThinItalic.ttf */; };
		7CF912B0A526403AA034C6A9 /* Inter_18pt-LightItalic.ttf in Resources */ = {isa = PBXBuildFile; fileRef = DE14D566C2C646A9BD107D0E /* Inter_18pt-LightItalic.ttf */; };
		7E011639BFB047BDB3B2830B /* Inter_28pt-ExtraLightItalic.ttf in Resources */ = {isa = PBXBuildFile; fileRef = A472812AB7904AF9B102E80A /* Inter_28pt-ExtraLightItalic.ttf */; };
		81AB9BB82411601600AC10FF /* LaunchScreen.storyboard in Resources */ = {isa = PBXBuildFile; fileRef = 81AB9BB72411601600AC10FF /* LaunchScreen.storyboard */; };
		828F05695C6943F1B3E0984E /* Inter_18pt-ThinItalic.ttf in Resources */ = {isa = PBXBuildFile; fileRef = 5628C3A95FD444668A2BFF81 /* Inter_18pt-ThinItalic.ttf */; };
		8D3CE1BAE12C87FD46EC07D1 /* PrivacyInfo.xcprivacy in Resources */ = {isa = PBXBuildFile; fileRef = 13B07FB81A68108700A75B9A /* PrivacyInfo.xcprivacy */; };
		9117AC0D02AE4CCB8F963A72 /* Inter_18pt-BoldItalic.ttf in Resources */ = {isa = PBXBuildFile; fileRef = 874367D125034AF58EAD7E82 /* Inter_18pt-BoldItalic.ttf */; };
		9650234A011E4A10BF8CCE4C /* Inter_28pt-Italic.ttf in Resources */ = {isa = PBXBuildFile; fileRef = 957C72FBFDD84AE38C12E5A5 /* Inter_28pt-Italic.ttf */; };
		98BDEBC70ED543D5A091439E /* Inter_18pt-Bold.ttf in Resources */ = {isa = PBXBuildFile; fileRef = C49EB144CDEC4F51A0A502FC /* Inter_18pt-Bold.ttf */; };
		98CE46FEA22F4681BC141A12 /* Inter_28pt-BlackItalic.ttf in Resources */ = {isa = PBXBuildFile; fileRef = 25086C987DB743C6978774C0 /* Inter_28pt-BlackItalic.ttf */; };
		98EFDA0227B5439FA67D751D /* Inter_24pt-BlackItalic.ttf in Resources */ = {isa = PBXBuildFile; fileRef = 812C23C54F4F481585050DDA /* Inter_24pt-BlackItalic.ttf */; };
		9A4104202ECC2D7000F85A9A /* StoreKit.framework in Frameworks */ = {isa = PBXBuildFile; fileRef = 9A41041F2ECC2D7000F85A9A /* StoreKit.framework */; };
		9A42F48AAB2E48968DE06D70 /* Inter_24pt-ExtraBold.ttf in Resources */ = {isa = PBXBuildFile; fileRef = BB8C813CA94B4F3AB9A80BC2 /* Inter_24pt-ExtraBold.ttf */; };
		9A573E5C3933488084CB338C /* Inter_18pt-Black.ttf in Resources */ = {isa = PBXBuildFile; fileRef = 89619E094B724719BC6DB202 /* Inter_18pt-Black.ttf */; };
		A3054F21190841B696EE597F /* Inter_28pt-Thin.ttf in Resources */ = {isa = PBXBuildFile; fileRef = E21BEEACEC354C65A69E9C7B /* Inter_28pt-Thin.ttf */; };
		A375BCA10E0D4A79AC0696F1 /* Inter_18pt-Thin.ttf in Resources */ = {isa = PBXBuildFile; fileRef = ED4D7D38675343A3A9B808E3 /* Inter_18pt-Thin.ttf */; };
		B255DE884DB945F38672D831 /* Inter_28pt-LightItalic.ttf in Resources */ = {isa = PBXBuildFile; fileRef = E6ED8FF33FAC4853A62B277E /* Inter_28pt-LightItalic.ttf */; };
		BE11F47BF35441008014234D /* Inter_28pt-BoldItalic.ttf in Resources */ = {isa = PBXBuildFile; fileRef = 0A0CFB2A591240B5A8B0448A /* Inter_28pt-BoldItalic.ttf */; };
		C1361CD6C1E14F6BA9737994 /* Inter_18pt-MediumItalic.ttf in Resources */ = {isa = PBXBuildFile; fileRef = 3210807939DF443B8821033A /* Inter_18pt-MediumItalic.ttf */; };
		C40ACB97E177469EB79CB1BD /* Inter_18pt-Light.ttf in Resources */ = {isa = PBXBuildFile; fileRef = 9FDC274D6F884BAEA429C2D5 /* Inter_18pt-Light.ttf */; };
		C7493AB007A347CABE6D00F4 /* Inter_24pt-SemiBold.ttf in Resources */ = {isa = PBXBuildFile; fileRef = 1BFB0B1478E84945ACBC9419 /* Inter_24pt-SemiBold.ttf */; };
		CD0A302238D84A51899387F9 /* Inter_24pt-Black.ttf in Resources */ = {isa = PBXBuildFile; fileRef = 1DE24A8222634EF7AF3C371A /* Inter_24pt-Black.ttf */; };
		CE29B7B077E84BE9AFFBE693 /* Inter_24pt-Bold.ttf in Resources */ = {isa = PBXBuildFile; fileRef = A5725E9334E847AA9EDEC2D8 /* Inter_24pt-Bold.ttf */; };
		CFC27CC798824339A0E8EC6A /* Inter_28pt-MediumItalic.ttf in Resources */ = {isa = PBXBuildFile; fileRef = 3323E57A7E244A05A10B8B6A /* Inter_28pt-MediumItalic.ttf */; };
		D14CCDEFFA0344FCA4DEA3C0 /* Inter_24pt-ExtraBoldItalic.ttf in Resources */ = {isa = PBXBuildFile; fileRef = 21A695613D5A4B4389CC37E0 /* Inter_24pt-ExtraBoldItalic.ttf */; };
		D310D1CBDC8A405E883E371B /* Inter_18pt-Italic.ttf in Resources */ = {isa = PBXBuildFile; fileRef = 85DEA849CCD04685AF7A4719 /* Inter_18pt-Italic.ttf */; };
		DF6C2BF47FD04BF0BB7B62EB /* Inter_18pt-ExtraBold.ttf in Resources */ = {isa = PBXBuildFile; fileRef = 282622DFDC4340FAB1F3D379 /* Inter_18pt-ExtraBold.ttf */; };
		E41031B4F5484B21B4DACCEB /* Inter_24pt-Italic.ttf in Resources */ = {isa = PBXBuildFile; fileRef = 76139FC70C0B4F01AF47168A /* Inter_24pt-Italic.ttf */; };
		EAB5C1BF3778477EA51EFC4D /* Inter_24pt-ExtraLightItalic.ttf in Resources */ = {isa = PBXBuildFile; fileRef = 05B2E8738BEC41FBBBB8F8C7 /* Inter_24pt-ExtraLightItalic.ttf */; };
		F2017E8D7BA74FCDB6D9CDCB /* Inter_28pt-Light.ttf in Resources */ = {isa = PBXBuildFile; fileRef = 7489C5C7A3484A038A603DAC /* Inter_28pt-Light.ttf */; };
		F2CCE28FFCCB4A98B83AA5AC /* Inter_18pt-ExtraLightItalic.ttf in Resources */ = {isa = PBXBuildFile; fileRef = 8ABE0E70AB3943B8B522E43A /* Inter_18pt-ExtraLightItalic.ttf */; };
		F718D4AFDF984645B8D8525B /* BootSplash.storyboard in Resources */ = {isa = PBXBuildFile; fileRef = 6C0D26CD3D0943EFB7ECD4E8 /* BootSplash.storyboard */; };
		FAF8A9673F1649679A624980 /* Inter_28pt-Bold.ttf in Resources */ = {isa = PBXBuildFile; fileRef = 175B65D9E96B42E0B9A3A565 /* Inter_28pt-Bold.ttf */; };
		FE001EA19CAA48069E24F2EE /* Inter_28pt-SemiBold.ttf in Resources */ = {isa = PBXBuildFile; fileRef = 97CB321E0C4B4A81B34A8601 /* Inter_28pt-SemiBold.ttf */; };
/* End PBXBuildFile section */

/* Begin PBXFileReference section */
		02F3F81015F34467AFE4BEBB /* Sunlight Dreams 2.otf */ = {isa = PBXFileReference; explicitFileType = undefined; fileEncoding = undefined; includeInIndex = 0; lastKnownFileType = unknown; name = "Sunlight Dreams 2.otf"; path = "../src/assets/fonts/Sunlight Dreams 2.otf"; sourceTree = "<group>"; };
		05B2E8738BEC41FBBBB8F8C7 /* Inter_24pt-ExtraLightItalic.ttf */ = {isa = PBXFileReference; explicitFileType = undefined; fileEncoding = undefined; includeInIndex = 0; lastKnownFileType = unknown; name = "Inter_24pt-ExtraLightItalic.ttf"; path = "../src/assets/fonts/inter/Inter_24pt-ExtraLightItalic.ttf"; sourceTree = "<group>"; };
		0A0CFB2A591240B5A8B0448A /* Inter_28pt-BoldItalic.ttf */ = {isa = PBXFileReference; explicitFileType = undefined; fileEncoding = undefined; includeInIndex = 0; lastKnownFileType = unknown; name = "Inter_28pt-BoldItalic.ttf"; path = "../src/assets/fonts/inter/Inter_28pt-BoldItalic.ttf"; sourceTree = "<group>"; };
		0E7D6C125FF0402CA9DE8133 /* Inter_28pt-ExtraLight.ttf */ = {isa = PBXFileReference; explicitFileType = undefined; fileEncoding = undefined; includeInIndex = 0; lastKnownFileType = unknown; name = "Inter_28pt-ExtraLight.ttf"; path = "../src/assets/fonts/inter/Inter_28pt-ExtraLight.ttf"; sourceTree = "<group>"; };
		11DA53C250404F69ABC9586E /* Inter_24pt-BoldItalic.ttf */ = {isa = PBXFileReference; explicitFileType = undefined; fileEncoding = undefined; includeInIndex = 0; lastKnownFileType = unknown; name = "Inter_24pt-BoldItalic.ttf"; path = "../src/assets/fonts/inter/Inter_24pt-BoldItalic.ttf"; sourceTree = "<group>"; };
		13B07F961A680F5B00A75B9A /* CosmicMarkcon.app */ = {isa = PBXFileReference; explicitFileType = wrapper.application; includeInIndex = 0; path = CosmicMarkcon.app; sourceTree = BUILT_PRODUCTS_DIR; };
		13B07FB51A68108700A75B9A /* Images.xcassets */ = {isa = PBXFileReference; lastKnownFileType = folder.assetcatalog; name = Images.xcassets; path = CosmicMarkcon/Images.xcassets; sourceTree = "<group>"; };
		13B07FB61A68108700A75B9A /* Info.plist */ = {isa = PBXFileReference; fileEncoding = 4; lastKnownFileType = text.plist.xml; name = Info.plist; path = CosmicMarkcon/Info.plist; sourceTree = "<group>"; };
		13B07FB81A68108700A75B9A /* PrivacyInfo.xcprivacy */ = {isa = PBXFileReference; fileEncoding = 4; lastKnownFileType = text.plist.xml; name = PrivacyInfo.xcprivacy; path = CosmicMarkcon/PrivacyInfo.xcprivacy; sourceTree = "<group>"; };
		13B07FBA1A68108700A75B9A /* GoogleService-Info.plist */ = {isa = PBXFileReference; fileEncoding = 4; lastKnownFileType = text.plist.xml; name = "GoogleService-Info.plist"; path = "CosmicMarkcon/GoogleService-Info.plist"; sourceTree = "<group>"; };
		175B65D9E96B42E0B9A3A565 /* Inter_28pt-Bold.ttf */ = {isa = PBXFileReference; explicitFileType = undefined; fileEncoding = undefined; includeInIndex = 0; lastKnownFileType = unknown; name = "Inter_28pt-Bold.ttf"; path = "../src/assets/fonts/inter/Inter_28pt-Bold.ttf"; sourceTree = "<group>"; };
		1BFB0B1478E84945ACBC9419 /* Inter_24pt-SemiBold.ttf */ = {isa = PBXFileReference; explicitFileType = undefined; fileEncoding = undefined; includeInIndex = 0; lastKnownFileType = unknown; name = "Inter_24pt-SemiBold.ttf"; path = "../src/assets/fonts/inter/Inter_24pt-SemiBold.ttf"; sourceTree = "<group>"; };
		1DE24A8222634EF7AF3C371A /* Inter_24pt-Black.ttf */ = {isa = PBXFileReference; explicitFileType = undefined; fileEncoding = undefined; includeInIndex = 0; lastKnownFileType = unknown; name = "Inter_24pt-Black.ttf"; path = "../src/assets/fonts/inter/Inter_24pt-Black.ttf"; sourceTree = "<group>"; };
		1F2742E3225B474CA7077430 /* Inter_24pt-Regular.ttf */ = {isa = PBXFileReference; explicitFileType = undefined; fileEncoding = undefined; includeInIndex = 0; lastKnownFileType = unknown; name = "Inter_24pt-Regular.ttf"; path = "../src/assets/fonts/inter/Inter_24pt-Regular.ttf"; sourceTree = "<group>"; };
		21A695613D5A4B4389CC37E0 /* Inter_24pt-ExtraBoldItalic.ttf */ = {isa = PBXFileReference; explicitFileType = undefined; fileEncoding = undefined; includeInIndex = 0; lastKnownFileType = unknown; name = "Inter_24pt-ExtraBoldItalic.ttf"; path = "../src/assets/fonts/inter/Inter_24pt-ExtraBoldItalic.ttf"; sourceTree = "<group>"; };
		25086C987DB743C6978774C0 /* Inter_28pt-BlackItalic.ttf */ = {isa = PBXFileReference; explicitFileType = undefined; fileEncoding = undefined; includeInIndex = 0; lastKnownFileType = unknown; name = "Inter_28pt-BlackItalic.ttf"; path = "../src/assets/fonts/inter/Inter_28pt-BlackItalic.ttf"; sourceTree = "<group>"; };
		282622DFDC4340FAB1F3D379 /* Inter_18pt-ExtraBold.ttf */ = {isa = PBXFileReference; explicitFileType = undefined; fileEncoding = undefined; includeInIndex = 0; lastKnownFileType = unknown; name = "Inter_18pt-ExtraBold.ttf"; path = "../src/assets/fonts/inter/Inter_18pt-ExtraBold.ttf"; sourceTree = "<group>"; };
		2EAF680B8E204C74860ADB4C /* Inter_28pt-ExtraBoldItalic.ttf */ = {isa = PBXFileReference; explicitFileType = undefined; fileEncoding = undefined; includeInIndex = 0; lastKnownFileType = unknown; name = "Inter_28pt-ExtraBoldItalic.ttf"; path = "../src/assets/fonts/inter/Inter_28pt-ExtraBoldItalic.ttf"; sourceTree = "<group>"; };
		30F1057D6F0A435BB6E5971F /* Sunlight Dreams.otf */ = {isa = PBXFileReference; explicitFileType = undefined; fileEncoding = undefined; includeInIndex = 0; lastKnownFileType = unknown; name = "Sunlight Dreams.otf"; path = "../src/assets/fonts/Sunlight Dreams.otf"; sourceTree = "<group>"; };
		3210807939DF443B8821033A /* Inter_18pt-MediumItalic.ttf */ = {isa = PBXFileReference; explicitFileType = undefined; fileEncoding = undefined; includeInIndex = 0; lastKnownFileType = unknown; name = "Inter_18pt-MediumItalic.ttf"; path = "../src/assets/fonts/inter/Inter_18pt-MediumItalic.ttf"; sourceTree = "<group>"; };
		3323E57A7E244A05A10B8B6A /* Inter_28pt-MediumItalic.ttf */ = {isa = PBXFileReference; explicitFileType = undefined; fileEncoding = undefined; includeInIndex = 0; lastKnownFileType = unknown; name = "Inter_28pt-MediumItalic.ttf"; path = "../src/assets/fonts/inter/Inter_28pt-MediumItalic.ttf"; sourceTree = "<group>"; };
		38E4E9273AF14F888F008A34 /* Inter_24pt-LightItalic.ttf */ = {isa = PBXFileReference; explicitFileType = undefined; fileEncoding = undefined; includeInIndex = 0; lastKnownFileType = unknown; name = "Inter_24pt-LightItalic.ttf"; path = "../src/assets/fonts/inter/Inter_24pt-LightItalic.ttf"; sourceTree = "<group>"; };
		39C2230C0BEC4A859D4F3587 /* Inter_18pt-ExtraLight.ttf */ = {isa = PBXFileReference; explicitFileType = undefined; fileEncoding = undefined; includeInIndex = 0; lastKnownFileType = unknown; name = "Inter_18pt-ExtraLight.ttf"; path = "../src/assets/fonts/inter/Inter_18pt-ExtraLight.ttf"; sourceTree = "<group>"; };
		3B4392A12AC88292D35C810B /* Pods-CosmicMarkcon.debug.xcconfig */ = {isa = PBXFileReference; includeInIndex = 1; lastKnownFileType = text.xcconfig; name = "Pods-CosmicMarkcon.debug.xcconfig"; path = "Target Support Files/Pods-CosmicMarkcon/Pods-CosmicMarkcon.debug.xcconfig"; sourceTree = "<group>"; };
		40DDA7506EF84B079CC5AAED /* Inter_24pt-Light.ttf */ = {isa = PBXFileReference; explicitFileType = undefined; fileEncoding = undefined; includeInIndex = 0; lastKnownFileType = unknown; name = "Inter_24pt-Light.ttf"; path = "../src/assets/fonts/inter/Inter_24pt-Light.ttf"; sourceTree = "<group>"; };
		49A34B637C344282820098DB /* Inter_24pt-SemiBoldItalic.ttf */ = {isa = PBXFileReference; explicitFileType = undefined; fileEncoding = undefined; includeInIndex = 0; lastKnownFileType = unknown; name = "Inter_24pt-SemiBoldItalic.ttf"; path = "../src/assets/fonts/inter/Inter_24pt-SemiBoldItalic.ttf"; sourceTree = "<group>"; };
		52185458051A421682179F52 /* Inter_28pt-ExtraBold.ttf */ = {isa = PBXFileReference; explicitFileType = undefined; fileEncoding = undefined; includeInIndex = 0; lastKnownFileType = unknown; name = "Inter_28pt-ExtraBold.ttf"; path = "../src/assets/fonts/inter/Inter_28pt-ExtraBold.ttf"; sourceTree = "<group>"; };
		5628C3A95FD444668A2BFF81 /* Inter_18pt-ThinItalic.ttf */ = {isa = PBXFileReference; explicitFileType = undefined; fileEncoding = undefined; includeInIndex = 0; lastKnownFileType = unknown; name = "Inter_18pt-ThinItalic.ttf"; path = "../src/assets/fonts/inter/Inter_18pt-ThinItalic.ttf"; sourceTree = "<group>"; };
		5709B34CF0A7D63546082F79 /* Pods-CosmicMarkcon.release.xcconfig */ = {isa = PBXFileReference; includeInIndex = 1; lastKnownFileType = text.xcconfig; name = "Pods-CosmicMarkcon.release.xcconfig"; path = "Target Support Files/Pods-CosmicMarkcon/Pods-CosmicMarkcon.release.xcconfig"; sourceTree = "<group>"; };
		575E43ADBF304428BCCCB44F /* Inter_18pt-Medium.ttf */ = {isa = PBXFileReference; explicitFileType = undefined; fileEncoding = undefined; includeInIndex = 0; lastKnownFileType = unknown; name = "Inter_18pt-Medium.ttf"; path = "../src/assets/fonts/inter/Inter_18pt-Medium.ttf"; sourceTree = "<group>"; };
		6C0D26CD3D0943EFB7ECD4E8 /* BootSplash.storyboard */ = {isa = PBXFileReference; explicitFileType = undefined; fileEncoding = 9; includeInIndex = 0; lastKnownFileType = unknown; name = BootSplash.storyboard; path = CosmicMarkcon/BootSplash.storyboard; sourceTree = "<group>"; };
		7257941FAEF64CABAE8ED200 /* Inter_28pt-Medium.ttf */ = {isa = PBXFileReference; explicitFileType = undefined; fileEncoding = undefined; includeInIndex = 0; lastKnownFileType = unknown; name = "Inter_28pt-Medium.ttf"; path = "../src/assets/fonts/inter/Inter_28pt-Medium.ttf"; sourceTree = "<group>"; };
		7489C5C7A3484A038A603DAC /* Inter_28pt-Light.ttf */ = {isa = PBXFileReference; explicitFileType = undefined; fileEncoding = undefined; includeInIndex = 0; lastKnownFileType = unknown; name = "Inter_28pt-Light.ttf"; path = "../src/assets/fonts/inter/Inter_28pt-Light.ttf"; sourceTree = "<group>"; };
		76139FC70C0B4F01AF47168A /* Inter_24pt-Italic.ttf */ = {isa = PBXFileReference; explicitFileType = undefined; fileEncoding = undefined; includeInIndex = 0; lastKnownFileType = unknown; name = "Inter_24pt-Italic.ttf"; path = "../src/assets/fonts/inter/Inter_24pt-Italic.ttf"; sourceTree = "<group>"; };
		761780EC2CA45674006654EE /* AppDelegate.swift */ = {isa = PBXFileReference; lastKnownFileType = sourcecode.swift; name = AppDelegate.swift; path = CosmicMarkcon/AppDelegate.swift; sourceTree = "<group>"; };
		7BCE9A96A79D46B187508DED /* Inter_24pt-Thin.ttf */ = {isa = PBXFileReference; explicitFileType = undefined; fileEncoding = undefined; includeInIndex = 0; lastKnownFileType = unknown; name = "Inter_24pt-Thin.ttf"; path = "../src/assets/fonts/inter/Inter_24pt-Thin.ttf"; sourceTree = "<group>"; };
		7C1F9006547B4675A39AC52C /* Inter_24pt-MediumItalic.ttf */ = {isa = PBXFileReference; explicitFileType = undefined; fileEncoding = undefined; includeInIndex = 0; lastKnownFileType = unknown; name = "Inter_24pt-MediumItalic.ttf"; path = "../src/assets/fonts/inter/Inter_24pt-MediumItalic.ttf"; sourceTree = "<group>"; };
		812C23C54F4F481585050DDA /* Inter_24pt-BlackItalic.ttf */ = {isa = PBXFileReference; explicitFileType = undefined; fileEncoding = undefined; includeInIndex = 0; lastKnownFileType = unknown; name = "Inter_24pt-BlackItalic.ttf"; path = "../src/assets/fonts/inter/Inter_24pt-BlackItalic.ttf"; sourceTree = "<group>"; };
		81AB9BB72411601600AC10FF /* LaunchScreen.storyboard */ = {isa = PBXFileReference; fileEncoding = 4; lastKnownFileType = file.storyboard; name = LaunchScreen.storyboard; path = CosmicMarkcon/LaunchScreen.storyboard; sourceTree = "<group>"; };
		83E3F255D1E4401EA1FA1B19 /* Inter_28pt-Regular.ttf */ = {isa = PBXFileReference; explicitFileType = undefined; fileEncoding = undefined; includeInIndex = 0; lastKnownFileType = unknown; name = "Inter_28pt-Regular.ttf"; path = "../src/assets/fonts/inter/Inter_28pt-Regular.ttf"; sourceTree = "<group>"; };
		85DEA849CCD04685AF7A4719 /* Inter_18pt-Italic.ttf */ = {isa = PBXFileReference; explicitFileType = undefined; fileEncoding = undefined; includeInIndex = 0; lastKnownFileType = unknown; name = "Inter_18pt-Italic.ttf"; path = "../src/assets/fonts/inter/Inter_18pt-Italic.ttf"; sourceTree = "<group>"; };
		874367D125034AF58EAD7E82 /* Inter_18pt-BoldItalic.ttf */ = {isa = PBXFileReference; explicitFileType = undefined; fileEncoding = undefined; includeInIndex = 0; lastKnownFileType = unknown; name = "Inter_18pt-BoldItalic.ttf"; path = "../src/assets/fonts/inter/Inter_18pt-BoldItalic.ttf"; sourceTree = "<group>"; };
		89619E094B724719BC6DB202 /* Inter_18pt-Black.ttf */ = {isa = PBXFileReference; explicitFileType = undefined; fileEncoding = undefined; includeInIndex = 0; lastKnownFileType = unknown; name = "Inter_18pt-Black.ttf"; path = "../src/assets/fonts/inter/Inter_18pt-Black.ttf"; sourceTree = "<group>"; };
		8ABE0E70AB3943B8B522E43A /* Inter_18pt-ExtraLightItalic.ttf */ = {isa = PBXFileReference; explicitFileType = undefined; fileEncoding = undefined; includeInIndex = 0; lastKnownFileType = unknown; name = "Inter_18pt-ExtraLightItalic.ttf"; path = "../src/assets/fonts/inter/Inter_18pt-ExtraLightItalic.ttf"; sourceTree = "<group>"; };
		957C72FBFDD84AE38C12E5A5 /* Inter_28pt-Italic.ttf */ = {isa = PBXFileReference; explicitFileType = undefined; fileEncoding = undefined; includeInIndex = 0; lastKnownFileType = unknown; name = "Inter_28pt-Italic.ttf"; path = "../src/assets/fonts/inter/Inter_28pt-Italic.ttf"; sourceTree = "<group>"; };
		97CB321E0C4B4A81B34A8601 /* Inter_28pt-SemiBold.ttf */ = {isa = PBXFileReference; explicitFileType = undefined; fileEncoding = undefined; includeInIndex = 0; lastKnownFileType = unknown; name = "Inter_28pt-SemiBold.ttf"; path = "../src/assets/fonts/inter/Inter_28pt-SemiBold.ttf"; sourceTree = "<group>"; };
		9A2E50A72F5023EC0033AB00 /* CosmicMarkcon.entitlements */ = {isa = PBXFileReference; lastKnownFileType = text.plist.entitlements; name = CosmicMarkcon.entitlements; path = CosmicMarkcon/CosmicMarkcon.entitlements; sourceTree = "<group>"; };
		9A41041F2ECC2D7000F85A9A /* StoreKit.framework */ = {isa = PBXFileReference; lastKnownFileType = wrapper.framework; name = StoreKit.framework; path = System/Library/Frameworks/StoreKit.framework; sourceTree = SDKROOT; };
		9FDC274D6F884BAEA429C2D5 /* Inter_18pt-Light.ttf */ = {isa = PBXFileReference; explicitFileType = undefined; fileEncoding = undefined; includeInIndex = 0; lastKnownFileType = unknown; name = "Inter_18pt-Light.ttf"; path = "../src/assets/fonts/inter/Inter_18pt-Light.ttf"; sourceTree = "<group>"; };
		A465DA7BAB554578978E72D9 /* Inter_24pt-ThinItalic.ttf */ = {isa = PBXFileReference; explicitFileType = undefined; fileEncoding = undefined; includeInIndex = 0; lastKnownFileType = unknown; name = "Inter_24pt-ThinItalic.ttf"; path = "../src/assets/fonts/inter/Inter_24pt-ThinItalic.ttf"; sourceTree = "<group>"; };
		A472812AB7904AF9B102E80A /* Inter_28pt-ExtraLightItalic.ttf */ = {isa = PBXFileReference; explicitFileType = undefined; fileEncoding = undefined; includeInIndex = 0; lastKnownFileType = unknown; name = "Inter_28pt-ExtraLightItalic.ttf"; path = "../src/assets/fonts/inter/Inter_28pt-ExtraLightItalic.ttf"; sourceTree = "<group>"; };
		A5725E9334E847AA9EDEC2D8 /* Inter_24pt-Bold.ttf */ = {isa = PBXFileReference; explicitFileType = undefined; fileEncoding = undefined; includeInIndex = 0; lastKnownFileType = unknown; name = "Inter_24pt-Bold.ttf"; path = "../src/assets/fonts/inter/Inter_24pt-Bold.ttf"; sourceTree = "<group>"; };
		B15111929D1E4BA2B1181CBF /* Inter_18pt-Regular.ttf */ = {isa = PBXFileReference; explicitFileType = undefined; fileEncoding = undefined; includeInIndex = 0; lastKnownFileType = unknown; name = "Inter_18pt-Regular.ttf"; path = "../src/assets/fonts/inter/Inter_18pt-Regular.ttf"; sourceTree = "<group>"; };
		BB8C813CA94B4F3AB9A80BC2 /* Inter_24pt-ExtraBold.ttf */ = {isa = PBXFileReference; explicitFileType = undefined; fileEncoding = undefined; includeInIndex = 0; lastKnownFileType = unknown; name = "Inter_24pt-ExtraBold.ttf"; path = "../src/assets/fonts/inter/Inter_24pt-ExtraBold.ttf"; sourceTree = "<group>"; };
		BC9C7966F16A410BA6F3F590 /* Inter_28pt-ThinItalic.ttf */ = {isa = PBXFileReference; explicitFileType = undefined; fileEncoding = undefined; includeInIndex = 0; lastKnownFileType = unknown; name = "Inter_28pt-ThinItalic.ttf"; path = "../src/assets/fonts/inter/Inter_28pt-ThinItalic.ttf"; sourceTree = "<group>"; };
		C49EB144CDEC4F51A0A502FC /* Inter_18pt-Bold.ttf */ = {isa = PBXFileReference; explicitFileType = undefined; fileEncoding = undefined; includeInIndex = 0; lastKnownFileType = unknown; name = "Inter_18pt-Bold.ttf"; path = "../src/assets/fonts/inter/Inter_18pt-Bold.ttf"; sourceTree = "<group>"; };
		C4CC8FE031F342C1A462CC22 /* Inter_24pt-ExtraLight.ttf */ = {isa = PBXFileReference; explicitFileType = undefined; fileEncoding = undefined; includeInIndex = 0; lastKnownFileType = unknown; name = "Inter_24pt-ExtraLight.ttf"; path = "../src/assets/fonts/inter/Inter_24pt-ExtraLight.ttf"; sourceTree = "<group>"; };
		CD8400F52C3B429BA87803B5 /* Inter_28pt-Black.ttf */ = {isa = PBXFileReference; explicitFileType = undefined; fileEncoding = undefined; includeInIndex = 0; lastKnownFileType = unknown; name = "Inter_28pt-Black.ttf"; path = "../src/assets/fonts/inter/Inter_28pt-Black.ttf"; sourceTree = "<group>"; };
		CFCD529D3A01402EB9F87328 /* Inter_18pt-SemiBoldItalic.ttf */ = {isa = PBXFileReference; explicitFileType = undefined; fileEncoding = undefined; includeInIndex = 0; lastKnownFileType = unknown; name = "Inter_18pt-SemiBoldItalic.ttf"; path = "../src/assets/fonts/inter/Inter_18pt-SemiBoldItalic.ttf"; sourceTree = "<group>"; };
		D220CF4813ED17D9FDC5F2FC /* Pods_CosmicMarkcon.framework */ = {isa = PBXFileReference; explicitFileType = wrapper.framework; includeInIndex = 0; path = Pods_CosmicMarkcon.framework; sourceTree = BUILT_PRODUCTS_DIR; };
		D2A1579135C34EA9BA206473 /* Inter_18pt-BlackItalic.ttf */ = {isa = PBXFileReference; explicitFileType = undefined; fileEncoding = undefined; includeInIndex = 0; lastKnownFileType = unknown; name = "Inter_18pt-BlackItalic.ttf"; path = "../src/assets/fonts/inter/Inter_18pt-BlackItalic.ttf"; sourceTree = "<group>"; };
		D4AE951BC03640D3BFDADD28 /* Inter_18pt-SemiBold.ttf */ = {isa = PBXFileReference; explicitFileType = undefined; fileEncoding = undefined; includeInIndex = 0; lastKnownFileType = unknown; name = "Inter_18pt-SemiBold.ttf"; path = "../src/assets/fonts/inter/Inter_18pt-SemiBold.ttf"; sourceTree = "<group>"; };
		DBDFA7EC753D412ABF649D57 /* Inter_28pt-SemiBoldItalic.ttf */ = {isa = PBXFileReference; explicitFileType = undefined; fileEncoding = undefined; includeInIndex = 0; lastKnownFileType = unknown; name = "Inter_28pt-SemiBoldItalic.ttf"; path = "../src/assets/fonts/inter/Inter_28pt-SemiBoldItalic.ttf"; sourceTree = "<group>"; };
		DE14D566C2C646A9BD107D0E /* Inter_18pt-LightItalic.ttf */ = {isa = PBXFileReference; explicitFileType = undefined; fileEncoding = undefined; includeInIndex = 0; lastKnownFileType = unknown; name = "Inter_18pt-LightItalic.ttf"; path = "../src/assets/fonts/inter/Inter_18pt-LightItalic.ttf"; sourceTree = "<group>"; };
		E21BEEACEC354C65A69E9C7B /* Inter_28pt-Thin.ttf */ = {isa = PBXFileReference; explicitFileType = undefined; fileEncoding = undefined; includeInIndex = 0; lastKnownFileType = unknown; name = "Inter_28pt-Thin.ttf"; path = "../src/assets/fonts/inter/Inter_28pt-Thin.ttf"; sourceTree = "<group>"; };
		E49BE9F5394F44F8B1EE26C7 /* Colors.xcassets */ = {isa = PBXFileReference; explicitFileType = undefined; fileEncoding = 9; includeInIndex = 0; lastKnownFileType = folder.assetcatalog; name = Colors.xcassets; path = CosmicMarkcon/Colors.xcassets; sourceTree = "<group>"; };
		E6ED8FF33FAC4853A62B277E /* Inter_28pt-LightItalic.ttf */ = {isa = PBXFileReference; explicitFileType = undefined; fileEncoding = undefined; includeInIndex = 0; lastKnownFileType = unknown; name = "Inter_28pt-LightItalic.ttf"; path = "../src/assets/fonts/inter/Inter_28pt-LightItalic.ttf"; sourceTree = "<group>"; };
		E96EDD981FFB419E94977553 /* Inter_18pt-ExtraBoldItalic.ttf */ = {isa = PBXFileReference; explicitFileType = undefined; fileEncoding = undefined; includeInIndex = 0; lastKnownFileType = unknown; name = "Inter_18pt-ExtraBoldItalic.ttf"; path = "../src/assets/fonts/inter/Inter_18pt-ExtraBoldItalic.ttf"; sourceTree = "<group>"; };
		ED297162215061F000B7C4FE /* JavaScriptCore.framework */ = {isa = PBXFileReference; lastKnownFileType = wrapper.framework; name = JavaScriptCore.framework; path = System/Library/Frameworks/JavaScriptCore.framework; sourceTree = SDKROOT; };
		ED4D7D38675343A3A9B808E3 /* Inter_18pt-Thin.ttf */ = {isa = PBXFileReference; explicitFileType = undefined; fileEncoding = undefined; includeInIndex = 0; lastKnownFileType = unknown; name = "Inter_18pt-Thin.ttf"; path = "../src/assets/fonts/inter/Inter_18pt-Thin.ttf"; sourceTree = "<group>"; };
		F95E5817C9314EE798221F8B /* Inter_24pt-Medium.ttf */ = {isa = PBXFileReference; explicitFileType = undefined; fileEncoding = undefined; includeInIndex = 0; lastKnownFileType = unknown; name = "Inter_24pt-Medium.ttf"; path = "../src/assets/fonts/inter/Inter_24pt-Medium.ttf"; sourceTree = "<group>"; };
/* End PBXFileReference section */

/* Begin PBXFrameworksBuildPhase section */
		13B07F8C1A680F5B00A75B9A /* Frameworks */ = {
			isa = PBXFrameworksBuildPhase;
			buildActionMask = 2147483647;
			files = (
				9A4104202ECC2D7000F85A9A /* StoreKit.framework in Frameworks */,
				3183315760EE01A4334DECD2 /* Pods_CosmicMarkcon.framework in Frameworks */,
			);
			runOnlyForDeploymentPostprocessing = 0;
		};
/* End PBXFrameworksBuildPhase section */

/* Begin PBXGroup section */
		13B07FAE1A68108700A75B9A /* CosmicMarkcon */ = {
			isa = PBXGroup;
			children = (
				9A2E50A72F5023EC0033AB00 /* CosmicMarkcon.entitlements */,
				13B07FB51A68108700A75B9A /* Images.xcassets */,
				761780EC2CA45674006654EE /* AppDelegate.swift */,
				13B07FB61A68108700A75B9A /* Info.plist */,
				13B07FBA1A68108700A75B9A /* GoogleService-Info.plist */,
				81AB9BB72411601600AC10FF /* LaunchScreen.storyboard */,
				13B07FB81A68108700A75B9A /* PrivacyInfo.xcprivacy */,
				6C0D26CD3D0943EFB7ECD4E8 /* BootSplash.storyboard */,
				E49BE9F5394F44F8B1EE26C7 /* Colors.xcassets */,
			);
			name = CosmicMarkcon;
			sourceTree = "<group>";
		};
		2D16E6871FA4F8E400B85C8A /* Frameworks */ = {
			isa = PBXGroup;
			children = (
				9A41041F2ECC2D7000F85A9A /* StoreKit.framework */,
				ED297162215061F000B7C4FE /* JavaScriptCore.framework */,
				D220CF4813ED17D9FDC5F2FC /* Pods_CosmicMarkcon.framework */,
			);
			name = Frameworks;
			sourceTree = "<group>";
		};
		6D650186F45041CEA65179F2 /* Resources */ = {
			isa = PBXGroup;
			children = (
				02F3F81015F34467AFE4BEBB /* Sunlight Dreams 2.otf */,
				30F1057D6F0A435BB6E5971F /* Sunlight Dreams.otf */,
				E6ED8FF33FAC4853A62B277E /* Inter_28pt-LightItalic.ttf */,
				E96EDD981FFB419E94977553 /* Inter_18pt-ExtraBoldItalic.ttf */,
				F95E5817C9314EE798221F8B /* Inter_24pt-Medium.ttf */,
				A472812AB7904AF9B102E80A /* Inter_28pt-ExtraLightItalic.ttf */,
				175B65D9E96B42E0B9A3A565 /* Inter_28pt-Bold.ttf */,
				0E7D6C125FF0402CA9DE8133 /* Inter_28pt-ExtraLight.ttf */,
				E21BEEACEC354C65A69E9C7B /* Inter_28pt-Thin.ttf */,
				BC9C7966F16A410BA6F3F590 /* Inter_28pt-ThinItalic.ttf */,
				BB8C813CA94B4F3AB9A80BC2 /* Inter_24pt-ExtraBold.ttf */,
				1BFB0B1478E84945ACBC9419 /* Inter_24pt-SemiBold.ttf */,
				0A0CFB2A591240B5A8B0448A /* Inter_28pt-BoldItalic.ttf */,
				1F2742E3225B474CA7077430 /* Inter_24pt-Regular.ttf */,
				2EAF680B8E204C74860ADB4C /* Inter_28pt-ExtraBoldItalic.ttf */,
				DE14D566C2C646A9BD107D0E /* Inter_18pt-LightItalic.ttf */,
				39C2230C0BEC4A859D4F3587 /* Inter_18pt-ExtraLight.ttf */,
				5628C3A95FD444668A2BFF81 /* Inter_18pt-ThinItalic.ttf */,
				282622DFDC4340FAB1F3D379 /* Inter_18pt-ExtraBold.ttf */,
				874367D125034AF58EAD7E82 /* Inter_18pt-BoldItalic.ttf */,
				7489C5C7A3484A038A603DAC /* Inter_28pt-Light.ttf */,
				ED4D7D38675343A3A9B808E3 /* Inter_18pt-Thin.ttf */,
				7257941FAEF64CABAE8ED200 /* Inter_28pt-Medium.ttf */,
				D2A1579135C34EA9BA206473 /* Inter_18pt-BlackItalic.ttf */,
				25086C987DB743C6978774C0 /* Inter_28pt-BlackItalic.ttf */,
				C49EB144CDEC4F51A0A502FC /* Inter_18pt-Bold.ttf */,
				8ABE0E70AB3943B8B522E43A /* Inter_18pt-ExtraLightItalic.ttf */,
				575E43ADBF304428BCCCB44F /* Inter_18pt-Medium.ttf */,
				05B2E8738BEC41FBBBB8F8C7 /* Inter_24pt-ExtraLightItalic.ttf */,
				89619E094B724719BC6DB202 /* Inter_18pt-Black.ttf */,
				40DDA7506EF84B079CC5AAED /* Inter_24pt-Light.ttf */,
				DBDFA7EC753D412ABF649D57 /* Inter_28pt-SemiBoldItalic.ttf */,
				21A695613D5A4B4389CC37E0 /* Inter_24pt-ExtraBoldItalic.ttf */,
				7C1F9006547B4675A39AC52C /* Inter_24pt-MediumItalic.ttf */,
				97CB321E0C4B4A81B34A8601 /* Inter_28pt-SemiBold.ttf */,
				3210807939DF443B8821033A /* Inter_18pt-MediumItalic.ttf */,
				812C23C54F4F481585050DDA /* Inter_24pt-BlackItalic.ttf */,
				957C72FBFDD84AE38C12E5A5 /* Inter_28pt-Italic.ttf */,
				7BCE9A96A79D46B187508DED /* Inter_24pt-Thin.ttf */,
				49A34B637C344282820098DB /* Inter_24pt-SemiBoldItalic.ttf */,
				1DE24A8222634EF7AF3C371A /* Inter_24pt-Black.ttf */,
				9FDC274D6F884BAEA429C2D5 /* Inter_18pt-Light.ttf */,
				83E3F255D1E4401EA1FA1B19 /* Inter_28pt-Regular.ttf */,
				3323E57A7E244A05A10B8B6A /* Inter_28pt-MediumItalic.ttf */,
				52185458051A421682179F52 /* Inter_28pt-ExtraBold.ttf */,
				A5725E9334E847AA9EDEC2D8 /* Inter_24pt-Bold.ttf */,
				85DEA849CCD04685AF7A4719 /* Inter_18pt-Italic.ttf */,
				CD8400F52C3B429BA87803B5 /* Inter_28pt-Black.ttf */,
				CFCD529D3A01402EB9F87328 /* Inter_18pt-SemiBoldItalic.ttf */,
				11DA53C250404F69ABC9586E /* Inter_24pt-BoldItalic.ttf */,
				D4AE951BC03640D3BFDADD28 /* Inter_18pt-SemiBold.ttf */,
				A465DA7BAB554578978E72D9 /* Inter_24pt-ThinItalic.ttf */,
				B15111929D1E4BA2B1181CBF /* Inter_18pt-Regular.ttf */,
				C4CC8FE031F342C1A462CC22 /* Inter_24pt-ExtraLight.ttf */,
				76139FC70C0B4F01AF47168A /* Inter_24pt-Italic.ttf */,
				38E4E9273AF14F888F008A34 /* Inter_24pt-LightItalic.ttf */,
			);
			name = Resources;
			sourceTree = "<group>";
		};
		832341AE1AAA6A7D00B99B32 /* Libraries */ = {
			isa = PBXGroup;
			children = (
			);
			name = Libraries;
			sourceTree = "<group>";
		};
		83CBB9F61A601CBA00E9B192 = {
			isa = PBXGroup;
			children = (
				13B07FAE1A68108700A75B9A /* CosmicMarkcon */,
				832341AE1AAA6A7D00B99B32 /* Libraries */,
				83CBBA001A601CBA00E9B192 /* Products */,
				2D16E6871FA4F8E400B85C8A /* Frameworks */,
				BBD78D7AC51CEA395F1C20DB /* Pods */,
				6D650186F45041CEA65179F2 /* Resources */,
			);
			indentWidth = 2;
			sourceTree = "<group>";
			tabWidth = 2;
			usesTabs = 0;
		};
		83CBBA001A601CBA00E9B192 /* Products */ = {
			isa = PBXGroup;
			children = (
				13B07F961A680F5B00A75B9A /* CosmicMarkcon.app */,
			);
			name = Products;
			sourceTree = "<group>";
		};
		BBD78D7AC51CEA395F1C20DB /* Pods */ = {
			isa = PBXGroup;
			children = (
				3B4392A12AC88292D35C810B /* Pods-CosmicMarkcon.debug.xcconfig */,
				5709B34CF0A7D63546082F79 /* Pods-CosmicMarkcon.release.xcconfig */,
			);
			path = Pods;
			sourceTree = "<group>";
		};
/* End PBXGroup section */

/* Begin PBXNativeTarget section */
		13B07F861A680F5B00A75B9A /* CosmicMarkcon */ = {
			isa = PBXNativeTarget;
			buildConfigurationList = 13B07F931A680F5B00A75B9A /* Build configuration list for PBXNativeTarget "CosmicMarkcon" */;
			buildPhases = (
				C38B50BA6285516D6DCD4F65 /* [CP] Check Pods Manifest.lock */,
				13B07F871A680F5B00A75B9A /* Sources */,
				13B07F8C1A680F5B00A75B9A /* Frameworks */,
				13B07F8E1A680F5B00A75B9A /* Resources */,
				00DD1BFF1BD5951E006B06BC /* Bundle React Native code and images */,
				00EEFC60759A1932668264C0 /* [CP] Embed Pods Frameworks */,
				E235C05ADACE081382539298 /* [CP] Copy Pods Resources */,
				DD53D572395EF4A8D48DE401 /* [CP-User] [RNFB] Core Configuration */,
				A7128E481EFDC1BD372DF268 /* [CP-User] [RNFB] Crashlytics Configuration */,
				06F9FB83E3344AA8A8CAE6C9 /* Upload Debug Symbols to Sentry */,
			);
			buildRules = (
			);
			dependencies = (
			);
			name = CosmicMarkcon;
			productName = CosmicMarkcon;
			productReference = 13B07F961A680F5B00A75B9A /* CosmicMarkcon.app */;
			productType = "com.apple.product-type.application";
		};
/* End PBXNativeTarget section */

/* Begin PBXProject section */
		83CBB9F71A601CBA00E9B192 /* Project object */ = {
			isa = PBXProject;
			attributes = {
				LastUpgradeCheck = 1210;
				TargetAttributes = {
					13B07F861A680F5B00A75B9A = {
						LastSwiftMigration = 1120;
					};
				};
			};
			buildConfigurationList = 83CBB9FA1A601CBA00E9B192 /* Build configuration list for PBXProject "CosmicMarkcon" */;
			compatibilityVersion = "Xcode 12.0";
			developmentRegion = en;
			hasScannedForEncodings = 0;
			knownRegions = (
				en,
				Base,
			);
			mainGroup = 83CBB9F61A601CBA00E9B192;
			productRefGroup = 83CBBA001A601CBA00E9B192 /* Products */;
			projectDirPath = "";
			projectRoot = "";
			targets = (
				13B07F861A680F5B00A75B9A /* CosmicMarkcon */,
			);
		};
/* End PBXProject section */

/* Begin PBXResourcesBuildPhase section */
		13B07F8E1A680F5B00A75B9A /* Resources */ = {
			isa = PBXResourcesBuildPhase;
			buildActionMask = 2147483647;
			files = (
				81AB9BB82411601600AC10FF /* LaunchScreen.storyboard in Resources */,
				13B07FBF1A68108700A75B9A /* Images.xcassets in Resources */,
				13B07FC01A68108700A75B9A /* GoogleService-Info.plist in Resources */,
				8D3CE1BAE12C87FD46EC07D1 /* PrivacyInfo.xcprivacy in Resources */,
				F718D4AFDF984645B8D8525B /* BootSplash.storyboard in Resources */,
				4E53C77EAC3647ECAC570F65 /* Colors.xcassets in Resources */,
				0644E725694E40E8A255AEFF /* Sunlight Dreams 2.otf in Resources */,
				35C82AE98DBF47F2B792A538 /* Sunlight Dreams.otf in Resources */,
				B255DE884DB945F38672D831 /* Inter_28pt-LightItalic.ttf in Resources */,
				58619019ABB14C449FDEF2A0 /* Inter_18pt-ExtraBoldItalic.ttf in Resources */,
				1C4613BBD67B42B4BD0F2BC5 /* Inter_24pt-Medium.ttf in Resources */,
				7E011639BFB047BDB3B2830B /* Inter_28pt-ExtraLightItalic.ttf in Resources */,
				FAF8A9673F1649679A624980 /* Inter_28pt-Bold.ttf in Resources */,
				4F0D3E44256C47EB9713FDE4 /* Inter_28pt-ExtraLight.ttf in Resources */,
				A3054F21190841B696EE597F /* Inter_28pt-Thin.ttf in Resources */,
				773E553A91CC48D29C548AB9 /* Inter_28pt-ThinItalic.ttf in Resources */,
				9A42F48AAB2E48968DE06D70 /* Inter_24pt-ExtraBold.ttf in Resources */,
				C7493AB007A347CABE6D00F4 /* Inter_24pt-SemiBold.ttf in Resources */,
				BE11F47BF35441008014234D /* Inter_28pt-BoldItalic.ttf in Resources */,
				1DD745EFF06A4FD9A1DA0D80 /* Inter_24pt-Regular.ttf in Resources */,
				5E98B0C70EA24F3EB6D5BADD /* Inter_28pt-ExtraBoldItalic.ttf in Resources */,
				7CF912B0A526403AA034C6A9 /* Inter_18pt-LightItalic.ttf in Resources */,
				3201252703484FCFA4CF1955 /* Inter_18pt-ExtraLight.ttf in Resources */,
				828F05695C6943F1B3E0984E /* Inter_18pt-ThinItalic.ttf in Resources */,
				DF6C2BF47FD04BF0BB7B62EB /* Inter_18pt-ExtraBold.ttf in Resources */,
				9117AC0D02AE4CCB8F963A72 /* Inter_18pt-BoldItalic.ttf in Resources */,
				F2017E8D7BA74FCDB6D9CDCB /* Inter_28pt-Light.ttf in Resources */,
				A375BCA10E0D4A79AC0696F1 /* Inter_18pt-Thin.ttf in Resources */,
				6914FB61B2D04492B4357A45 /* Inter_28pt-Medium.ttf in Resources */,
				1E17639A10D94E6980B1C34A /* Inter_18pt-BlackItalic.ttf in Resources */,
				98CE46FEA22F4681BC141A12 /* Inter_28pt-BlackItalic.ttf in Resources */,
				98BDEBC70ED543D5A091439E /* Inter_18pt-Bold.ttf in Resources */,
				F2CCE28FFCCB4A98B83AA5AC /* Inter_18pt-ExtraLightItalic.ttf in Resources */,
				16B64C74D86E4870B9F7BD04 /* Inter_18pt-Medium.ttf in Resources */,
				EAB5C1BF3778477EA51EFC4D /* Inter_24pt-ExtraLightItalic.ttf in Resources */,
				9A573E5C3933488084CB338C /* Inter_18pt-Black.ttf in Resources */,
				0F974BA3A8A7416DB6135EAC /* Inter_24pt-Light.ttf in Resources */,
				64C207860E244D4BB3BE1E39 /* Inter_28pt-SemiBoldItalic.ttf in Resources */,
				D14CCDEFFA0344FCA4DEA3C0 /* Inter_24pt-ExtraBoldItalic.ttf in Resources */,
				6539DE0E829B4D61A053F569 /* Inter_24pt-MediumItalic.ttf in Resources */,
				FE001EA19CAA48069E24F2EE /* Inter_28pt-SemiBold.ttf in Resources */,
				C1361CD6C1E14F6BA9737994 /* Inter_18pt-MediumItalic.ttf in Resources */,
				98EFDA0227B5439FA67D751D /* Inter_24pt-BlackItalic.ttf in Resources */,
				9650234A011E4A10BF8CCE4C /* Inter_28pt-Italic.ttf in Resources */,
				14A1E3430A1A48D5B7ACB282 /* Inter_24pt-Thin.ttf in Resources */,
				4D78426ACCB14A119721307B /* Inter_24pt-SemiBoldItalic.ttf in Resources */,
				CD0A302238D84A51899387F9 /* Inter_24pt-Black.ttf in Resources */,
				C40ACB97E177469EB79CB1BD /* Inter_18pt-Light.ttf in Resources */,
				48372E1D8F6549049103D6DE /* Inter_28pt-Regular.ttf in Resources */,
				CFC27CC798824339A0E8EC6A /* Inter_28pt-MediumItalic.ttf in Resources */,
				552AAE61A6484871BEB6BE54 /* Inter_28pt-ExtraBold.ttf in Resources */,
				CE29B7B077E84BE9AFFBE693 /* Inter_24pt-Bold.ttf in Resources */,
				D310D1CBDC8A405E883E371B /* Inter_18pt-Italic.ttf in Resources */,
				3F3B58A0C908474EA942F860 /* Inter_28pt-Black.ttf in Resources */,
				34F8F2550F1C43B0A6E22887 /* Inter_18pt-SemiBoldItalic.ttf in Resources */,
				6453D1A92B124E4FA2C12FBE /* Inter_24pt-BoldItalic.ttf in Resources */,
				62EC35AF0257497494C4C9E5 /* Inter_18pt-SemiBold.ttf in Resources */,
				401705656C0A4394A223D40D /* Inter_24pt-ThinItalic.ttf in Resources */,
				269AC99A81624F2BAD6D06DD /* Inter_18pt-Regular.ttf in Resources */,
				718723D63DE743188754343C /* Inter_24pt-ExtraLight.ttf in Resources */,
				E41031B4F5484B21B4DACCEB /* Inter_24pt-Italic.ttf in Resources */,
				6CDCE97EB2C14C23AC46E7ED /* Inter_24pt-LightItalic.ttf in Resources */,
			);
			runOnlyForDeploymentPostprocessing = 0;
		};
/* End PBXResourcesBuildPhase section */

/* Begin PBXShellScriptBuildPhase section */
		00DD1BFF1BD5951E006B06BC /* Bundle React Native code and images */ = {
			isa = PBXShellScriptBuildPhase;
			buildActionMask = 2147483647;
			files = (
			);
			inputPaths = (
				"$(SRCROOT)/.xcode.env.local",
				"$(SRCROOT)/.xcode.env",
			);
			name = "Bundle React Native code and images";
			outputPaths = (
			);
			runOnlyForDeploymentPostprocessing = 0;
			shellPath = /bin/sh;
			shellScript = "set -e\n\nWITH_ENVIRONMENT=\"$REACT_NATIVE_PATH/scripts/xcode/with-environment.sh\"\nSENTRY_XCODE=\"$REACT_NATIVE_PATH/../@sentry/react-native/scripts/sentry-xcode.sh\"\n\n/bin/sh -c \"$WITH_ENVIRONMENT $SENTRY_XCODE\"\n";
		};
		00EEFC60759A1932668264C0 /* [CP] Embed Pods Frameworks */ = {
			isa = PBXShellScriptBuildPhase;
			buildActionMask = 2147483647;
			files = (
			);
			inputFileListPaths = (
				"${PODS_ROOT}/Target Support Files/Pods-CosmicMarkcon/Pods-CosmicMarkcon-frameworks-${CONFIGURATION}-input-files.xcfilelist",
			);
			name = "[CP] Embed Pods Frameworks";
			outputFileListPaths = (
				"${PODS_ROOT}/Target Support Files/Pods-CosmicMarkcon/Pods-CosmicMarkcon-frameworks-${CONFIGURATION}-output-files.xcfilelist",
			);
			runOnlyForDeploymentPostprocessing = 0;
			shellPath = /bin/sh;
			shellScript = "\"${PODS_ROOT}/Target Support Files/Pods-CosmicMarkcon/Pods-CosmicMarkcon-frameworks.sh\"\n";
			showEnvVarsInLog = 0;
		};
		06F9FB83E3344AA8A8CAE6C9 /* Upload Debug Symbols to Sentry */ = {
			isa = PBXShellScriptBuildPhase;
			buildActionMask = 2147483647;
			files = (
			);
			inputPaths = (
			);
			name = "Upload Debug Symbols to Sentry";
			outputPaths = (
			);
			runOnlyForDeploymentPostprocessing = 0;
			shellPath = /bin/sh;
			shellScript = "/bin/sh ../node_modules/@sentry/react-native/scripts/sentry-xcode-debug-files.sh";
		};
		A7128E481EFDC1BD372DF268 /* [CP-User] [RNFB] Crashlytics Configuration */ = {
			isa = PBXShellScriptBuildPhase;
			buildActionMask = 2147483647;
			files = (
			);
			inputPaths = (
				"${DWARF_DSYM_FOLDER_PATH}/${DWARF_DSYM_FILE_NAME}/Contents/Resources/DWARF/${TARGET_NAME}",
				"$(BUILT_PRODUCTS_DIR)/$(INFOPLIST_PATH)",
			);
			name = "[CP-User] [RNFB] Crashlytics Configuration";
			runOnlyForDeploymentPostprocessing = 0;
			shellPath = /bin/sh;
			shellScript = "#!/usr/bin/env bash\n#\n# Copyright (c) 2016-present Invertase Limited & Contributors\n#\n# Licensed under the Apache License, Version 2.0 (the \"License\");\n# you may not use this library except in compliance with the License.\n# You may obtain a copy of the License at\n#\n#   http://www.apache.org/licenses/LICENSE-2.0\n#\n# Unless required by applicable law or agreed to in writing, software\n# distributed under the License is distributed on an \"AS IS\" BASIS,\n# WITHOUT WARRANTIES OR CONDITIONS OF ANY KIND, either express or implied.\n# See the License for the specific language governing permissions and\n# limitations under the License.\n#\nset -e\n\nif [[ ${PODS_ROOT} ]]; then\n  echo \"info: Exec FirebaseCrashlytics Run from Pods\"\n  \"${PODS_ROOT}/FirebaseCrashlytics/run\"\nelse\n  echo \"info: Exec FirebaseCrashlytics Run from framework\"\n  \"${PROJECT_DIR}/FirebaseCrashlytics.framework/run\"\nfi\n";
		};
		C38B50BA6285516D6DCD4F65 /* [CP] Check Pods Manifest.lock */ = {
			isa = PBXShellScriptBuildPhase;
			buildActionMask = 2147483647;
			files = (
			);
			inputFileListPaths = (
			);
			inputPaths = (
				"${PODS_PODFILE_DIR_PATH}/Podfile.lock",
				"${PODS_ROOT}/Manifest.lock",
			);
			name = "[CP] Check Pods Manifest.lock";
			outputFileListPaths = (
			);
			outputPaths = (
				"$(DERIVED_FILE_DIR)/Pods-CosmicMarkcon-checkManifestLockResult.txt",
			);
			runOnlyForDeploymentPostprocessing = 0;
			shellPath = /bin/sh;
			shellScript = "diff \"${PODS_PODFILE_DIR_PATH}/Podfile.lock\" \"${PODS_ROOT}/Manifest.lock\" > /dev/null\nif [ $? != 0 ] ; then\n    # print error to STDERR\n    echo \"error: The sandbox is not in sync with the Podfile.lock. Run 'pod install' or update your CocoaPods installation.\" >&2\n    exit 1\nfi\n# This output is used by Xcode 'outputs' to avoid re-running this script phase.\necho \"SUCCESS\" > \"${SCRIPT_OUTPUT_FILE_0}\"\n";
			showEnvVarsInLog = 0;
		};
		DD53D572395EF4A8D48DE401 /* [CP-User] [RNFB] Core Configuration */ = {
			isa = PBXShellScriptBuildPhase;
			buildActionMask = 2147483647;
			files = (
			);
			inputPaths = (
				"$(BUILT_PRODUCTS_DIR)/$(INFOPLIST_PATH)",
			);
			name = "[CP-User] [RNFB] Core Configuration";
			runOnlyForDeploymentPostprocessing = 0;
			shellPath = /bin/sh;
			shellScript = "#!/usr/bin/env bash\n#\n# Copyright (c) 2016-present Invertase Limited & Contributors\n#\n# Licensed under the Apache License, Version 2.0 (the \"License\");\n# you may not use this library except in compliance with the License.\n# You may obtain a copy of the License at\n#\n#   http://www.apache.org/licenses/LICENSE-2.0\n#\n# Unless required by applicable law or agreed to in writing, software\n# distributed under the License is distributed on an \"AS IS\" BASIS,\n# WITHOUT WARRANTIES OR CONDITIONS OF ANY KIND, either express or implied.\n# See the License for the specific language governing permissions and\n# limitations under the License.\n#\n\n##########################################################################\n##########################################################################\n#\n#  NOTE THAT IF YOU CHANGE THIS FILE YOU MUST RUN pod install AFTERWARDS\n#\n#  This file is installed as an Xcode build script in the project file\n#  by cocoapods, and you will not see your changes until you pod install\n#\n##########################################################################\n##########################################################################\n\nset -e\n\n_MAX_LOOKUPS=2;\n_SEARCH_RESULT=''\n_RN_ROOT_EXISTS=''\n_CURRENT_LOOKUPS=1\n_JSON_ROOT=\"'react-native'\"\n_JSON_FILE_NAME='firebase.json'\n_JSON_OUTPUT_BASE64='e30=' # { }\n_CURRENT_SEARCH_DIR=${PROJECT_DIR}\n_PLIST_BUDDY=/usr/libexec/PlistBuddy\n_TARGET_PLIST=\"${BUILT_PRODUCTS_DIR}/${INFOPLIST_PATH}\"\n_DSYM_PLIST=\"${DWARF_DSYM_FOLDER_PATH}/${DWARF_DSYM_FILE_NAME}/Contents/Info.plist\"\n\n# plist arrays\n_PLIST_ENTRY_KEYS=()\n_PLIST_ENTRY_TYPES=()\n_PLIST_ENTRY_VALUES=()\n\nfunction setPlistValue {\n  echo \"note:      setting plist entry '$1' of type '$2' in file '$4'\"\n  ${_PLIST_BUDDY} -c \"Add :$1 $2 '$3'\" $4 || echo \"note:      '$1' already exists\"\n}\n\nfunction getFirebaseJsonKeyValue () {\n  if [[ ${_RN_ROOT_EXISTS} ]]; then\n    ruby -Ku -e \"require 'rubygems';require 'json'; output=JSON.parse('$1'); puts output[$_JSON_ROOT]['$2']\"\n  else\n    echo \"\"\n  fi;\n}\n\nfunction jsonBoolToYesNo () {\n  if [[ $1 == \"false\" ]]; then\n    echo \"NO\"\n  elif [[ $1 == \"true\" ]]; then\n    echo \"YES\"\n  else echo \"NO\"\n  fi\n}\n\necho \"note: -> RNFB build script started\"\necho \"note: 1) Locating ${_JSON_FILE_NAME} file:\"\n\nif [[ -z ${_CURRENT_SEARCH_DIR} ]]; then\n  _CURRENT_SEARCH_DIR=$(pwd)\nfi;\n\nwhile true; do\n  _CURRENT_SEARCH_DIR=$(dirname \"$_CURRENT_SEARCH_DIR\")\n  if [[ \"$_CURRENT_SEARCH_DIR\" == \"/\" ]] || [[ ${_CURRENT_LOOKUPS} -gt ${_MAX_LOOKUPS} ]]; then break; fi;\n  echo \"note:      ($_CURRENT_LOOKUPS of $_MAX_LOOKUPS) Searching in '$_CURRENT_SEARCH_DIR' for a ${_JSON_FILE_NAME} file.\"\n  _SEARCH_RESULT=$(find \"$_CURRENT_SEARCH_DIR\" -maxdepth 2 -name ${_JSON_FILE_NAME} -print | /usr/bin/head -n 1)\n  if [[ ${_SEARCH_RESULT} ]]; then\n    echo \"note:      ${_JSON_FILE_NAME} found at $_SEARCH_RESULT\"\n    break;\n  fi;\n  _CURRENT_LOOKUPS=$((_CURRENT_LOOKUPS+1))\ndone\n\nif [[ ${_SEARCH_RESULT} ]]; then\n  _JSON_OUTPUT_RAW=$(cat \"${_SEARCH_RESULT}\")\n  if ! _RN_ROOT_EXISTS=$(ruby -Ku -e \"require 'json'; output=JSON.parse('$_JSON_OUTPUT_RAW'); puts output[$_JSON_ROOT]\"); then\n    echo \"error: Failed to parse firebase.json, check for syntax errors.\"\n    exit 1\n  fi\n\n  if [[ ${_RN_ROOT_EXISTS} ]]; then\n    if ! python3 --version >/dev/null 2>&1; then echo \"error: python3 not found, firebase.json file processing error.\" && exit 1; fi\n    _JSON_OUTPUT_BASE64=$(python3 -c 'import json,sys,base64;print(base64.b64encode(bytes(json.dumps(json.loads(open('\"'${_SEARCH_RESULT}'\"', '\"'rb'\"').read())['${_JSON_ROOT}']), '\"'utf-8'\"')).decode())' || echo \"e30=\")\n  fi\n\n  _PLIST_ENTRY_KEYS+=(\"firebase_json_raw\")\n  _PLIST_ENTRY_TYPES+=(\"string\")\n  _PLIST_ENTRY_VALUES+=(\"$_JSON_OUTPUT_BASE64\")\n\n  # config.app_data_collection_default_enabled\n  _APP_DATA_COLLECTION_ENABLED=$(getFirebaseJsonKeyValue \"$_JSON_OUTPUT_RAW\" \"app_data_collection_default_enabled\")\n  if [[ $_APP_DATA_COLLECTION_ENABLED ]]; then\n    _PLIST_ENTRY_KEYS+=(\"FirebaseDataCollectionDefaultEnabled\")\n    _PLIST_ENTRY_TYPES+=(\"bool\")\n    _PLIST_ENTRY_VALUES+=(\"$(jsonBoolToYesNo \"$_APP_DATA_COLLECTION_ENABLED\")\")\n  fi\n\n  # config.analytics_auto_collection_enabled\n  _ANALYTICS_AUTO_COLLECTION=$(getFirebaseJsonKeyValue \"$_JSON_OUTPUT_RAW\" \"analytics_auto_collection_enabled\")\n  if [[ $_ANALYTICS_AUTO_COLLECTION ]]; then\n    _PLIST_ENTRY_KEYS+=(\"FIREBASE_ANALYTICS_COLLECTION_ENABLED\")\n    _PLIST_ENTRY_TYPES+=(\"bool\")\n    _PLIST_ENTRY_VALUES+=(\"$(jsonBoolToYesNo \"$_ANALYTICS_AUTO_COLLECTION\")\")\n  fi\n\n  # config.analytics_collection_deactivated\n  _ANALYTICS_DEACTIVATED=$(getFirebaseJsonKeyValue \"$_JSON_OUTPUT_RAW\" \"analytics_collection_deactivated\")\n  if [[ $_ANALYTICS_DEACTIVATED ]]; then\n    _PLIST_ENTRY_KEYS+=(\"FIREBASE_ANALYTICS_COLLECTION_DEACTIVATED\")\n    _PLIST_ENTRY_TYPES+=(\"bool\")\n    _PLIST_ENTRY_VALUES+=(\"$(jsonBoolToYesNo \"$_ANALYTICS_DEACTIVATED\")\")\n  fi\n\n  # config.analytics_idfv_collection_enabled\n  _ANALYTICS_IDFV_COLLECTION=$(getFirebaseJsonKeyValue \"$_JSON_OUTPUT_RAW\" \"analytics_idfv_collection_enabled\")\n  if [[ $_ANALYTICS_IDFV_COLLECTION ]]; then\n    _PLIST_ENTRY_KEYS+=(\"GOOGLE_ANALYTICS_IDFV_COLLECTION_ENABLED\")\n    _PLIST_ENTRY_TYPES+=(\"bool\")\n    _PLIST_ENTRY_VALUES+=(\"$(jsonBoolToYesNo \"$_ANALYTICS_IDFV_COLLECTION\")\")\n  fi\n\n  # config.analytics_default_allow_analytics_storage\n  _ANALYTICS_STORAGE=$(getFirebaseJsonKeyValue \"$_JSON_OUTPUT_RAW\" \"analytics_default_allow_analytics_storage\")\n  if [[ $_ANALYTICS_STORAGE ]]; then\n    _PLIST_ENTRY_KEYS+=(\"GOOGLE_ANALYTICS_DEFAULT_ALLOW_ANALYTICS_STORAGE\")\n    _PLIST_ENTRY_TYPES+=(\"bool\")\n    _PLIST_ENTRY_VALUES+=(\"$(jsonBoolToYesNo \"$_ANALYTICS_STORAGE\")\")\n  fi\n\n  # config.analytics_default_allow_ad_storage\n  _ANALYTICS_AD_STORAGE=$(getFirebaseJsonKeyValue \"$_JSON_OUTPUT_RAW\" \"analytics_default_allow_ad_storage\")\n  if [[ $_ANALYTICS_AD_STORAGE ]]; then\n    _PLIST_ENTRY_KEYS+=(\"GOOGLE_ANALYTICS_DEFAULT_ALLOW_AD_STORAGE\")\n    _PLIST_ENTRY_TYPES+=(\"bool\")\n    _PLIST_ENTRY_VALUES+=(\"$(jsonBoolToYesNo \"$_ANALYTICS_AD_STORAGE\")\")\n  fi\n\n  # config.analytics_default_allow_ad_user_data\n  _ANALYTICS_AD_USER_DATA=$(getFirebaseJsonKeyValue \"$_JSON_OUTPUT_RAW\" \"analytics_default_allow_ad_user_data\")\n  if [[ $_ANALYTICS_AD_USER_DATA ]]; then\n    _PLIST_ENTRY_KEYS+=(\"GOOGLE_ANALYTICS_DEFAULT_ALLOW_AD_USER_DATA\")\n    _PLIST_ENTRY_TYPES+=(\"bool\")\n    _PLIST_ENTRY_VALUES+=(\"$(jsonBoolToYesNo \"$_ANALYTICS_AD_USER_DATA\")\")\n  fi\n\n  # config.analytics_default_allow_ad_personalization_signals\n  _ANALYTICS_PERSONALIZATION=$(getFirebaseJsonKeyValue \"$_JSON_OUTPUT_RAW\" \"analytics_default_allow_ad_personalization_signals\")\n  if [[ $_ANALYTICS_PERSONALIZATION ]]; then\n    _PLIST_ENTRY_KEYS+=(\"GOOGLE_ANALYTICS_DEFAULT_ALLOW_AD_PERSONALIZATION_SIGNALS\")\n    _PLIST_ENTRY_TYPES+=(\"bool\")\n    _PLIST_ENTRY_VALUES+=(\"$(jsonBoolToYesNo \"$_ANALYTICS_PERSONALIZATION\")\")\n  fi\n\n  # config.analytics_registration_with_ad_network_enabled\n  _ANALYTICS_REGISTRATION_WITH_AD_NETWORK=$(getFirebaseJsonKeyValue \"$_JSON_OUTPUT_RAW\" \"google_analytics_registration_with_ad_network_enabled\")\n  if [[ $_ANALYTICS_REGISTRATION_WITH_AD_NETWORK ]]; then\n    _PLIST_ENTRY_KEYS+=(\"GOOGLE_ANALYTICS_REGISTRATION_WITH_AD_NETWORK_ENABLED\")\n    _PLIST_ENTRY_TYPES+=(\"bool\")\n    _PLIST_ENTRY_VALUES+=(\"$(jsonBoolToYesNo \"$_ANALYTICS_REGISTRATION_WITH_AD_NETWORK\")\")\n  fi\n\n  # config.google_analytics_automatic_screen_reporting_enabled\n  _ANALYTICS_AUTO_SCREEN_REPORTING=$(getFirebaseJsonKeyValue \"$_JSON_OUTPUT_RAW\" \"google_analytics_automatic_screen_reporting_enabled\")\n  if [[ $_ANALYTICS_AUTO_SCREEN_REPORTING ]]; then\n    _PLIST_ENTRY_KEYS+=(\"FirebaseAutomaticScreenReportingEnabled\")\n    _PLIST_ENTRY_TYPES+=(\"bool\")\n    _PLIST_ENTRY_VALUES+=(\"$(jsonBoolToYesNo \"$_ANALYTICS_AUTO_SCREEN_REPORTING\")\")\n  fi\n\n  # config.perf_auto_collection_enabled\n  _PERF_AUTO_COLLECTION=$(getFirebaseJsonKeyValue \"$_JSON_OUTPUT_RAW\" \"perf_auto_collection_enabled\")\n  if [[ $_PERF_AUTO_COLLECTION ]]; then\n    _PLIST_ENTRY_KEYS+=(\"firebase_performance_collection_enabled\")\n    _PLIST_ENTRY_TYPES+=(\"bool\")\n    _PLIST_ENTRY_VALUES+=(\"$(jsonBoolToYesNo \"$_PERF_AUTO_COLLECTION\")\")\n  fi\n\n  # config.perf_collection_deactivated\n  _PERF_DEACTIVATED=$(getFirebaseJsonKeyValue \"$_JSON_OUTPUT_RAW\" \"perf_collection_deactivated\")\n  if [[ $_PERF_DEACTIVATED ]]; then\n    _PLIST_ENTRY_KEYS+=(\"firebase_performance_collection_deactivated\")\n    _PLIST_ENTRY_TYPES+=(\"bool\")\n    _PLIST_ENTRY_VALUES+=(\"$(jsonBoolToYesNo \"$_PERF_DEACTIVATED\")\")\n  fi\n\n  # config.messaging_auto_init_enabled\n  _MESSAGING_AUTO_INIT=$(getFirebaseJsonKeyValue \"$_JSON_OUTPUT_RAW\" \"messaging_auto_init_enabled\")\n  if [[ $_MESSAGING_AUTO_INIT ]]; then\n    _PLIST_ENTRY_KEYS+=(\"FirebaseMessagingAutoInitEnabled\")\n    _PLIST_ENTRY_TYPES+=(\"bool\")\n    _PLIST_ENTRY_VALUES+=(\"$(jsonBoolToYesNo \"$_MESSAGING_AUTO_INIT\")\")\n  fi\n\n  # config.in_app_messaging_auto_colllection_enabled\n  _FIAM_AUTO_INIT=$(getFirebaseJsonKeyValue \"$_JSON_OUTPUT_RAW\" \"in_app_messaging_auto_collection_enabled\")\n  if [[ $_FIAM_AUTO_INIT ]]; then\n    _PLIST_ENTRY_KEYS+=(\"FirebaseInAppMessagingAutomaticDataCollectionEnabled\")\n    _PLIST_ENTRY_TYPES+=(\"bool\")\n    _PLIST_ENTRY_VALUES+=(\"$(jsonBoolToYesNo \"$_FIAM_AUTO_INIT\")\")\n  fi\n\n  # config.app_check_token_auto_refresh\n  _APP_CHECK_TOKEN_AUTO_REFRESH=$(getFirebaseJsonKeyValue \"$_JSON_OUTPUT_RAW\" \"app_check_token_auto_refresh\")\n  if [[ $_APP_CHECK_TOKEN_AUTO_REFRESH ]]; then\n    _PLIST_ENTRY_KEYS+=(\"FirebaseAppCheckTokenAutoRefreshEnabled\")\n    _PLIST_ENTRY_TYPES+=(\"bool\")\n    _PLIST_ENTRY_VALUES+=(\"$(jsonBoolToYesNo \"$_APP_CHECK_TOKEN_AUTO_REFRESH\")\")\n  fi\n\n  # config.crashlytics_disable_auto_disabler - undocumented for now - mainly for debugging, document if becomes useful\n  _CRASHLYTICS_AUTO_DISABLE_ENABLED=$(getFirebaseJsonKeyValue \"$_JSON_OUTPUT_RAW\" \"crashlytics_disable_auto_disabler\")\n  if [[ $_CRASHLYTICS_AUTO_DISABLE_ENABLED == \"true\" ]]; then\n    echo \"Disabled Crashlytics auto disabler.\" # do nothing\n  else\n    _PLIST_ENTRY_KEYS+=(\"FirebaseCrashlyticsCollectionEnabled\")\n    _PLIST_ENTRY_TYPES+=(\"bool\")\n    _PLIST_ENTRY_VALUES+=(\"NO\")\n  fi\nelse\n  _PLIST_ENTRY_KEYS+=(\"firebase_json_raw\")\n  _PLIST_ENTRY_TYPES+=(\"string\")\n  _PLIST_ENTRY_VALUES+=(\"$_JSON_OUTPUT_BASE64\")\n  echo \"warning:   A firebase.json file was not found, whilst this file is optional it is recommended to include it to configure firebase services in React Native Firebase.\"\nfi;\n\necho \"note: 2) Injecting Info.plist entries: \"\n\n# Log out the keys we're adding\nfor i in \"${!_PLIST_ENTRY_KEYS[@]}\"; do\n  echo \"    ->  $i) ${_PLIST_ENTRY_KEYS[$i]}\" \"${_PLIST_ENTRY_TYPES[$i]}\" \"${_PLIST_ENTRY_VALUES[$i]}\"\ndone\n\nfor plist in \"${_TARGET_PLIST}\" \"${_DSYM_PLIST}\" ; do\n  if [[ -f \"${plist}\" ]]; then\n\n    # paths with spaces break the call to setPlistValue. temporarily modify\n    # the shell internal field separator variable (IFS), which normally\n    # includes spaces, to consist only of line breaks\n    oldifs=$IFS\n    IFS=\"\n\"\n\n    for i in \"${!_PLIST_ENTRY_KEYS[@]}\"; do\n      setPlistValue \"${_PLIST_ENTRY_KEYS[$i]}\" \"${_PLIST_ENTRY_TYPES[$i]}\" \"${_PLIST_ENTRY_VALUES[$i]}\" \"${plist}\"\n    done\n\n    # restore the original internal field separator value\n    IFS=$oldifs\n  else\n    echo \"warning:   A Info.plist build output file was not found (${plist})\"\n  fi\ndone\n\necho \"note: <- RNFB build script finished\"\n";
		};
		E235C05ADACE081382539298 /* [CP] Copy Pods Resources */ = {
			isa = PBXShellScriptBuildPhase;
			buildActionMask = 2147483647;
			files = (
			);
			inputFileListPaths = (
				"${PODS_ROOT}/Target Support Files/Pods-CosmicMarkcon/Pods-CosmicMarkcon-resources-${CONFIGURATION}-input-files.xcfilelist",
			);
			name = "[CP] Copy Pods Resources";
			outputFileListPaths = (
				"${PODS_ROOT}/Target Support Files/Pods-CosmicMarkcon/Pods-CosmicMarkcon-resources-${CONFIGURATION}-output-files.xcfilelist",
			);
			runOnlyForDeploymentPostprocessing = 0;
			shellPath = /bin/sh;
			shellScript = "\"${PODS_ROOT}/Target Support Files/Pods-CosmicMarkcon/Pods-CosmicMarkcon-resources.sh\"\n";
			showEnvVarsInLog = 0;
		};
/* End PBXShellScriptBuildPhase section */

/* Begin PBXSourcesBuildPhase section */
		13B07F871A680F5B00A75B9A /* Sources */ = {
			isa = PBXSourcesBuildPhase;
			buildActionMask = 2147483647;
			files = (
				761780ED2CA45674006654EE /* AppDelegate.swift in Sources */,
			);
			runOnlyForDeploymentPostprocessing = 0;
		};
/* End PBXSourcesBuildPhase section */

/* Begin XCBuildConfiguration section */
		13B07F941A680F5B00A75B9A /* Debug */ = {
			isa = XCBuildConfiguration;
			baseConfigurationReference = 3B4392A12AC88292D35C810B /* Pods-CosmicMarkcon.debug.xcconfig */;
			buildSettings = {
				ASSETCATALOG_COMPILER_APPICON_NAME = AppIcon;
				CLANG_ENABLE_MODULES = YES;
				CODE_SIGN_ALLOW_ENTITLEMENTS_MODIFICATION = YES;
				CODE_SIGN_ENTITLEMENTS = CosmicMarkcon/CosmicMarkcon.entitlements;
				CURRENT_PROJECT_VERSION = 5;
				DEVELOPMENT_TEAM = T2RW4YJTUF;
				ENABLE_BITCODE = NO;
				INFOPLIST_FILE = CosmicMarkcon/Info.plist;
				IPHONEOS_DEPLOYMENT_TARGET = 15.1;
				LD_RUNPATH_SEARCH_PATHS = (
					"$(inherited)",
					"@executable_path/Frameworks",
				);
				MARKETING_VERSION = 1.0.0;
				OTHER_LDFLAGS = (
					"$(inherited)",
					"-ObjC",
					"-lc++",
				);
				PRODUCT_BUNDLE_IDENTIFIER = com.cosmic.markcon;
				PRODUCT_NAME = CosmicMarkcon;
				SUPPORTED_PLATFORMS = "iphoneos iphonesimulator";
				SUPPORTS_MACCATALYST = NO;
				SWIFT_OPTIMIZATION_LEVEL = "-Onone";
				SWIFT_VERSION = 5.0;
				TARGETED_DEVICE_FAMILY = "1,2";
				VERSIONING_SYSTEM = "apple-generic";
			};
			name = Debug;
		};
		13B07F951A680F5B00A75B9A /* Release */ = {
			isa = XCBuildConfiguration;
			baseConfigurationReference = 5709B34CF0A7D63546082F79 /* Pods-CosmicMarkcon.release.xcconfig */;
			buildSettings = {
				ASSETCATALOG_COMPILER_APPICON_NAME = AppIcon;
				CLANG_ENABLE_MODULES = YES;
				CODE_SIGN_ALLOW_ENTITLEMENTS_MODIFICATION = YES;
				CODE_SIGN_ENTITLEMENTS = CosmicMarkcon/CosmicMarkcon.entitlements;
				CURRENT_PROJECT_VERSION = 5;
				DEVELOPMENT_TEAM = T2RW4YJTUF;
				INFOPLIST_FILE = CosmicMarkcon/Info.plist;
				IPHONEOS_DEPLOYMENT_TARGET = 15.1;
				LD_RUNPATH_SEARCH_PATHS = (
					"$(inherited)",
					"@executable_path/Frameworks",
				);
				MARKETING_VERSION = 1.0.0;
				OTHER_LDFLAGS = (
					"$(inherited)",
					"-ObjC",
					"-lc++",
				);
				PRODUCT_BUNDLE_IDENTIFIER = com.cosmic.markcon;
				PRODUCT_NAME = CosmicMarkcon;
				SUPPORTED_PLATFORMS = "iphoneos iphonesimulator";
				SUPPORTS_MACCATALYST = NO;
				SWIFT_VERSION = 5.0;
				TARGETED_DEVICE_FAMILY = "1,2";
				VERSIONING_SYSTEM = "apple-generic";
			};
			name = Release;
		};
		83CBBA201A601CBA00E9B192 /* Debug */ = {
			isa = XCBuildConfiguration;
			buildSettings = {
				ALWAYS_SEARCH_USER_PATHS = NO;
				CLANG_ANALYZER_LOCALIZABILITY_NONLOCALIZED = YES;
				CLANG_CXX_LANGUAGE_STANDARD = "c++20";
				CLANG_CXX_LIBRARY = "libc++";
				CLANG_ENABLE_MODULES = YES;
				CLANG_ENABLE_OBJC_ARC = YES;
				CLANG_WARN_BLOCK_CAPTURE_AUTORELEASING = YES;
				CLANG_WARN_BOOL_CONVERSION = YES;
				CLANG_WARN_COMMA = YES;
				CLANG_WARN_CONSTANT_CONVERSION = YES;
				CLANG_WARN_DEPRECATED_OBJC_IMPLEMENTATIONS = YES;
				CLANG_WARN_DIRECT_OBJC_ISA_USAGE = YES_ERROR;
				CLANG_WARN_EMPTY_BODY = YES;
				CLANG_WARN_ENUM_CONVERSION = YES;
				CLANG_WARN_INFINITE_RECURSION = YES;
				CLANG_WARN_INT_CONVERSION = YES;
				CLANG_WARN_NON_LITERAL_NULL_CONVERSION = YES;
				CLANG_WARN_OBJC_IMPLICIT_RETAIN_SELF = YES;
				CLANG_WARN_OBJC_LITERAL_CONVERSION = YES;
				CLANG_WARN_OBJC_ROOT_CLASS = YES_ERROR;
				CLANG_WARN_QUOTED_INCLUDE_IN_FRAMEWORK_HEADER = YES;
				CLANG_WARN_RANGE_LOOP_ANALYSIS = YES;
				CLANG_WARN_STRICT_PROTOTYPES = YES;
				CLANG_WARN_SUSPICIOUS_MOVE = YES;
				CLANG_WARN_UNREACHABLE_CODE = YES;
				CLANG_WARN__DUPLICATE_METHOD_MATCH = YES;
				"CODE_SIGN_IDENTITY[sdk=iphoneos*]" = "iPhone Developer";
				COPY_PHASE_STRIP = NO;
				ENABLE_STRICT_OBJC_MSGSEND = YES;
				ENABLE_TESTABILITY = YES;
				"EXCLUDED_ARCHS[sdk=iphonesimulator*]" = "";
				GCC_C_LANGUAGE_STANDARD = gnu99;
				GCC_DYNAMIC_NO_PIC = NO;
				GCC_NO_COMMON_BLOCKS = YES;
				GCC_OPTIMIZATION_LEVEL = 0;
				GCC_PREPROCESSOR_DEFINITIONS = (
					"DEBUG=1",
					"$(inherited)",
				);
				GCC_SYMBOLS_PRIVATE_EXTERN = NO;
				GCC_WARN_64_TO_32_BIT_CONVERSION = YES;
				GCC_WARN_ABOUT_RETURN_TYPE = YES_ERROR;
				GCC_WARN_UNDECLARED_SELECTOR = YES;
				GCC_WARN_UNINITIALIZED_AUTOS = YES_AGGRESSIVE;
				GCC_WARN_UNUSED_FUNCTION = YES;
				GCC_WARN_UNUSED_VARIABLE = YES;
				HEADER_SEARCH_PATHS = (
					"$(inherited)",
					"${PODS_CONFIGURATION_BUILD_DIR}/ReactCommon/ReactCommon.framework/Headers",
					"${PODS_CONFIGURATION_BUILD_DIR}/ReactCommon/ReactCommon.framework/Headers/react/nativemodule/core",
					"${PODS_CONFIGURATION_BUILD_DIR}/React-runtimeexecutor/React_runtimeexecutor.framework/Headers",
					"${PODS_CONFIGURATION_BUILD_DIR}/React-runtimeexecutor/React_runtimeexecutor.framework/Headers/platform/ios",
					"${PODS_CONFIGURATION_BUILD_DIR}/ReactCommon-Samples/ReactCommon_Samples.framework/Headers",
					"${PODS_CONFIGURATION_BUILD_DIR}/ReactCommon-Samples/ReactCommon_Samples.framework/Headers/platform/ios",
					"${PODS_CONFIGURATION_BUILD_DIR}/React-Fabric/React_Fabric.framework/Headers/react/renderer/components/view/platform/cxx",
					"${PODS_CONFIGURATION_BUILD_DIR}/React-NativeModulesApple/React_NativeModulesApple.framework/Headers",
					"${PODS_CONFIGURATION_BUILD_DIR}/React-graphics/React_graphics.framework/Headers",
					"${PODS_CONFIGURATION_BUILD_DIR}/React-graphics/React_graphics.framework/Headers/react/renderer/graphics/platform/ios",
				);
				IPHONEOS_DEPLOYMENT_TARGET = 15.1;
				LD_RUNPATH_SEARCH_PATHS = (
					/usr/lib/swift,
					"$(inherited)",
				);
				LIBRARY_SEARCH_PATHS = (
					"\"$(SDKROOT)/usr/lib/swift\"",
					"\"$(TOOLCHAIN_DIR)/usr/lib/swift/$(PLATFORM_NAME)\"",
					"\"$(inherited)\"",
				);
				MTL_ENABLE_DEBUG_INFO = YES;
				ONLY_ACTIVE_ARCH = YES;
				OTHER_CPLUSPLUSFLAGS = (
					"$(OTHER_CFLAGS)",
					"-DFOLLY_NO_CONFIG",
					"-DFOLLY_MOBILE=1",
					"-DFOLLY_USE_LIBCPP=1",
					"-DFOLLY_CFG_NO_COROUTINES=1",
					"-DFOLLY_HAVE_CLOCK_GETTIME=1",
				);
				REACT_NATIVE_PATH = "${PODS_ROOT}/../../node_modules/react-native";
				SDKROOT = iphoneos;
				SWIFT_ACTIVE_COMPILATION_CONDITIONS = "$(inherited) DEBUG";
				USE_HERMES = true;
			};
			name = Debug;
		};
		83CBBA211A601CBA00E9B192 /* Release */ = {
			isa = XCBuildConfiguration;
			buildSettings = {
				ALWAYS_SEARCH_USER_PATHS = NO;
				CLANG_ANALYZER_LOCALIZABILITY_NONLOCALIZED = YES;
				CLANG_CXX_LANGUAGE_STANDARD = "c++20";
				CLANG_CXX_LIBRARY = "libc++";
				CLANG_ENABLE_MODULES = YES;
				CLANG_ENABLE_OBJC_ARC = YES;
				CLANG_WARN_BLOCK_CAPTURE_AUTORELEASING = YES;
				CLANG_WARN_BOOL_CONVERSION = YES;
				CLANG_WARN_COMMA = YES;
				CLANG_WARN_CONSTANT_CONVERSION = YES;
				CLANG_WARN_DEPRECATED_OBJC_IMPLEMENTATIONS = YES;
				CLANG_WARN_DIRECT_OBJC_ISA_USAGE = YES_ERROR;
				CLANG_WARN_EMPTY_BODY = YES;
				CLANG_WARN_ENUM_CONVERSION = YES;
				CLANG_WARN_INFINITE_RECURSION = YES;
				CLANG_WARN_INT_CONVERSION = YES;
				CLANG_WARN_NON_LITERAL_NULL_CONVERSION = YES;
				CLANG_WARN_OBJC_IMPLICIT_RETAIN_SELF = YES;
				CLANG_WARN_OBJC_LITERAL_CONVERSION = YES;
				CLANG_WARN_OBJC_ROOT_CLASS = YES_ERROR;
				CLANG_WARN_QUOTED_INCLUDE_IN_FRAMEWORK_HEADER = YES;
				CLANG_WARN_RANGE_LOOP_ANALYSIS = YES;
				CLANG_WARN_STRICT_PROTOTYPES = YES;
				CLANG_WARN_SUSPICIOUS_MOVE = YES;
				CLANG_WARN_UNREACHABLE_CODE = YES;
				CLANG_WARN__DUPLICATE_METHOD_MATCH = YES;
				"CODE_SIGN_IDENTITY[sdk=iphoneos*]" = "iPhone Developer";
				COPY_PHASE_STRIP = YES;
				ENABLE_NS_ASSERTIONS = NO;
				ENABLE_STRICT_OBJC_MSGSEND = YES;
				"EXCLUDED_ARCHS[sdk=iphonesimulator*]" = "";
				GCC_C_LANGUAGE_STANDARD = gnu99;
				GCC_NO_COMMON_BLOCKS = YES;
				GCC_WARN_64_TO_32_BIT_CONVERSION = YES;
				GCC_WARN_ABOUT_RETURN_TYPE = YES_ERROR;
				GCC_WARN_UNDECLARED_SELECTOR = YES;
				GCC_WARN_UNINITIALIZED_AUTOS = YES_AGGRESSIVE;
				GCC_WARN_UNUSED_FUNCTION = YES;
				GCC_WARN_UNUSED_VARIABLE = YES;
				HEADER_SEARCH_PATHS = (
					"$(inherited)",
					"${PODS_CONFIGURATION_BUILD_DIR}/ReactCommon/ReactCommon.framework/Headers",
					"${PODS_CONFIGURATION_BUILD_DIR}/ReactCommon/ReactCommon.framework/Headers/react/nativemodule/core",
					"${PODS_CONFIGURATION_BUILD_DIR}/React-runtimeexecutor/React_runtimeexecutor.framework/Headers",
					"${PODS_CONFIGURATION_BUILD_DIR}/React-runtimeexecutor/React_runtimeexecutor.framework/Headers/platform/ios",
					"${PODS_CONFIGURATION_BUILD_DIR}/ReactCommon-Samples/ReactCommon_Samples.framework/Headers",
					"${PODS_CONFIGURATION_BUILD_DIR}/ReactCommon-Samples/ReactCommon_Samples.framework/Headers/platform/ios",
					"${PODS_CONFIGURATION_BUILD_DIR}/React-Fabric/React_Fabric.framework/Headers/react/renderer/components/view/platform/cxx",
					"${PODS_CONFIGURATION_BUILD_DIR}/React-NativeModulesApple/React_NativeModulesApple.framework/Headers",
					"${PODS_CONFIGURATION_BUILD_DIR}/React-graphics/React_graphics.framework/Headers",
					"${PODS_CONFIGURATION_BUILD_DIR}/React-graphics/React_graphics.framework/Headers/react/renderer/graphics/platform/ios",
				);
				IPHONEOS_DEPLOYMENT_TARGET = 15.1;
				LD_RUNPATH_SEARCH_PATHS = (
					/usr/lib/swift,
					"$(inherited)",
				);
				LIBRARY_SEARCH_PATHS = (
					"\"$(SDKROOT)/usr/lib/swift\"",
					"\"$(TOOLCHAIN_DIR)/usr/lib/swift/$(PLATFORM_NAME)\"",
					"\"$(inherited)\"",
				);
				MTL_ENABLE_DEBUG_INFO = NO;
				OTHER_CPLUSPLUSFLAGS = (
					"$(OTHER_CFLAGS)",
					"-DFOLLY_NO_CONFIG",
					"-DFOLLY_MOBILE=1",
					"-DFOLLY_USE_LIBCPP=1",
					"-DFOLLY_CFG_NO_COROUTINES=1",
					"-DFOLLY_HAVE_CLOCK_GETTIME=1",
				);
				REACT_NATIVE_PATH = "${PODS_ROOT}/../../node_modules/react-native";
				SDKROOT = iphoneos;
				USE_HERMES = true;
				VALIDATE_PRODUCT = YES;
			};
			name = Release;
		};
/* End XCBuildConfiguration section */

/* Begin XCConfigurationList section */
		13B07F931A680F5B00A75B9A /* Build configuration list for PBXNativeTarget "CosmicMarkcon" */ = {
			isa = XCConfigurationList;
			buildConfigurations = (
				13B07F941A680F5B00A75B9A /* Debug */,
				13B07F951A680F5B00A75B9A /* Release */,
			);
			defaultConfigurationIsVisible = 0;
			defaultConfigurationName = Release;
		};
		83CBB9FA1A601CBA00E9B192 /* Build configuration list for PBXProject "CosmicMarkcon" */ = {
			isa = XCConfigurationList;
			buildConfigurations = (
				83CBBA201A601CBA00E9B192 /* Debug */,
				83CBBA211A601CBA00E9B192 /* Release */,
			);
			defaultConfigurationIsVisible = 0;
			defaultConfigurationName = Release;
		};
/* End XCConfigurationList section */
	};
	rootObject = 83CBB9F71A601CBA00E9B192 /* Project object */;
}
